{"appearance_hash":"c0e82ea87dbfd2594d4e63af4a3b62ca8f8d143a4c3e5657ff63f5a5e6ae6cf3","content_hash":"8faba8288a2b5bf220a9d610916d30628671488d5a009993d0ee717f69d699d8","engine_commit_sha":"UNKNOWN","engine_version":"0.1.0","geometry":{"pages":[{"height":842000,"index":0,"root":{"children":[{"children":[{"children":[{"children":[],"glyphs":[{"cluster":0,"glyph_id":38,"x_advance":7476,"x_offset":0,"y_advance":0,"y_offset":0},{"cluster":1,"glyph_id":83,"x_advance":6843,"x_offset":7476,"y_advance":0,"y_offset":0},{"cluster":2,"glyph_id":89,"x_advance":6615,"x_offset":14319,"y_advance":0,"y_offset":0},{"cluster":3,"glyph_id":82,"x_advance":6626,"x_offset":20934,"y_advance":0,"y_offset":0},{"cluster":4,"glyph_id":72,"x_advance":6767,"x_offset":27560,"y_advance":0,"y_offset":0},{"cluster":5,"glyph_id":73,"x_advance":6363,"x_offset":34327,"y_advance":0,"y_offset":0},{"cluster":6,"glyph_id":72,"x_advance":6767,"x_offset":40690,"y_advance":0,"y_offset":0},{"cluster":7,"glyph_id":4,"x_advance":2976,"x_offset":47457,"y_advance":0,"y_offset":0},{"cluster":8,"glyph_id":71,"x_advance":6281,"x_offset":50433,"y_advance":0,"y_offset":0},{"cluster":9,"glyph_id":83,"x_advance":6843,"x_offset":56714,"y_advance":0,"y_offset":0},{"cluster":10,"glyph_id":82,"x_advance":6626,"x_offset":63557,"y_advance":0,"y_offset":0},{"cluster":11,"glyph_id":88,"x_advance":3925,"x_offset":70183,"y_advance":0,"y_offset":0},{"cluster":12,"glyph_id":69,"x_advance":6527,"x_offset":74108,"y_advance":0,"y_offset":0},{"cluster":13,"glyph_id":77,"x_advance":2917,"x_offset":80635,"y_advance":0,"y_offset":0},{"cluster":14,"glyph_id":82,"x_advance":6626,"x_offset":83552,"y_advance":0,"y_offset":0},{"cluster":15,"glyph_id":73,"x_advance":6363,"x_offset":90178,"y_advance":0,"y_offset":0},{"cluster":16,"glyph_id":86,"x_advance":4066,"x_offset":96541,"y_advance":0,"y_offset":0},{"cluster":17,"glyph_id":4,"x_advance":2976,"x_offset":100607,"y_advance":0,"y_offset":0},{"cluster":18,"glyph_id":12,"x_advance":4107,"x_offset":103583,"y_advance":0,"y_offset":0},{"cluster":19,"glyph_id":21,"x_advance":6744,"x_offset":107690,"y_advance":0,"y_offset":0},{"cluster":20,"glyph_id":25,"x_advance":6744,"x_offset":114434,"y_advance":0,"y_offset":0},{"cluster":21,"glyph_id":20,"x_advance":6744,"x_offset":121178,"y_advance":0,"y_offset":0},{"cluster":22,"glyph_id":84,"x_advance":6738,"x_offset":127922,"y_advance":0,"y_offset":0},{"cluster":23,"glyph_id":88,"x_advance":3925,"x_offset":134660,"y_advance":0,"y_offset":0},{"cluster":24,"glyph_id":4,"x_advance":2976,"x_offset":138585,"y_advance":0,"y_offset":0},{"cluster":25,"glyph_id":76,"x_advance":6609,"x_offset":141561,"y_advance":0,"y_offset":0},{"cluster":26,"glyph_id":73,"x_advance":6363,"x_offset":148170,"y_advance":0,"y_offset":0},{"cluster":27,"glyph_id":77,"x_advance":2917,"x_offset":154533,"y_advance":0,"y_offset":0},{"cluster":28,"glyph_id":75,"x_advance":6738,"x_offset":157450,"y_advance":0,"y_offset":0},{"cluster":29,"glyph_id":76,"x_advance":6609,"x_offset":164188,"y_advance":0,"y_offset":0},{"cluster":30,"glyph_id":88,"x_advance":3925,"x_offset":170797,"y_advance":0,"y_offset":0},{"cluster":31,"glyph_id":13,"x_advance":4177,"x_offset":174722,"y_advance":0,"y_offset":0},{"cluster":32,"glyph_id":4,"x_advance":2976,"x_offset":178899,"y_advance":0,"y_offset":0},{"cluster":33,"glyph_id":91,"x_advance":9017,"x_offset":181875,"y_advance":0,"y_offset":0},{"cluster":34,"glyph_id":77,"x_advance":2917,"x_offset":190892,"y_advance":0,"y_offset":0},{"cluster":35,"glyph_id":88,"x_advance":3925,"x_offset":193809,"y_advance":0,"y_offset":0},{"cluster":36,"glyph_id":76,"x_advance":6609,"x_offset":197734,"y_advance":0,"y_offset":0},{"cluster":37,"glyph_id":4,"x_advance":2976,"x_offset":204343,"y_advance":0,"y_offset":0},{"cluster":38,"glyph_id":88,"x_advance":3925,"x_offset":207319,"y_advance":0,"y_offset":0},{"cluster":39,"glyph_id":69,"x_advance":6527,"x_offset":211244,"y_advance":0,"y_offset":0},{"cluster":40,"glyph_id":80,"x_advance":2917,"x_offset":217771,"y_advance":0,"y_offset":0},{"cluster":41,"glyph_id":80,"x_advance":2917,"x_offset":220688,"y_advance":0,"y_offset":0},{"cluster":42,"glyph_id":4,"x_advance":2976,"x_offset":223605,"y_advance":0,"y_offset":0},{"cluster":43,"glyph_id":77,"x_advance":2917,"x_offset":226581,"y_advance":0,"y_offset":0},{"cluster":44,"glyph_id":81,"x_advance":10523,"x_offset":229498,"y_advance":0,"y_offset":0},{"cluster":45,"glyph_id":69,"x_advance":6527,"x_offset":240021,"y_advance":0,"y_offset":0},{"cluster":46,"glyph_id":75,"x_advance":6738,"x_offset":246548,"y_advance":0,"y_offset":0},{"cluster":47,"glyph_id":73,"x_advance":6363,"x_offset":253286,"y_advance":0,"y_offset":0},{"cluster":48,"glyph_id":4,"x_advance":2976,"x_offset":259649,"y_advance":0,"y_offset":0},{"cluster":49,"glyph_id":12,"x_advance":4107,"x_offset":262625,"y_advance":0,"y_offset":0},{"cluster":50,"glyph_id":22,"x_advance":6744,"x_offset":266732,"y_advance":0,"y_offset":0},{"cluster":51,"glyph_id":20,"x_advance":6744,"x_offset":273476,"y_advance":0,"y_offset":0},{"cluster":52,"glyph_id":20,"x_advance":6744,"x_offset":280220,"y_advance":0,"y_offset":0},{"cluster":53,"glyph_id":84,"x_advance":6738,"x_offset":286964,"y_advance":0,"y_offset":0},{"cluster":54,"glyph_id":88,"x_advance":3925,"x_offset":293702,"y_advance":0,"y_offset":0},{"cluster":55,"glyph_id":4,"x_advance":2976,"x_offset":297627,"y_advance":0,"y_offset":0},{"cluster":56,"glyph_id":92,"x_advance":5953,"x_offset":300603,"y_advance":0,"y_offset":0},{"cluster":57,"glyph_id":4,"x_advance":2976,"x_offset":306556,"y_advance":0,"y_offset":0},{"cluster":58,"glyph_id":23,"x_advance":6744,"x_offset":309532,"y_advance":0,"y_offset":0},{"cluster":59,"glyph_id":20,"x_advance":6744,"x_offset":316276,"y_advance":0,"y_offset":0},{"cluster":60,"glyph_id":20,"x_advance":6744,"x_offset":323020,"y_advance":0,"y_offset":0},{"cluster":61,"glyph_id":84,"x_advance":6738,"x_offset":329764,"y_advance":0,"y_offset":0},{"cluster":62,"glyph_id":88,"x_advance":3925,"x_offset":336502,"y_advance":0,"y_offset":0},{"cluster":63,"glyph_id":13,"x_advance":4177,"x_offset":340427,"y_advance":0,"y_offset":0},{"cluster":64,"glyph_id":18,"x_advance":3164,"x_offset":344604,"y_advance":0,"y_offset":0}],"height":14400,"id":"label1","text_runs":[{"glyph_range":[0,65],"style":{"bold":false,"color":"#000000","font_family":"default","font_size":12000,"italic":false,"strikethrough":false,"underline":false}}],"width":400000,"x":72000,"y":72000},{"children":[],"glyphs":[{"cluster":0,"glyph_id":41,"x_advance":6820,"x_offset":0,"y_advance":0,"y_offset":0},{"cluster":1,"glyph_id":92,"x_advance":5953,"x_offset":6820,"y_advance":0,"y_offset":0},{"cluster":2,"glyph_id":84,"x_advance":6738,"x_offset":12773,"y_advance":0,"y_offset":0},{"cluster":3,"glyph_id":73,"x_advance":6363,"x_offset":19511,"y_advance":0,"y_offset":0},{"cluster":4,"glyph_id":71,"x_advance":6281,"x_offset":25874,"y_advance":0,"y_offset":0},{"cluster":5,"glyph_id":88,"x_advance":3925,"x_offset":32155,"y_advance":0,"y_offset":0},{"cluster":6,"glyph_id":73,"x_advance":6363,"x_offset":36080,"y_advance":0,"y_offset":0},{"cluster":7,"glyph_id":72,"x_advance":6767,"x_offset":42443,"y_advance":0,"y_offset":0},{"cluster":8,"glyph_id":30,"x_advance":2906,"x_offset":49210,"y_advance":0,"y_offset":0},{"cluster":9,"glyph_id":4,"x_advance":2976,"x_offset":52116,"y_advance":0,"y_offset":0},{"cluster":10,"glyph_id":45,"x_advance":3263,"x_offset":55092,"y_advance":0,"y_offset":0},{"cluster":11,"glyph_id":81,"x_advance":10523,"x_offset":58355,"y_advance":0,"y_offset":0},{"cluster":12,"glyph_id":69,"x_advance":6527,"x_offset":68878,"y_advance":0,"y_offset":0},{"cluster":13,"glyph_id":75,"x_advance":6738,"x_offset":75405,"y_advance":0,"y_offset":0},{"cluster":14,"glyph_id":73,"x_advance":6363,"x_offset":82143,"y_advance":0,"y_offset":0},{"cluster":15,"glyph_id":4,"x_advance":2976,"x_offset":88506,"y_advance":0,"y_offset":0},{"cluster":16,"glyph_id":87,"x_advance":6193,"x_offset":91482,"y_advance":0,"y_offset":0},{"cluster":17,"glyph_id":71,"x_advance":6281,"x_offset":97675,"y_advance":0,"y_offset":0},{"cluster":18,"glyph_id":69,"x_advance":6527,"x_offset":103956,"y_advance":0,"y_offset":0},{"cluster":19,"glyph_id":80,"x_advance":2917,"x_offset":110483,"y_advance":0,"y_offset":0},{"cluster":20,"glyph_id":73,"x_advance":6363,"x_offset":113400,"y_advance":0,"y_offset":0},{"cluster":21,"glyph_id":87,"x_advance":6193,"x_offset":119763,"y_advance":0,"y_offset":0},{"cluster":22,"glyph_id":4,"x_advance":2976,"x_offset":125956,"y_advance":0,"y_offset":0},{"cluster":23,"glyph_id":72,"x_advance":6767,"x_offset":128932,"y_advance":0,"y_offset":0},{"cluster":24,"glyph_id":83,"x_advance":6843,"x_offset":135699,"y_advance":0,"y_offset":0},{"cluster":25,"glyph_id":91,"x_advance":9017,"x_offset":142542,"y_advance":0,"y_offset":0},{"cluster":26,"glyph_id":82,"x_advance":6626,"x_offset":151559,"y_advance":0,"y_offset":0},{"cluster":27,"glyph_id":4,"x_advance":2976,"x_offset":158185,"y_advance":0,"y_offset":0},{"cluster":28,"glyph_id":88,"x_advance":3808,"x_offset":161161,"y_advance":0,"y_offset":0},{"cluster":29,"glyph_id":83,"x_advance":6843,"x_offset":164969,"y_advance":0,"y_offset":0},{"cluster":30,"glyph_id":4,"x_advance":2976,"x_offset":171812,"y_advance":0,"y_offset":0},{"cluster":31,"glyph_id":470,"x_advance":6650,"x_offset":174788,"y_advance":0,"y_offset":0},{"cluster":33,"glyph_id":88,"x_advance":3925,"x_offset":181438,"y_advance":0,"y_offset":0},{"cluster":34,"glyph_id":4,"x_advance":2976,"x_offset":185363,"y_advance":0,"y_offset":0},{"cluster":35,"glyph_id":71,"x_advance":6281,"x_offset":188339,"y_advance":0,"y_offset":0},{"cluster":36,"glyph_id":83,"x_advance":6843,"x_offset":194620,"y_advance":0,"y_offset":0},{"cluster":37,"glyph_id":82,"x_advance":6626,"x_offset":201463,"y_advance":0,"y_offset":0},{"cluster":38,"glyph_id":88,"x_advance":3925,"x_offset":208089,"y_advance":0,"y_offset":0},{"cluster":39,"glyph_id":69,"x_advance":6527,"x_offset":212014,"y_advance":0,"y_offset":0},{"cluster":40,"glyph_id":77,"x_advance":2917,"x_offset":218541,"y_advance":0,"y_offset":0},{"cluster":41,"glyph_id":82,"x_advance":6626,"x_offset":221458,"y_advance":0,"y_offset":0},{"cluster":42,"glyph_id":73,"x_advance":6363,"x_offset":228084,"y_advance":0,"y_offset":0},{"cluster":43,"glyph_id":86,"x_advance":4066,"x_offset":234447,"y_advance":0,"y_offset":0},{"cluster":44,"glyph_id":4,"x_advance":2976,"x_offset":238513,"y_advance":0,"y_offset":0},{"cluster":45,"glyph_id":76,"x_advance":6609,"x_offset":241489,"y_advance":0,"y_offset":0},{"cluster":46,"glyph_id":73,"x_advance":6363,"x_offset":248098,"y_advance":0,"y_offset":0},{"cluster":47,"glyph_id":77,"x_advance":2917,"x_offset":254461,"y_advance":0,"y_offset":0},{"cluster":48,"glyph_id":75,"x_advance":6738,"x_offset":257378,"y_advance":0,"y_offset":0},{"cluster":49,"glyph_id":76,"x_advance":6609,"x_offset":264116,"y_advance":0,"y_offset":0},{"cluster":50,"glyph_id":88,"x_advance":3925,"x_offset":270725,"y_advance":0,"y_offset":0},{"cluster":51,"glyph_id":16,"x_advance":2361,"x_offset":274650,"y_advance":0,"y_offset":0},{"cluster":52,"glyph_id":4,"x_advance":2976,"x_offset":277011,"y_advance":0,"y_offset":0},{"cluster":53,"glyph_id":81,"x_advance":10523,"x_offset":279987,"y_advance":0,"y_offset":0},{"cluster":54,"glyph_id":69,"x_advance":6527,"x_offset":290510,"y_advance":0,"y_offset":0},{"cluster":55,"glyph_id":77,"x_advance":2917,"x_offset":297037,"y_advance":0,"y_offset":0},{"cluster":56,"glyph_id":82,"x_advance":6626,"x_offset":299954,"y_advance":0,"y_offset":0},{"cluster":57,"glyph_id":88,"x_advance":3925,"x_offset":306580,"y_advance":0,"y_offset":0},{"cluster":58,"glyph_id":69,"x_advance":6527,"x_offset":310505,"y_advance":0,"y_offset":0},{"cluster":59,"glyph_id":77,"x_advance":2917,"x_offset":317032,"y_advance":0,"y_offset":0},{"cluster":60,"glyph_id":82,"x_advance":6626,"x_offset":319949,"y_advance":0,"y_offset":0},{"cluster":61,"glyph_id":77,"x_advance":2917,"x_offset":326575,"y_advance":0,"y_offset":0},{"cluster":62,"glyph_id":82,"x_advance":6626,"x_offset":329492,"y_advance":0,"y_offset":0},{"cluster":63,"glyph_id":75,"x_advance":6738,"x_offset":336118,"y_advance":0,"y_offset":0},{"cluster":64,"glyph_id":4,"x_advance":2976,"x_offset":342856,"y_advance":0,"y_offset":0},{"cluster":65,"glyph_id":69,"x_advance":6527,"x_offset":345832,"y_advance":0,"y_offset":0},{"cluster":66,"glyph_id":87,"x_advance":6193,"x_offset":352359,"y_advance":0,"y_offset":0},{"cluster":67,"glyph_id":84,"x_advance":6738,"x_offset":358552,"y_advance":0,"y_offset":0},{"cluster":68,"glyph_id":73,"x_advance":6363,"x_offset":365290,"y_advance":0,"y_offset":0},{"cluster":69,"glyph_id":71,"x_advance":6281,"x_offset":371653,"y_advance":0,"y_offset":0},{"cluster":70,"glyph_id":88,"x_advance":3925,"x_offset":377934,"y_advance":0,"y_offset":0},{"cluster":72,"glyph_id":86,"x_advance":3832,"x_offset":0,"y_advance":0,"y_offset":14400},{"cluster":73,"glyph_id":69,"x_advance":6527,"x_offset":3832,"y_advance":0,"y_offset":14400},{"cluster":74,"glyph_id":88,"x_advance":3925,"x_offset":10359,"y_advance":0,"y_offset":14400},{"cluster":75,"glyph_id":77,"x_advance":2917,"x_offset":14284,"y_advance":0,"y_offset":14400},{"cluster":76,"glyph_id":83,"x_advance":6843,"x_offset":17201,"y_advance":0,"y_offset":14400},{"cluster":77,"glyph_id":18,"x_advance":3164,"x_offset":24044,"y_advance":0,"y_offset":14400}],"height":28800,"id":"label2","text_runs":[{"glyph_range":[0,70],"style":{"bold":false,"color":"#000000","font_family":"default","font_size":12000,"italic":false,"strikethrough":false,"underline":false}},{"glyph_range":[70,76],"style":{"bold":false,"color":"#000000","font_family":"default","font_size":12000,"italic":false,"strikethrough":false,"underline":false}}],"width":400000,"x":72000,"y":96400},{"children":[],"glyphs":[],"height":200000,"id":"img_tall","width":400000,"x":72000,"y":135200}],"glyphs":[],"height":150000,"id":"bounded","width":400000,"x":72000,"y":72000}],"glyphs":[],"height":150000,"id":"grid","width":451000,"x":72000,"y":72000}],"glyphs":[],"height":842000,"id":"root_page_0","width":595000,"x":0,"y":0},"width":595000}]},"render_plan":{"compositing":{"alpha_mode":"premultiplied","blend_mode":"source_over","color_space":"srgb"},"pages":[{"index":0,"ops":[{"node_id":"label1","rect":{"height":14400,"width":400000,"x":72000,"y":72000},"runs":[{"glyph_range":[0,65],"style":{"bold":false,"color":"#000000","font_family":"default","font_size":12000,"italic":false,"strikethrough":false,"underline":false}}],"type":"draw_text"},{"node_id":"label2","rect":{"height":28800,"width":400000,"x":72000,"y":96400},"runs":[{"glyph_range":[0,70],"style":{"bold":false,"color":"#000000","font_family":"default","font_size":12000,"italic":false,"strikethrough":false,"underline":false}},{"glyph_range":[70,76],"style":{"bold":false,"color":"#000000","font_family":"default","font_size":12000,"italic":false,"strikethrough":false,"underline":false}}],"type":"draw_text"},{"node_id":"img_tall","rect":{"height":200000,"width":400000,"x":72000,"y":135200},"src":"asset://img_tall","type":"draw_image"}]}]}}