{"appearance_hash":"54ff36b79068908dfcd9488c65141334f2843116083635d4ff5a4a071ae762d3","content_hash":"886025d7339d1d6e2b88e85e6173f484fc8af6f429f9c30ab64b68ca7436ce86","engine_commit_sha":"UNKNOWN","engine_version":"0.1.0","geometry":{"pages":[{"height":842000,"index":0,"root":{"children":[{"children":[],"glyphs":[{"cluster":0,"glyph_id":44,"x_advance":8560,"x_offset":0,"y_advance":0,"y_offset":0},{"cluster":1,"glyph_id":73,"x_advance":6363,"x_offset":8560,"y_advance":0,"y_offset":0},{"cluster":2,"glyph_id":80,"x_advance":2917,"x_offset":14923,"y_advance":0,"y_offset":0},{"cluster":3,"glyph_id":80,"x_advance":2917,"x_offset":17840,"y_advance":0,"y_offset":0},{"cluster":4,"glyph_id":83,"x_advance":6843,"x_offset":20757,"y_advance":0,"y_offset":0},{"cluster":5,"glyph_id":4,"x_advance":2976,"x_offset":27600,"y_advance":0,"y_offset":0},{"cluster":6,"glyph_id":91,"x_advance":9017,"x_offset":30576,"y_advance":0,"y_offset":0},{"cluster":7,"glyph_id":83,"x_advance":6843,"x_offset":39593,"y_advance":0,"y_offset":0},{"cluster":8,"glyph_id":86,"x_advance":4066,"x_offset":46436,"y_advance":0,"y_offset":0},{"cluster":9,"glyph_id":80,"x_advance":2917,"x_offset":50502,"y_advance":0,"y_offset":0},{"cluster":10,"glyph_id":72,"x_advance":6767,"x_offset":53419,"y_advance":0,"y_offset":0}],"height":18000,"id":"text_1","text_runs":[{"glyph_range":[0,11],"style":{"bold":false,"color":"#000000","font_family":"default","font_size":12000,"italic":false,"strikethrough":false,"underline":false}}],"width":451000,"x":72000,"y":72000}],"glyphs":[],"height":842000,"id":"root_page_0","width":595000,"x":0,"y":0},"width":595000}]},"render_plan":{"compositing":{"alpha_mode":"premultiplied","blend_mode":"source_over","color_space":"srgb"},"pages":[{"index":0,"ops":[{"node_id":"text_1","rect":{"height":18000,"width":451000,"x":72000,"y":72000},"runs":[{"glyph_range":[0,11],"style":{"bold":false,"color":"#000000","font_family":"default","font_size":12000,"italic":false,"strikethrough":false,"underline":false}}],"type":"draw_text"}]}]}}