{"appearance_hash":"4c39a3265d6772347819296e66aa0d70bc68d5e9d0eac45dfd7a3cff4d5181b7","content_hash":"096686e0497e47d70d515d155fac5f44a656bde15ffb83aae651e33cf605cf06","engine_commit_sha":"UNKNOWN","engine_version":"0.1.0","geometry":{"pages":[{"height":842000,"index":0,"root":{"children":[{"children":[{"children":[],"glyphs":[{"cluster":0,"glyph_id":50,"x_advance":8560,"x_offset":0,"y_advance":0,"y_offset":0},{"cluster":1,"glyph_id":69,"x_advance":6527,"x_offset":8560,"y_advance":0,"y_offset":0},{"cluster":2,"glyph_id":81,"x_advance":10523,"x_offset":15087,"y_advance":0,"y_offset":0},{"cluster":3,"glyph_id":73,"x_advance":6363,"x_offset":25610,"y_advance":0,"y_offset":0}],"height":14400,"id":"cell_0_0","text_runs":[{"glyph_range":[0,4],"style":{"bold":false,"color":"black","font_family":"default","font_size":12000,"italic":false,"strikethrough":false,"underline":false}}],"width":218000,"x":72000,"y":72000},{"children":[],"glyphs":[{"cluster":0,"glyph_id":58,"x_advance":7371,"x_offset":0,"y_advance":0,"y_offset":0},{"cluster":1,"glyph_id":69,"x_advance":6527,"x_offset":7371,"y_advance":0,"y_offset":0},{"cluster":2,"glyph_id":80,"x_advance":2917,"x_offset":13898,"y_advance":0,"y_offset":0},{"cluster":3,"glyph_id":89,"x_advance":6615,"x_offset":16815,"y_advance":0,"y_offset":0},{"cluster":4,"glyph_id":73,"x_advance":6363,"x_offset":23430,"y_advance":0,"y_offset":0}],"height":14400,"id":"cell_0_1","text_runs":[{"glyph_range":[0,5],"style":{"bold":false,"color":"black","font_family":"default","font_size":12000,"italic":false,"strikethrough":false,"underline":false}}],"width":109000,"x":302000,"y":72000},{"children":[],"glyphs":[{"cluster":0,"glyph_id":55,"x_advance":7125,"x_offset":0,"y_advance":0,"y_offset":0},{"cluster":1,"glyph_id":88,"x_advance":3925,"x_offset":7125,"y_advance":0,"y_offset":0},{"cluster":2,"glyph_id":69,"x_advance":6527,"x_offset":11050,"y_advance":0,"y_offset":0},{"cluster":3,"glyph_id":88,"x_advance":3925,"x_offset":17577,"y_advance":0,"y_offset":0},{"cluster":4,"glyph_id":89,"x_advance":6615,"x_offset":21502,"y_advance":0,"y_offset":0},{"cluster":5,"glyph_id":87,"x_advance":6193,"x_offset":28117,"y_advance":0,"y_offset":0}],"height":14400,"id":"cell_0_2","text_runs":[{"glyph_range":[0,6],"style":{"bold":false,"color":"black","font_family":"default","font_size":12000,"italic":false,"strikethrough":false,"underline":false}}],"width":100000,"x":423000,"y":72000},{"children":[],"glyphs":[{"cluster":0,"glyph_id":45,"x_advance":3263,"x_offset":0,"y_advance":0,"y_offset":0},{"cluster":1,"glyph_id":88,"x_advance":3925,"x_offset":3263,"y_advance":0,"y_offset":0},{"cluster":2,"glyph_id":73,"x_advance":6363,"x_offset":7188,"y_advance":0,"y_offset":0},{"cluster":3,"glyph_id":81,"x_advance":10523,"x_offset":13551,"y_advance":0,"y_offset":0},{"cluster":4,"glyph_id":4,"x_advance":2976,"x_offset":24074,"y_advance":0,"y_offset":0},{"cluster":5,"glyph_id":37,"x_advance":7828,"x_offset":27050,"y_advance":0,"y_offset":0}],"height":14400,"id":"cell_1_0","text_runs":[{"glyph_range":[0,6],"style":{"bold":false,"color":"black","font_family":"default","font_size":12000,"italic":false,"strikethrough":false,"underline":false}}],"width":218000,"x":72000,"y":98400},{"children":[],"glyphs":[{"cluster":0,"glyph_id":8,"x_advance":6744,"x_offset":0,"y_advance":0,"y_offset":0},{"cluster":1,"glyph_id":21,"x_advance":6744,"x_offset":6744,"y_advance":0,"y_offset":0},{"cluster":2,"glyph_id":20,"x_advance":6744,"x_offset":13488,"y_advance":0,"y_offset":0},{"cluster":3,"glyph_id":20,"x_advance":6744,"x_offset":20232,"y_advance":0,"y_offset":0},{"cluster":4,"glyph_id":18,"x_advance":3164,"x_offset":26976,"y_advance":0,"y_offset":0},{"cluster":5,"glyph_id":20,"x_advance":6744,"x_offset":30140,"y_advance":0,"y_offset":0},{"cluster":6,"glyph_id":20,"x_advance":6744,"x_offset":36884,"y_advance":0,"y_offset":0}],"height":14400,"id":"cell_1_1","text_runs":[{"glyph_range":[0,7],"style":{"bold":false,"color":"black","font_family":"default","font_size":12000,"italic":false,"strikethrough":false,"underline":false}}],"width":109000,"x":302000,"y":98400},{"children":[],"glyphs":[{"cluster":0,"glyph_id":37,"x_advance":7828,"x_offset":0,"y_advance":0,"y_offset":0},{"cluster":1,"glyph_id":71,"x_advance":6281,"x_offset":7828,"y_advance":0,"y_offset":0},{"cluster":2,"glyph_id":88,"x_advance":3925,"x_offset":14109,"y_advance":0,"y_offset":0},{"cluster":3,"glyph_id":77,"x_advance":2917,"x_offset":18034,"y_advance":0,"y_offset":0},{"cluster":4,"glyph_id":90,"x_advance":5736,"x_offset":20951,"y_advance":0,"y_offset":0},{"cluster":5,"glyph_id":73,"x_advance":6363,"x_offset":26687,"y_advance":0,"y_offset":0}],"height":14400,"id":"cell_1_2","text_runs":[{"glyph_range":[0,6],"style":{"bold":false,"color":"black","font_family":"default","font_size":12000,"italic":false,"strikethrough":false,"underline":false}}],"width":100000,"x":423000,"y":98400}],"glyphs":[],"height":40800,"id":"root","width":451000,"x":72000,"y":72000}],"glyphs":[],"height":842000,"id":"root_page_0","width":595000,"x":0,"y":0},"width":595000}]},"render_plan":{"compositing":{"alpha_mode":"premultiplied","blend_mode":"source_over","color_space":"srgb"},"pages":[{"index":0,"ops":[{"node_id":"cell_0_0","rect":{"height":14400,"width":218000,"x":72000,"y":72000},"runs":[{"glyph_range":[0,4],"style":{"bold":false,"color":"black","font_family":"default","font_size":12000,"italic":false,"strikethrough":false,"underline":false}}],"type":"draw_text"},{"node_id":"cell_0_1","rect":{"height":14400,"width":109000,"x":302000,"y":72000},"runs":[{"glyph_range":[0,5],"style":{"bold":false,"color":"black","font_family":"default","font_size":12000,"italic":false,"strikethrough":false,"underline":false}}],"type":"draw_text"},{"node_id":"cell_0_2","rect":{"height":14400,"width":100000,"x":423000,"y":72000},"runs":[{"glyph_range":[0,6],"style":{"bold":false,"color":"black","font_family":"default","font_size":12000,"italic":false,"strikethrough":false,"underline":false}}],"type":"draw_text"},{"node_id":"cell_1_0","rect":{"height":14400,"width":218000,"x":72000,"y":98400},"runs":[{"glyph_range":[0,6],"style":{"bold":false,"color":"black","font_family":"default","font_size":12000,"italic":false,"strikethrough":false,"underline":false}}],"type":"draw_text"},{"node_id":"cell_1_1","rect":{"height":14400,"width":109000,"x":302000,"y":98400},"runs":[{"glyph_range":[0,7],"style":{"bold":false,"color":"black","font_family":"default","font_size":12000,"italic":false,"strikethrough":false,"underline":false}}],"type":"draw_text"},{"node_id":"cell_1_2","rect":{"height":14400,"width":100000,"x":423000,"y":98400},"runs":[{"glyph_range":[0,6],"style":{"bold":false,"color":"black","font_family":"default","font_size":12000,"italic":false,"strikethrough":false,"underline":false}}],"type":"draw_text"}]}]}}