{"appearance_hash":"34f639d4e41ff23bfe4a7fc7571b440b9bb6339526cb2bfdac29fcc6378a3827","content_hash":"dc4747af1b912c6adfac0b750bbcdf7672a81ae2882b3f3d339417b83532eb24","engine_commit_sha":"UNKNOWN","engine_version":"0.1.0","geometry":{"pages":[{"height":842000,"index":0,"root":{"children":[{"children":[],"glyphs":[{"cluster":0,"glyph_id":47,"x_advance":5033,"x_offset":0,"y_advance":0,"y_offset":0},{"cluster":1,"glyph_id":55,"x_advance":7330,"x_offset":5033,"y_advance":0,"y_offset":0},{"cluster":2,"glyph_id":53,"x_advance":8337,"x_offset":12363,"y_advance":0,"y_offset":0},{"cluster":3,"glyph_id":3,"x_advance":3814,"x_offset":20700,"y_advance":0,"y_offset":0},{"cluster":4,"glyph_id":14,"x_advance":10054,"x_offset":24514,"y_advance":0,"y_offset":0},{"cluster":5,"glyph_id":3,"x_advance":3814,"x_offset":34568,"y_advance":0,"y_offset":0},{"cluster":6,"glyph_id":53,"x_advance":7464,"x_offset":38382,"y_advance":0,"y_offset":0},{"cluster":7,"glyph_id":55,"x_advance":7330,"x_offset":45846,"y_advance":0,"y_offset":0},{"cluster":8,"glyph_id":47,"x_advance":6685,"x_offset":53176,"y_advance":0,"y_offset":0},{"cluster":9,"glyph_id":3,"x_advance":3814,"x_offset":59861,"y_advance":0,"y_offset":0},{"cluster":10,"glyph_id":80,"x_advance":11689,"x_offset":63675,"y_advance":0,"y_offset":0},{"cluster":11,"glyph_id":76,"x_advance":3333,"x_offset":75364,"y_advance":0,"y_offset":0},{"cluster":12,"glyph_id":91,"x_advance":7101,"x_offset":78697,"y_advance":0,"y_offset":0},{"cluster":13,"glyph_id":29,"x_advance":4042,"x_offset":85798,"y_advance":0,"y_offset":0},{"cluster":14,"glyph_id":3,"x_advance":3814,"x_offset":89840,"y_advance":0,"y_offset":0},{"cluster":15,"glyph_id":40,"x_advance":7582,"x_offset":93654,"y_advance":0,"y_offset":0},{"cluster":16,"glyph_id":81,"x_advance":7605,"x_offset":101236,"y_advance":0,"y_offset":0},{"cluster":17,"glyph_id":74,"x_advance":7617,"x_offset":108841,"y_advance":0,"y_offset":0},{"cluster":18,"glyph_id":79,"x_advance":3333,"x_offset":116458,"y_advance":0,"y_offset":0},{"cluster":19,"glyph_id":76,"x_advance":3333,"x_offset":119791,"y_advance":0,"y_offset":0},{"cluster":20,"glyph_id":86,"x_advance":6251,"x_offset":123124,"y_advance":0,"y_offset":0},{"cluster":21,"glyph_id":75,"x_advance":7605,"x_offset":129375,"y_advance":0,"y_offset":0},{"cluster":22,"glyph_id":3,"x_advance":3814,"x_offset":136980,"y_advance":0,"y_offset":0},{"cluster":36,"glyph_id":5256,"x_advance":3656,"x_offset":140794,"y_advance":0,"y_offset":0},{"cluster":35,"glyph_id":5260,"x_advance":3621,"x_offset":144450,"y_advance":0,"y_offset":0},{"cluster":34,"glyph_id":5277,"x_advance":7417,"x_offset":148071,"y_advance":0,"y_offset":0},{"cluster":33,"glyph_id":5288,"x_advance":6621,"x_offset":155488,"y_advance":0,"y_offset":0},{"cluster":32,"glyph_id":5341,"x_advance":6427,"x_offset":162109,"y_advance":0,"y_offset":0},{"cluster":31,"glyph_id":3,"x_advance":3814,"x_offset":168536,"y_advance":0,"y_offset":0},{"cluster":28,"glyph_id":20,"x_advance":7634,"x_offset":172350,"y_advance":0,"y_offset":0},{"cluster":29,"glyph_id":21,"x_advance":7634,"x_offset":179984,"y_advance":0,"y_offset":0},{"cluster":30,"glyph_id":22,"x_advance":7634,"x_offset":187618,"y_advance":0,"y_offset":0},{"cluster":27,"glyph_id":3,"x_advance":3814,"x_offset":195252,"y_advance":0,"y_offset":0},{"cluster":26,"glyph_id":1332,"x_advance":7962,"x_offset":199066,"y_advance":0,"y_offset":0},{"cluster":25,"glyph_id":1324,"x_advance":3269,"x_offset":207028,"y_advance":0,"y_offset":0},{"cluster":24,"glyph_id":1331,"x_advance":6820,"x_offset":210297,"y_advance":0,"y_offset":0},{"cluster":23,"glyph_id":1344,"x_advance":8501,"x_offset":217117,"y_advance":0,"y_offset":0},{"cluster":37,"glyph_id":3,"x_advance":3814,"x_offset":225618,"y_advance":0,"y_offset":0},{"cluster":38,"glyph_id":90,"x_advance":9814,"x_offset":229432,"y_advance":0,"y_offset":0},{"cluster":39,"glyph_id":82,"x_advance":7341,"x_offset":239246,"y_advance":0,"y_offset":0},{"cluster":40,"glyph_id":85,"x_advance":4933,"x_offset":246587,"y_advance":0,"y_offset":0},{"cluster":41,"glyph_id":79,"x_advance":3333,"x_offset":251520,"y_advance":0,"y_offset":0},{"cluster":42,"glyph_id":71,"x_advance":7617,"x_offset":254853,"y_advance":0,"y_offset":0},{"cluster":43,"glyph_id":3,"x_advance":3814,"x_offset":262470,"y_advance":0,"y_offset":0},{"cluster":44,"glyph_id":11,"x_advance":4681,"x_offset":266284,"y_advance":0,"y_offset":0},{"cluster":45,"glyph_id":72,"x_advance":7382,"x_offset":270965,"y_advance":0,"y_offset":0},{"cluster":46,"glyph_id":81,"x_advance":7605,"x_offset":278347,"y_advance":0,"y_offset":0},{"cluster":47,"glyph_id":71,"x_advance":7617,"x_offset":285952,"y_advance":0,"y_offset":0},{"cluster":48,"glyph_id":12,"x_advance":4681,"x_offset":293569,"y_advance":0,"y_offset":0}],"height":14400,"id":"root","text_runs":[{"glyph_range":[0,49],"style":{"bold":false,"color":"#000000","font_family":"default","font_size":12000,"italic":false,"strikethrough":false,"underline":false}}],"width":451000,"x":72000,"y":72000}],"glyphs":[],"height":842000,"id":"root_page_0","width":595000,"x":0,"y":0},"width":595000}]},"render_plan":{"compositing":{"alpha_mode":"premultiplied","blend_mode":"source_over","color_space":"srgb"},"pages":[{"index":0,"ops":[{"node_id":"root","rect":{"height":14400,"width":451000,"x":72000,"y":72000},"runs":[{"glyph_range":[0,49],"style":{"bold":false,"color":"#000000","font_family":"default","font_size":12000,"italic":false,"strikethrough":false,"underline":false}}],"type":"draw_text"}]}]}}