{"appearance_hash":"97fbdf81878dc1db0a724ba70c80380a81e959d8533c86c7d8f0f6491a1423cd","content_hash":"7ace76273fdddb6ca654d3453ea1d041167538a09a67757a0a65f61ef22ea513","engine_commit_sha":"UNKNOWN","engine_version":"0.1.0","geometry":{"pages":[{"height":842000,"index":0,"root":{"children":[{"children":[],"glyphs":[{"cluster":0,"glyph_id":80,"x_advance":2917,"x_offset":6000,"y_advance":0,"y_offset":6000},{"cluster":1,"glyph_id":73,"x_advance":6363,"x_offset":8917,"y_advance":0,"y_offset":6000},{"cluster":2,"glyph_id":88,"x_advance":3925,"x_offset":15280,"y_advance":0,"y_offset":6000},{"cluster":3,"glyph_id":4,"x_advance":2976,"x_offset":19205,"y_advance":0,"y_offset":6000},{"cluster":4,"glyph_id":92,"x_advance":5953,"x_offset":22181,"y_advance":0,"y_offset":6000},{"cluster":5,"glyph_id":4,"x_advance":2976,"x_offset":28134,"y_advance":0,"y_offset":6000},{"cluster":6,"glyph_id":33,"x_advance":6585,"x_offset":31110,"y_advance":0,"y_offset":6000},{"cluster":7,"glyph_id":4,"x_advance":2976,"x_offset":37695,"y_advance":0,"y_offset":6000},{"cluster":8,"glyph_id":21,"x_advance":6744,"x_offset":40671,"y_advance":0,"y_offset":6000},{"cluster":9,"glyph_id":31,"x_advance":2537,"x_offset":47415,"y_advance":0,"y_offset":6000},{"cluster":11,"glyph_id":80,"x_advance":2917,"x_offset":6000,"y_advance":0,"y_offset":20400},{"cluster":12,"glyph_id":73,"x_advance":6363,"x_offset":8917,"y_advance":0,"y_offset":20400},{"cluster":13,"glyph_id":88,"x_advance":3925,"x_offset":15280,"y_advance":0,"y_offset":20400},{"cluster":14,"glyph_id":4,"x_advance":2976,"x_offset":19205,"y_advance":0,"y_offset":20400},{"cluster":15,"glyph_id":93,"x_advance":5677,"x_offset":22181,"y_advance":0,"y_offset":20400},{"cluster":16,"glyph_id":4,"x_advance":2976,"x_offset":27858,"y_advance":0,"y_offset":20400},{"cluster":17,"glyph_id":33,"x_advance":6585,"x_offset":30834,"y_advance":0,"y_offset":20400},{"cluster":18,"glyph_id":4,"x_advance":2976,"x_offset":37419,"y_advance":0,"y_offset":20400},{"cluster":19,"glyph_id":92,"x_advance":5953,"x_offset":40395,"y_advance":0,"y_offset":20400},{"cluster":20,"glyph_id":4,"x_advance":2976,"x_offset":46348,"y_advance":0,"y_offset":20400},{"cluster":21,"glyph_id":15,"x_advance":6808,"x_offset":49324,"y_advance":0,"y_offset":20400},{"cluster":22,"glyph_id":4,"x_advance":2976,"x_offset":56132,"y_advance":0,"y_offset":20400},{"cluster":23,"glyph_id":22,"x_advance":6744,"x_offset":59108,"y_advance":0,"y_offset":20400},{"cluster":24,"glyph_id":31,"x_advance":2537,"x_offset":65852,"y_advance":0,"y_offset":20400},{"cluster":26,"glyph_id":84,"x_advance":6738,"x_offset":6000,"y_advance":0,"y_offset":34800},{"cluster":27,"glyph_id":86,"x_advance":4066,"x_offset":12738,"y_advance":0,"y_offset":34800},{"cluster":28,"glyph_id":77,"x_advance":2917,"x_offset":16804,"y_advance":0,"y_offset":34800},{"cluster":29,"glyph_id":82,"x_advance":6626,"x_offset":19721,"y_advance":0,"y_offset":34800},{"cluster":30,"glyph_id":88,"x_advance":3925,"x_offset":26347,"y_advance":0,"y_offset":34800},{"cluster":31,"glyph_id":80,"x_advance":2917,"x_offset":30272,"y_advance":0,"y_offset":34800},{"cluster":32,"glyph_id":82,"x_advance":6626,"x_offset":33189,"y_advance":0,"y_offset":34800},{"cluster":33,"glyph_id":5,"x_advance":3093,"x_offset":39815,"y_advance":0,"y_offset":34800},{"cluster":34,"glyph_id":12,"x_advance":4107,"x_offset":42908,"y_advance":0,"y_offset":34800},{"cluster":35,"glyph_id":6,"x_advance":3843,"x_offset":47015,"y_advance":0,"y_offset":34800},{"cluster":36,"glyph_id":95,"x_advance":4060,"x_offset":50858,"y_advance":0,"y_offset":34800},{"cluster":37,"glyph_id":93,"x_advance":5677,"x_offset":54918,"y_advance":0,"y_offset":34800},{"cluster":38,"glyph_id":97,"x_advance":4060,"x_offset":60595,"y_advance":0,"y_offset":34800},{"cluster":39,"glyph_id":6,"x_advance":3843,"x_offset":64655,"y_advance":0,"y_offset":34800},{"cluster":40,"glyph_id":13,"x_advance":4177,"x_offset":68498,"y_advance":0,"y_offset":34800},{"cluster":41,"glyph_id":31,"x_advance":2537,"x_offset":72675,"y_advance":0,"y_offset":34800}],"height":55200,"id":"code.text","text_runs":[{"glyph_range":[0,10],"style":{"bold":false,"color":"#000000","font_family":"default","font_size":12000,"italic":false,"strikethrough":false,"underline":false}},{"glyph_range":[10,24],"style":{"bold":false,"color":"#000000","font_family":"default","font_size":12000,"italic":false,"strikethrough":false,"underline":false}},{"glyph_range":[24,40],"style":{"bold":false,"color":"#000000","font_family":"default","font_size":12000,"italic":false,"strikethrough":false,"underline":false}}],"width":451000,"x":72000,"y":72000},{"children":[],"glyphs":[{"cluster":0,"glyph_id":80,"x_advance":2917,"x_offset":6000,"y_advance":0,"y_offset":6000},{"cluster":1,"glyph_id":73,"x_advance":6363,"x_offset":8917,"y_advance":0,"y_offset":6000},{"cluster":2,"glyph_id":88,"x_advance":3925,"x_offset":15280,"y_advance":0,"y_offset":6000},{"cluster":3,"glyph_id":4,"x_advance":2976,"x_offset":19205,"y_advance":0,"y_offset":6000},{"cluster":4,"glyph_id":92,"x_advance":5953,"x_offset":22181,"y_advance":0,"y_offset":6000},{"cluster":5,"glyph_id":4,"x_advance":2976,"x_offset":28134,"y_advance":0,"y_offset":6000},{"cluster":6,"glyph_id":33,"x_advance":6585,"x_offset":31110,"y_advance":0,"y_offset":6000},{"cluster":7,"glyph_id":4,"x_advance":2976,"x_offset":37695,"y_advance":0,"y_offset":6000},{"cluster":8,"glyph_id":21,"x_advance":6744,"x_offset":40671,"y_advance":0,"y_offset":6000},{"cluster":9,"glyph_id":31,"x_advance":2537,"x_offset":47415,"y_advance":0,"y_offset":6000},{"cluster":11,"glyph_id":80,"x_advance":2917,"x_offset":6000,"y_advance":0,"y_offset":20400},{"cluster":12,"glyph_id":73,"x_advance":6363,"x_offset":8917,"y_advance":0,"y_offset":20400},{"cluster":13,"glyph_id":88,"x_advance":3925,"x_offset":15280,"y_advance":0,"y_offset":20400},{"cluster":14,"glyph_id":4,"x_advance":2976,"x_offset":19205,"y_advance":0,"y_offset":20400},{"cluster":15,"glyph_id":93,"x_advance":5677,"x_offset":22181,"y_advance":0,"y_offset":20400},{"cluster":16,"glyph_id":4,"x_advance":2976,"x_offset":27858,"y_advance":0,"y_offset":20400},{"cluster":17,"glyph_id":33,"x_advance":6585,"x_offset":30834,"y_advance":0,"y_offset":20400},{"cluster":18,"glyph_id":4,"x_advance":2976,"x_offset":37419,"y_advance":0,"y_offset":20400},{"cluster":19,"glyph_id":92,"x_advance":5953,"x_offset":40395,"y_advance":0,"y_offset":20400},{"cluster":20,"glyph_id":4,"x_advance":2976,"x_offset":46348,"y_advance":0,"y_offset":20400},{"cluster":21,"glyph_id":15,"x_advance":6808,"x_offset":49324,"y_advance":0,"y_offset":20400},{"cluster":22,"glyph_id":4,"x_advance":2976,"x_offset":56132,"y_advance":0,"y_offset":20400},{"cluster":23,"glyph_id":22,"x_advance":6744,"x_offset":59108,"y_advance":0,"y_offset":20400},{"cluster":24,"glyph_id":31,"x_advance":2537,"x_offset":65852,"y_advance":0,"y_offset":20400},{"cluster":26,"glyph_id":84,"x_advance":6738,"x_offset":6000,"y_advance":0,"y_offset":34800},{"cluster":27,"glyph_id":86,"x_advance":4066,"x_offset":12738,"y_advance":0,"y_offset":34800},{"cluster":28,"glyph_id":77,"x_advance":2917,"x_offset":16804,"y_advance":0,"y_offset":34800},{"cluster":29,"glyph_id":82,"x_advance":6626,"x_offset":19721,"y_advance":0,"y_offset":34800},{"cluster":30,"glyph_id":88,"x_advance":3925,"x_offset":26347,"y_advance":0,"y_offset":34800},{"cluster":31,"glyph_id":80,"x_advance":2917,"x_offset":30272,"y_advance":0,"y_offset":34800},{"cluster":32,"glyph_id":82,"x_advance":6626,"x_offset":33189,"y_advance":0,"y_offset":34800},{"cluster":33,"glyph_id":5,"x_advance":3093,"x_offset":39815,"y_advance":0,"y_offset":34800},{"cluster":34,"glyph_id":12,"x_advance":4107,"x_offset":42908,"y_advance":0,"y_offset":34800},{"cluster":35,"glyph_id":6,"x_advance":3843,"x_offset":47015,"y_advance":0,"y_offset":34800},{"cluster":36,"glyph_id":95,"x_advance":4060,"x_offset":50858,"y_advance":0,"y_offset":34800},{"cluster":37,"glyph_id":93,"x_advance":5677,"x_offset":54918,"y_advance":0,"y_offset":34800},{"cluster":38,"glyph_id":97,"x_advance":4060,"x_offset":60595,"y_advance":0,"y_offset":34800},{"cluster":39,"glyph_id":6,"x_advance":3843,"x_offset":64655,"y_advance":0,"y_offset":34800},{"cluster":40,"glyph_id":13,"x_advance":4177,"x_offset":68498,"y_advance":0,"y_offset":34800},{"cluster":41,"glyph_id":31,"x_advance":2537,"x_offset":72675,"y_advance":0,"y_offset":34800}],"height":55200,"id":"code.lines","text_runs":[{"glyph_range":[0,10],"style":{"bold":false,"color":"#000000","font_family":"default","font_size":12000,"italic":false,"strikethrough":false,"underline":false}},{"glyph_range":[10,24],"style":{"bold":false,"color":"#000000","font_family":"default","font_size":12000,"italic":false,"strikethrough":false,"underline":false}},{"glyph_range":[24,40],"style":{"bold":false,"color":"#000000","font_family":"default","font_size":12000,"italic":false,"strikethrough":false,"underline":false}}],"width":451000,"x":72000,"y":127200}],"glyphs":[],"height":842000,"id":"root_page_0","width":595000,"x":0,"y":0},"width":595000}]},"render_plan":{"compositing":{"alpha_mode":"premultiplied","blend_mode":"source_over","color_space":"srgb"},"pages":[{"index":0,"ops":[{"decoration":{"background":{"color":"#F6F8FA","type":"solid"},"border":{"color":"#00000014","width_pt":1000},"corner_radius_pt":6000},"node_id":"code.text","rect":{"height":55200,"width":451000,"x":72000,"y":72000},"type":"draw_box"},{"node_id":"code.text","rect":{"height":55200,"width":451000,"x":72000,"y":72000},"runs":[{"glyph_range":[0,10],"style":{"bold":false,"color":"#000000","font_family":"default","font_size":12000,"italic":false,"strikethrough":false,"underline":false}},{"glyph_range":[10,24],"style":{"bold":false,"color":"#000000","font_family":"default","font_size":12000,"italic":false,"strikethrough":false,"underline":false}},{"glyph_range":[24,40],"style":{"bold":false,"color":"#000000","font_family":"default","font_size":12000,"italic":false,"strikethrough":false,"underline":false}}],"type":"draw_text"},{"decoration":{"background":{"color":"#F6F8FA","type":"solid"},"border":{"color":"#00000014","width_pt":1000},"corner_radius_pt":6000},"node_id":"code.lines","rect":{"height":55200,"width":451000,"x":72000,"y":127200},"type":"draw_box"},{"node_id":"code.lines","rect":{"height":55200,"width":451000,"x":72000,"y":127200},"runs":[{"glyph_range":[0,10],"style":{"bold":false,"color":"#000000","font_family":"default","font_size":12000,"italic":false,"strikethrough":false,"underline":false}},{"glyph_range":[10,24],"style":{"bold":false,"color":"#000000","font_family":"default","font_size":12000,"italic":false,"strikethrough":false,"underline":false}},{"glyph_range":[24,40],"style":{"bold":false,"color":"#000000","font_family":"default","font_size":12000,"italic":false,"strikethrough":false,"underline":false}}],"type":"draw_text"}]}]}}