{"appearance_hash":"f3f04303105d399352c14d83129fea27a23205fae58fc94bc0c76126ec16e3e4","content_hash":"8881854e2663049c286fee428f8c4d01a1950ea389e3397d02175431bee13ac6","engine_commit_sha":"UNKNOWN","engine_version":"0.1.0","geometry":{"pages":[{"height":300000,"index":0,"root":{"children":[{"children":[],"glyphs":[],"height":0,"id":"img1","width":1,"x":100000,"y":20000},{"children":[],"glyphs":[],"height":0,"id":"img2","width":1,"x":100000,"y":20000}],"glyphs":[],"height":300000,"id":"root_page_0","width":200001,"x":0,"y":0},"width":200001}]},"render_plan":{"compositing":{"alpha_mode":"premultiplied","blend_mode":"source_over","color_space":"srgb"},"pages":[{"index":0,"ops":[{"node_id":"img1","rect":{"height":0,"width":1,"x":100000,"y":20000},"src":"asset://img1","type":"draw_image"},{"node_id":"img2","rect":{"height":0,"width":1,"x":100000,"y":20000},"src":"asset://img2","type":"draw_image"}]}]}}