{"appearance_hash":"84256d22379b45c99874666d374c0c89a21b7f99b11729d6105c9638f8385e75","content_hash":"b18a6e9896654c54caac6f0839fa5d9970a3c73a2d33e2d55984621bbed5922c","engine_commit_sha":"UNKNOWN","engine_version":"0.1.0","geometry":{"pages":[{"height":842000,"index":0,"root":{"children":[{"children":[{"children":[],"glyphs":[{"cluster":0,"glyph_id":45,"x_advance":3263,"x_offset":0,"y_advance":0,"y_offset":0},{"cluster":1,"glyph_id":40,"x_advance":7875,"x_offset":3263,"y_advance":0,"y_offset":0}],"height":14400,"id":"header_0","text_runs":[{"glyph_range":[0,2],"style":{"bold":false,"color":"black","font_family":"default","font_size":12000,"italic":false,"strikethrough":false,"underline":false}}],"width":146334,"x":72000,"y":72000},{"children":[],"glyphs":[{"cluster":0,"glyph_id":50,"x_advance":8560,"x_offset":0,"y_advance":0,"y_offset":0},{"cluster":1,"glyph_id":69,"x_advance":6527,"x_offset":8560,"y_advance":0,"y_offset":0},{"cluster":2,"glyph_id":81,"x_advance":10523,"x_offset":15087,"y_advance":0,"y_offset":0},{"cluster":3,"glyph_id":73,"x_advance":6363,"x_offset":25610,"y_advance":0,"y_offset":0}],"height":14400,"id":"header_1","text_runs":[{"glyph_range":[0,4],"style":{"bold":false,"color":"black","font_family":"default","font_size":12000,"italic":false,"strikethrough":false,"underline":false}}],"width":146333,"x":224334,"y":72000},{"children":[],"glyphs":[{"cluster":0,"glyph_id":58,"x_advance":7371,"x_offset":0,"y_advance":0,"y_offset":0},{"cluster":1,"glyph_id":69,"x_advance":6527,"x_offset":7371,"y_advance":0,"y_offset":0},{"cluster":2,"glyph_id":80,"x_advance":2917,"x_offset":13898,"y_advance":0,"y_offset":0},{"cluster":3,"glyph_id":89,"x_advance":6615,"x_offset":16815,"y_advance":0,"y_offset":0},{"cluster":4,"glyph_id":73,"x_advance":6363,"x_offset":23430,"y_advance":0,"y_offset":0}],"height":14400,"id":"header_2","text_runs":[{"glyph_range":[0,5],"style":{"bold":false,"color":"black","font_family":"default","font_size":12000,"italic":false,"strikethrough":false,"underline":false}}],"width":146333,"x":376667,"y":72000},{"children":[],"glyphs":[{"cluster":0,"glyph_id":20,"x_advance":6744,"x_offset":0,"y_advance":0,"y_offset":0},{"cluster":1,"glyph_id":20,"x_advance":6744,"x_offset":6744,"y_advance":0,"y_offset":0},{"cluster":2,"glyph_id":21,"x_advance":6744,"x_offset":13488,"y_advance":0,"y_offset":0}],"height":14400,"id":"row1_0","text_runs":[{"glyph_range":[0,3],"style":{"bold":false,"color":"black","font_family":"default","font_size":12000,"italic":false,"strikethrough":false,"underline":false}}],"width":146334,"x":72000,"y":92400},{"children":[],"glyphs":[{"cluster":0,"glyph_id":45,"x_advance":3263,"x_offset":0,"y_advance":0,"y_offset":0},{"cluster":1,"glyph_id":88,"x_advance":3925,"x_offset":3263,"y_advance":0,"y_offset":0},{"cluster":2,"glyph_id":73,"x_advance":6363,"x_offset":7188,"y_advance":0,"y_offset":0},{"cluster":3,"glyph_id":81,"x_advance":10523,"x_offset":13551,"y_advance":0,"y_offset":0},{"cluster":4,"glyph_id":4,"x_advance":2976,"x_offset":24074,"y_advance":0,"y_offset":0},{"cluster":5,"glyph_id":51,"x_advance":8255,"x_offset":27050,"y_advance":0,"y_offset":0},{"cluster":6,"glyph_id":82,"x_advance":6626,"x_offset":35305,"y_advance":0,"y_offset":0},{"cluster":7,"glyph_id":73,"x_advance":6363,"x_offset":41931,"y_advance":0,"y_offset":0}],"height":14400,"id":"row1_1","text_runs":[{"glyph_range":[0,8],"style":{"bold":false,"color":"black","font_family":"default","font_size":12000,"italic":false,"strikethrough":false,"underline":false}}],"width":146333,"x":224334,"y":92400},{"children":[],"glyphs":[{"cluster":0,"glyph_id":8,"x_advance":6744,"x_offset":0,"y_advance":0,"y_offset":0},{"cluster":1,"glyph_id":21,"x_advance":6744,"x_offset":6744,"y_advance":0,"y_offset":0},{"cluster":2,"glyph_id":20,"x_advance":6744,"x_offset":13488,"y_advance":0,"y_offset":0},{"cluster":3,"glyph_id":20,"x_advance":6744,"x_offset":20232,"y_advance":0,"y_offset":0},{"cluster":4,"glyph_id":18,"x_advance":3164,"x_offset":26976,"y_advance":0,"y_offset":0},{"cluster":5,"glyph_id":20,"x_advance":6744,"x_offset":30140,"y_advance":0,"y_offset":0},{"cluster":6,"glyph_id":20,"x_advance":6744,"x_offset":36884,"y_advance":0,"y_offset":0}],"height":14400,"id":"row1_2","text_runs":[{"glyph_range":[0,7],"style":{"bold":false,"color":"black","font_family":"default","font_size":12000,"italic":false,"strikethrough":false,"underline":false}}],"width":146333,"x":376667,"y":92400},{"children":[],"glyphs":[{"cluster":0,"glyph_id":20,"x_advance":6744,"x_offset":0,"y_advance":0,"y_offset":0},{"cluster":1,"glyph_id":20,"x_advance":6744,"x_offset":6744,"y_advance":0,"y_offset":0},{"cluster":2,"glyph_id":22,"x_advance":6744,"x_offset":13488,"y_advance":0,"y_offset":0}],"height":14400,"id":"row2_0","text_runs":[{"glyph_range":[0,3],"style":{"bold":false,"color":"black","font_family":"default","font_size":12000,"italic":false,"strikethrough":false,"underline":false}}],"width":146334,"x":72000,"y":112800},{"children":[],"glyphs":[{"cluster":0,"glyph_id":45,"x_advance":3263,"x_offset":0,"y_advance":0,"y_offset":0},{"cluster":1,"glyph_id":88,"x_advance":3925,"x_offset":3263,"y_advance":0,"y_offset":0},{"cluster":2,"glyph_id":73,"x_advance":6363,"x_offset":7188,"y_advance":0,"y_offset":0},{"cluster":3,"glyph_id":81,"x_advance":10523,"x_offset":13551,"y_advance":0,"y_offset":0},{"cluster":4,"glyph_id":4,"x_advance":2742,"x_offset":24074,"y_advance":0,"y_offset":0},{"cluster":5,"glyph_id":56,"x_advance":6826,"x_offset":26816,"y_advance":0,"y_offset":0},{"cluster":6,"glyph_id":91,"x_advance":9017,"x_offset":33642,"y_advance":0,"y_offset":0},{"cluster":7,"glyph_id":83,"x_advance":6843,"x_offset":42659,"y_advance":0,"y_offset":0}],"height":14400,"id":"row2_1","text_runs":[{"glyph_range":[0,8],"style":{"bold":false,"color":"black","font_family":"default","font_size":12000,"italic":false,"strikethrough":false,"underline":false}}],"width":146333,"x":224334,"y":112800},{"children":[],"glyphs":[{"cluster":0,"glyph_id":8,"x_advance":6744,"x_offset":0,"y_advance":0,"y_offset":0},{"cluster":1,"glyph_id":22,"x_advance":6744,"x_offset":6744,"y_advance":0,"y_offset":0},{"cluster":2,"glyph_id":20,"x_advance":6744,"x_offset":13488,"y_advance":0,"y_offset":0},{"cluster":3,"glyph_id":20,"x_advance":6744,"x_offset":20232,"y_advance":0,"y_offset":0},{"cluster":4,"glyph_id":18,"x_advance":3164,"x_offset":26976,"y_advance":0,"y_offset":0},{"cluster":5,"glyph_id":20,"x_advance":6744,"x_offset":30140,"y_advance":0,"y_offset":0},{"cluster":6,"glyph_id":20,"x_advance":6744,"x_offset":36884,"y_advance":0,"y_offset":0}],"height":14400,"id":"row2_2","text_runs":[{"glyph_range":[0,7],"style":{"bold":false,"color":"black","font_family":"default","font_size":12000,"italic":false,"strikethrough":false,"underline":false}}],"width":146333,"x":376667,"y":112800},{"children":[],"glyphs":[{"cluster":0,"glyph_id":20,"x_advance":6744,"x_offset":0,"y_advance":0,"y_offset":0},{"cluster":1,"glyph_id":20,"x_advance":6744,"x_offset":6744,"y_advance":0,"y_offset":0},{"cluster":2,"glyph_id":23,"x_advance":6744,"x_offset":13488,"y_advance":0,"y_offset":0}],"height":14400,"id":"row3_0","text_runs":[{"glyph_range":[0,3],"style":{"bold":false,"color":"black","font_family":"default","font_size":12000,"italic":false,"strikethrough":false,"underline":false}}],"width":146334,"x":72000,"y":133200},{"children":[],"glyphs":[{"cluster":0,"glyph_id":45,"x_advance":3263,"x_offset":0,"y_advance":0,"y_offset":0},{"cluster":1,"glyph_id":88,"x_advance":3925,"x_offset":3263,"y_advance":0,"y_offset":0},{"cluster":2,"glyph_id":73,"x_advance":6363,"x_offset":7188,"y_advance":0,"y_offset":0},{"cluster":3,"glyph_id":81,"x_advance":10523,"x_offset":13551,"y_advance":0,"y_offset":0},{"cluster":4,"glyph_id":4,"x_advance":2742,"x_offset":24074,"y_advance":0,"y_offset":0},{"cluster":5,"glyph_id":56,"x_advance":7160,"x_offset":26816,"y_advance":0,"y_offset":0},{"cluster":6,"glyph_id":76,"x_advance":6609,"x_offset":33976,"y_advance":0,"y_offset":0},{"cluster":7,"glyph_id":86,"x_advance":3955,"x_offset":40585,"y_advance":0,"y_offset":0},{"cluster":8,"glyph_id":73,"x_advance":6363,"x_offset":44540,"y_advance":0,"y_offset":0},{"cluster":9,"glyph_id":73,"x_advance":6363,"x_offset":50903,"y_advance":0,"y_offset":0}],"height":14400,"id":"row3_1","text_runs":[{"glyph_range":[0,10],"style":{"bold":false,"color":"black","font_family":"default","font_size":12000,"italic":false,"strikethrough":false,"underline":false}}],"width":146333,"x":224334,"y":133200},{"children":[],"glyphs":[{"cluster":0,"glyph_id":8,"x_advance":6744,"x_offset":0,"y_advance":0,"y_offset":0},{"cluster":1,"glyph_id":23,"x_advance":6744,"x_offset":6744,"y_advance":0,"y_offset":0},{"cluster":2,"glyph_id":20,"x_advance":6744,"x_offset":13488,"y_advance":0,"y_offset":0},{"cluster":3,"glyph_id":20,"x_advance":6744,"x_offset":20232,"y_advance":0,"y_offset":0},{"cluster":4,"glyph_id":18,"x_advance":3164,"x_offset":26976,"y_advance":0,"y_offset":0},{"cluster":5,"glyph_id":20,"x_advance":6744,"x_offset":30140,"y_advance":0,"y_offset":0},{"cluster":6,"glyph_id":20,"x_advance":6744,"x_offset":36884,"y_advance":0,"y_offset":0}],"height":14400,"id":"row3_2","text_runs":[{"glyph_range":[0,7],"style":{"bold":false,"color":"black","font_family":"default","font_size":12000,"italic":false,"strikethrough":false,"underline":false}}],"width":146333,"x":376667,"y":133200},{"children":[],"glyphs":[{"cluster":0,"glyph_id":20,"x_advance":6744,"x_offset":0,"y_advance":0,"y_offset":0},{"cluster":1,"glyph_id":20,"x_advance":6744,"x_offset":6744,"y_advance":0,"y_offset":0},{"cluster":2,"glyph_id":24,"x_advance":6744,"x_offset":13488,"y_advance":0,"y_offset":0}],"height":14400,"id":"row4_0","text_runs":[{"glyph_range":[0,3],"style":{"bold":false,"color":"black","font_family":"default","font_size":12000,"italic":false,"strikethrough":false,"underline":false}}],"width":146334,"x":72000,"y":153600},{"children":[],"glyphs":[{"cluster":0,"glyph_id":45,"x_advance":3263,"x_offset":0,"y_advance":0,"y_offset":0},{"cluster":1,"glyph_id":88,"x_advance":3925,"x_offset":3263,"y_advance":0,"y_offset":0},{"cluster":2,"glyph_id":73,"x_advance":6363,"x_offset":7188,"y_advance":0,"y_offset":0},{"cluster":3,"glyph_id":81,"x_advance":10523,"x_offset":13551,"y_advance":0,"y_offset":0},{"cluster":4,"glyph_id":4,"x_advance":2976,"x_offset":24074,"y_advance":0,"y_offset":0},{"cluster":5,"glyph_id":42,"x_advance":6509,"x_offset":27050,"y_advance":0,"y_offset":0},{"cluster":6,"glyph_id":83,"x_advance":6843,"x_offset":33559,"y_advance":0,"y_offset":0},{"cluster":7,"glyph_id":89,"x_advance":6615,"x_offset":40402,"y_advance":0,"y_offset":0},{"cluster":8,"glyph_id":86,"x_advance":4066,"x_offset":47017,"y_advance":0,"y_offset":0}],"height":14400,"id":"row4_1","text_runs":[{"glyph_range":[0,9],"style":{"bold":false,"color":"black","font_family":"default","font_size":12000,"italic":false,"strikethrough":false,"underline":false}}],"width":146333,"x":224334,"y":153600},{"children":[],"glyphs":[{"cluster":0,"glyph_id":8,"x_advance":6744,"x_offset":0,"y_advance":0,"y_offset":0},{"cluster":1,"glyph_id":24,"x_advance":6744,"x_offset":6744,"y_advance":0,"y_offset":0},{"cluster":2,"glyph_id":20,"x_advance":6744,"x_offset":13488,"y_advance":0,"y_offset":0},{"cluster":3,"glyph_id":20,"x_advance":6744,"x_offset":20232,"y_advance":0,"y_offset":0},{"cluster":4,"glyph_id":18,"x_advance":3164,"x_offset":26976,"y_advance":0,"y_offset":0},{"cluster":5,"glyph_id":20,"x_advance":6744,"x_offset":30140,"y_advance":0,"y_offset":0},{"cluster":6,"glyph_id":20,"x_advance":6744,"x_offset":36884,"y_advance":0,"y_offset":0}],"height":14400,"id":"row4_2","text_runs":[{"glyph_range":[0,7],"style":{"bold":false,"color":"black","font_family":"default","font_size":12000,"italic":false,"strikethrough":false,"underline":false}}],"width":146333,"x":376667,"y":153600},{"children":[],"glyphs":[{"cluster":0,"glyph_id":20,"x_advance":6744,"x_offset":0,"y_advance":0,"y_offset":0},{"cluster":1,"glyph_id":20,"x_advance":6744,"x_offset":6744,"y_advance":0,"y_offset":0},{"cluster":2,"glyph_id":25,"x_advance":6744,"x_offset":13488,"y_advance":0,"y_offset":0}],"height":14400,"id":"row5_0","text_runs":[{"glyph_range":[0,3],"style":{"bold":false,"color":"black","font_family":"default","font_size":12000,"italic":false,"strikethrough":false,"underline":false}}],"width":146334,"x":72000,"y":174000},{"children":[],"glyphs":[{"cluster":0,"glyph_id":45,"x_advance":3263,"x_offset":0,"y_advance":0,"y_offset":0},{"cluster":1,"glyph_id":88,"x_advance":3925,"x_offset":3263,"y_advance":0,"y_offset":0},{"cluster":2,"glyph_id":73,"x_advance":6363,"x_offset":7188,"y_advance":0,"y_offset":0},{"cluster":3,"glyph_id":81,"x_advance":10523,"x_offset":13551,"y_advance":0,"y_offset":0},{"cluster":4,"glyph_id":4,"x_advance":2976,"x_offset":24074,"y_advance":0,"y_offset":0},{"cluster":5,"glyph_id":42,"x_advance":6632,"x_offset":27050,"y_advance":0,"y_offset":0},{"cluster":6,"glyph_id":77,"x_advance":2917,"x_offset":33682,"y_advance":0,"y_offset":0},{"cluster":7,"glyph_id":90,"x_advance":5736,"x_offset":36599,"y_advance":0,"y_offset":0},{"cluster":8,"glyph_id":73,"x_advance":6363,"x_offset":42335,"y_advance":0,"y_offset":0}],"height":14400,"id":"row5_1","text_runs":[{"glyph_range":[0,9],"style":{"bold":false,"color":"black","font_family":"default","font_size":12000,"italic":false,"strikethrough":false,"underline":false}}],"width":146333,"x":224334,"y":174000},{"children":[],"glyphs":[{"cluster":0,"glyph_id":8,"x_advance":6744,"x_offset":0,"y_advance":0,"y_offset":0},{"cluster":1,"glyph_id":25,"x_advance":6744,"x_offset":6744,"y_advance":0,"y_offset":0},{"cluster":2,"glyph_id":20,"x_advance":6744,"x_offset":13488,"y_advance":0,"y_offset":0},{"cluster":3,"glyph_id":20,"x_advance":6744,"x_offset":20232,"y_advance":0,"y_offset":0},{"cluster":4,"glyph_id":18,"x_advance":3164,"x_offset":26976,"y_advance":0,"y_offset":0},{"cluster":5,"glyph_id":20,"x_advance":6744,"x_offset":30140,"y_advance":0,"y_offset":0},{"cluster":6,"glyph_id":20,"x_advance":6744,"x_offset":36884,"y_advance":0,"y_offset":0}],"height":14400,"id":"row5_2","text_runs":[{"glyph_range":[0,7],"style":{"bold":false,"color":"black","font_family":"default","font_size":12000,"italic":false,"strikethrough":false,"underline":false}}],"width":146333,"x":376667,"y":174000}],"glyphs":[],"height":116400,"id":"root","width":451000,"x":72000,"y":72000}],"glyphs":[],"height":842000,"id":"root_page_0","width":595000,"x":0,"y":0},"width":595000}]},"render_plan":{"compositing":{"alpha_mode":"premultiplied","blend_mode":"source_over","color_space":"srgb"},"pages":[{"index":0,"ops":[{"node_id":"header_0","rect":{"height":14400,"width":146334,"x":72000,"y":72000},"runs":[{"glyph_range":[0,2],"style":{"bold":false,"color":"black","font_family":"default","font_size":12000,"italic":false,"strikethrough":false,"underline":false}}],"type":"draw_text"},{"node_id":"header_1","rect":{"height":14400,"width":146333,"x":224334,"y":72000},"runs":[{"glyph_range":[0,4],"style":{"bold":false,"color":"black","font_family":"default","font_size":12000,"italic":false,"strikethrough":false,"underline":false}}],"type":"draw_text"},{"node_id":"header_2","rect":{"height":14400,"width":146333,"x":376667,"y":72000},"runs":[{"glyph_range":[0,5],"style":{"bold":false,"color":"black","font_family":"default","font_size":12000,"italic":false,"strikethrough":false,"underline":false}}],"type":"draw_text"},{"node_id":"row1_0","rect":{"height":14400,"width":146334,"x":72000,"y":92400},"runs":[{"glyph_range":[0,3],"style":{"bold":false,"color":"black","font_family":"default","font_size":12000,"italic":false,"strikethrough":false,"underline":false}}],"type":"draw_text"},{"node_id":"row1_1","rect":{"height":14400,"width":146333,"x":224334,"y":92400},"runs":[{"glyph_range":[0,8],"style":{"bold":false,"color":"black","font_family":"default","font_size":12000,"italic":false,"strikethrough":false,"underline":false}}],"type":"draw_text"},{"node_id":"row1_2","rect":{"height":14400,"width":146333,"x":376667,"y":92400},"runs":[{"glyph_range":[0,7],"style":{"bold":false,"color":"black","font_family":"default","font_size":12000,"italic":false,"strikethrough":false,"underline":false}}],"type":"draw_text"},{"node_id":"row2_0","rect":{"height":14400,"width":146334,"x":72000,"y":112800},"runs":[{"glyph_range":[0,3],"style":{"bold":false,"color":"black","font_family":"default","font_size":12000,"italic":false,"strikethrough":false,"underline":false}}],"type":"draw_text"},{"node_id":"row2_1","rect":{"height":14400,"width":146333,"x":224334,"y":112800},"runs":[{"glyph_range":[0,8],"style":{"bold":false,"color":"black","font_family":"default","font_size":12000,"italic":false,"strikethrough":false,"underline":false}}],"type":"draw_text"},{"node_id":"row2_2","rect":{"height":14400,"width":146333,"x":376667,"y":112800},"runs":[{"glyph_range":[0,7],"style":{"bold":false,"color":"black","font_family":"default","font_size":12000,"italic":false,"strikethrough":false,"underline":false}}],"type":"draw_text"},{"node_id":"row3_0","rect":{"height":14400,"width":146334,"x":72000,"y":133200},"runs":[{"glyph_range":[0,3],"style":{"bold":false,"color":"black","font_family":"default","font_size":12000,"italic":false,"strikethrough":false,"underline":false}}],"type":"draw_text"},{"node_id":"row3_1","rect":{"height":14400,"width":146333,"x":224334,"y":133200},"runs":[{"glyph_range":[0,10],"style":{"bold":false,"color":"black","font_family":"default","font_size":12000,"italic":false,"strikethrough":false,"underline":false}}],"type":"draw_text"},{"node_id":"row3_2","rect":{"height":14400,"width":146333,"x":376667,"y":133200},"runs":[{"glyph_range":[0,7],"style":{"bold":false,"color":"black","font_family":"default","font_size":12000,"italic":false,"strikethrough":false,"underline":false}}],"type":"draw_text"},{"node_id":"row4_0","rect":{"height":14400,"width":146334,"x":72000,"y":153600},"runs":[{"glyph_range":[0,3],"style":{"bold":false,"color":"black","font_family":"default","font_size":12000,"italic":false,"strikethrough":false,"underline":false}}],"type":"draw_text"},{"node_id":"row4_1","rect":{"height":14400,"width":146333,"x":224334,"y":153600},"runs":[{"glyph_range":[0,9],"style":{"bold":false,"color":"black","font_family":"default","font_size":12000,"italic":false,"strikethrough":false,"underline":false}}],"type":"draw_text"},{"node_id":"row4_2","rect":{"height":14400,"width":146333,"x":376667,"y":153600},"runs":[{"glyph_range":[0,7],"style":{"bold":false,"color":"black","font_family":"default","font_size":12000,"italic":false,"strikethrough":false,"underline":false}}],"type":"draw_text"},{"node_id":"row5_0","rect":{"height":14400,"width":146334,"x":72000,"y":174000},"runs":[{"glyph_range":[0,3],"style":{"bold":false,"color":"black","font_family":"default","font_size":12000,"italic":false,"strikethrough":false,"underline":false}}],"type":"draw_text"},{"node_id":"row5_1","rect":{"height":14400,"width":146333,"x":224334,"y":174000},"runs":[{"glyph_range":[0,9],"style":{"bold":false,"color":"black","font_family":"default","font_size":12000,"italic":false,"strikethrough":false,"underline":false}}],"type":"draw_text"},{"node_id":"row5_2","rect":{"height":14400,"width":146333,"x":376667,"y":174000},"runs":[{"glyph_range":[0,7],"style":{"bold":false,"color":"black","font_family":"default","font_size":12000,"italic":false,"strikethrough":false,"underline":false}}],"type":"draw_text"}]}]}}