{"appearance_hash":"82b5061e3f1a4077998fe255d3750d9b75d75af0de938c6b4e50b89035eaff6c","content_hash":"7b45f1113063c2f06dc01df4c67e0fc6580691a4718ad7fda75370ba7f34593f","engine_commit_sha":"UNKNOWN","engine_version":"0.1.0","geometry":{"pages":[{"height":842000,"index":0,"root":{"children":[{"children":[],"glyphs":[{"cluster":0,"glyph_id":55,"x_advance":7125,"x_offset":0,"y_advance":0,"y_offset":0},{"cluster":1,"glyph_id":88,"x_advance":3925,"x_offset":7125,"y_advance":0,"y_offset":0},{"cluster":2,"glyph_id":69,"x_advance":6527,"x_offset":11050,"y_advance":0,"y_offset":0},{"cluster":3,"glyph_id":86,"x_advance":4359,"x_offset":17577,"y_advance":0,"y_offset":0},{"cluster":4,"glyph_id":88,"x_advance":3925,"x_offset":21936,"y_advance":0,"y_offset":0},{"cluster":5,"glyph_id":4,"x_advance":2976,"x_offset":25861,"y_advance":0,"y_offset":0},{"cluster":6,"glyph_id":37,"x_advance":7828,"x_offset":28837,"y_advance":0,"y_offset":0},{"cluster":7,"glyph_id":80,"x_advance":2917,"x_offset":36665,"y_advance":0,"y_offset":0},{"cluster":8,"glyph_id":77,"x_advance":2917,"x_offset":39582,"y_advance":0,"y_offset":0},{"cluster":9,"glyph_id":75,"x_advance":6738,"x_offset":42499,"y_advance":0,"y_offset":0},{"cluster":10,"glyph_id":82,"x_advance":6626,"x_offset":49237,"y_advance":0,"y_offset":0},{"cluster":11,"glyph_id":73,"x_advance":6363,"x_offset":55863,"y_advance":0,"y_offset":0},{"cluster":12,"glyph_id":72,"x_advance":6767,"x_offset":62226,"y_advance":0,"y_offset":0},{"cluster":13,"glyph_id":4,"x_advance":2742,"x_offset":68993,"y_advance":0,"y_offset":0},{"cluster":14,"glyph_id":56,"x_advance":6580,"x_offset":71735,"y_advance":0,"y_offset":0},{"cluster":15,"glyph_id":73,"x_advance":6363,"x_offset":78315,"y_advance":0,"y_offset":0},{"cluster":16,"glyph_id":92,"x_advance":5953,"x_offset":84678,"y_advance":0,"y_offset":0},{"cluster":17,"glyph_id":88,"x_advance":3925,"x_offset":90631,"y_advance":0,"y_offset":0},{"cluster":19,"glyph_id":56,"x_advance":7160,"x_offset":0,"y_advance":0,"y_offset":16800},{"cluster":20,"glyph_id":76,"x_advance":6609,"x_offset":7160,"y_advance":0,"y_offset":16800},{"cluster":21,"glyph_id":77,"x_advance":2917,"x_offset":13769,"y_advance":0,"y_offset":16800},{"cluster":22,"glyph_id":87,"x_advance":6193,"x_offset":16686,"y_advance":0,"y_offset":16800},{"cluster":23,"glyph_id":4,"x_advance":2976,"x_offset":22879,"y_advance":0,"y_offset":16800},{"cluster":24,"glyph_id":84,"x_advance":6738,"x_offset":25855,"y_advance":0,"y_offset":16800},{"cluster":25,"glyph_id":69,"x_advance":6527,"x_offset":32593,"y_advance":0,"y_offset":16800},{"cluster":26,"glyph_id":86,"x_advance":3832,"x_offset":39120,"y_advance":0,"y_offset":16800},{"cluster":27,"glyph_id":69,"x_advance":6527,"x_offset":42952,"y_advance":0,"y_offset":16800},{"cluster":28,"glyph_id":75,"x_advance":6738,"x_offset":49479,"y_advance":0,"y_offset":16800},{"cluster":29,"glyph_id":86,"x_advance":3832,"x_offset":56217,"y_advance":0,"y_offset":16800},{"cluster":30,"glyph_id":69,"x_advance":6527,"x_offset":60049,"y_advance":0,"y_offset":16800},{"cluster":31,"glyph_id":84,"x_advance":6738,"x_offset":66576,"y_advance":0,"y_offset":16800},{"cluster":32,"glyph_id":76,"x_advance":6609,"x_offset":73314,"y_advance":0,"y_offset":16800},{"cluster":33,"glyph_id":4,"x_advance":2976,"x_offset":79923,"y_advance":0,"y_offset":16800},{"cluster":34,"glyph_id":87,"x_advance":6193,"x_offset":82899,"y_advance":0,"y_offset":16800},{"cluster":35,"glyph_id":76,"x_advance":6609,"x_offset":89092,"y_advance":0,"y_offset":16800},{"cluster":36,"glyph_id":83,"x_advance":6843,"x_offset":95701,"y_advance":0,"y_offset":16800},{"cluster":37,"glyph_id":89,"x_advance":6615,"x_offset":102544,"y_advance":0,"y_offset":16800},{"cluster":38,"glyph_id":80,"x_advance":2917,"x_offset":109159,"y_advance":0,"y_offset":16800},{"cluster":39,"glyph_id":72,"x_advance":6767,"x_offset":112076,"y_advance":0,"y_offset":16800},{"cluster":40,"glyph_id":4,"x_advance":2976,"x_offset":118843,"y_advance":0,"y_offset":16800},{"cluster":41,"glyph_id":70,"x_advance":6738,"x_offset":121819,"y_advance":0,"y_offset":16800},{"cluster":42,"glyph_id":73,"x_advance":6363,"x_offset":128557,"y_advance":0,"y_offset":16800},{"cluster":43,"glyph_id":4,"x_advance":2976,"x_offset":134920,"y_advance":0,"y_offset":16800},{"cluster":44,"glyph_id":69,"x_advance":6527,"x_offset":137896,"y_advance":0,"y_offset":16800},{"cluster":45,"glyph_id":80,"x_advance":2917,"x_offset":144423,"y_advance":0,"y_offset":16800},{"cluster":46,"glyph_id":77,"x_advance":2917,"x_offset":147340,"y_advance":0,"y_offset":16800},{"cluster":47,"glyph_id":75,"x_advance":6738,"x_offset":150257,"y_advance":0,"y_offset":16800},{"cluster":48,"glyph_id":82,"x_advance":6626,"x_offset":156995,"y_advance":0,"y_offset":16800},{"cluster":49,"glyph_id":73,"x_advance":6363,"x_offset":163621,"y_advance":0,"y_offset":16800},{"cluster":50,"glyph_id":72,"x_advance":6767,"x_offset":169984,"y_advance":0,"y_offset":16800},{"cluster":51,"glyph_id":4,"x_advance":2976,"x_offset":176751,"y_advance":0,"y_offset":16800},{"cluster":52,"glyph_id":88,"x_advance":3808,"x_offset":179727,"y_advance":0,"y_offset":16800},{"cluster":53,"glyph_id":83,"x_advance":6843,"x_offset":183535,"y_advance":0,"y_offset":16800},{"cluster":54,"glyph_id":4,"x_advance":2976,"x_offset":190378,"y_advance":0,"y_offset":16800},{"cluster":55,"glyph_id":88,"x_advance":3925,"x_offset":193354,"y_advance":0,"y_offset":16800},{"cluster":56,"glyph_id":76,"x_advance":6609,"x_offset":197279,"y_advance":0,"y_offset":16800},{"cluster":57,"glyph_id":73,"x_advance":6363,"x_offset":203888,"y_advance":0,"y_offset":16800},{"cluster":58,"glyph_id":4,"x_advance":2976,"x_offset":210251,"y_advance":0,"y_offset":16800},{"cluster":59,"glyph_id":87,"x_advance":6193,"x_offset":213227,"y_advance":0,"y_offset":16800},{"cluster":60,"glyph_id":88,"x_advance":3925,"x_offset":219420,"y_advance":0,"y_offset":16800},{"cluster":61,"glyph_id":69,"x_advance":6527,"x_offset":223345,"y_advance":0,"y_offset":16800},{"cluster":62,"glyph_id":86,"x_advance":4359,"x_offset":229872,"y_advance":0,"y_offset":16800},{"cluster":63,"glyph_id":88,"x_advance":3925,"x_offset":234231,"y_advance":0,"y_offset":16800},{"cluster":64,"glyph_id":4,"x_advance":2976,"x_offset":238156,"y_advance":0,"y_offset":16800},{"cluster":65,"glyph_id":12,"x_advance":4107,"x_offset":241132,"y_advance":0,"y_offset":16800},{"cluster":66,"glyph_id":80,"x_advance":2917,"x_offset":245239,"y_advance":0,"y_offset":16800},{"cluster":67,"glyph_id":73,"x_advance":6363,"x_offset":248156,"y_advance":0,"y_offset":16800},{"cluster":68,"glyph_id":74,"x_advance":4171,"x_offset":254519,"y_advance":0,"y_offset":16800},{"cluster":69,"glyph_id":88,"x_advance":3925,"x_offset":258690,"y_advance":0,"y_offset":16800},{"cluster":70,"glyph_id":4,"x_advance":2976,"x_offset":262615,"y_advance":0,"y_offset":16800},{"cluster":71,"glyph_id":74,"x_advance":4171,"x_offset":265591,"y_advance":0,"y_offset":16800},{"cluster":72,"glyph_id":83,"x_advance":6843,"x_offset":269762,"y_advance":0,"y_offset":16800},{"cluster":73,"glyph_id":86,"x_advance":4066,"x_offset":276605,"y_advance":0,"y_offset":16800},{"cluster":74,"glyph_id":4,"x_advance":2976,"x_offset":280671,"y_advance":0,"y_offset":16800},{"cluster":75,"glyph_id":48,"x_advance":4851,"x_offset":283647,"y_advance":0,"y_offset":16800},{"cluster":76,"glyph_id":56,"x_advance":7160,"x_offset":288498,"y_advance":0,"y_offset":16800},{"cluster":77,"glyph_id":54,"x_advance":7394,"x_offset":295658,"y_advance":0,"y_offset":16800},{"cluster":78,"glyph_id":13,"x_advance":4177,"x_offset":303052,"y_advance":0,"y_offset":16800},{"cluster":79,"glyph_id":18,"x_advance":3164,"x_offset":307229,"y_advance":0,"y_offset":16800},{"cluster":81,"glyph_id":45,"x_advance":3263,"x_offset":0,"y_advance":0,"y_offset":33600},{"cluster":82,"glyph_id":88,"x_advance":3925,"x_offset":3263,"y_advance":0,"y_offset":33600},{"cluster":83,"glyph_id":4,"x_advance":2976,"x_offset":7188,"y_advance":0,"y_offset":33600},{"cluster":84,"glyph_id":72,"x_advance":6767,"x_offset":10164,"y_advance":0,"y_offset":33600},{"cluster":85,"glyph_id":73,"x_advance":6363,"x_offset":16931,"y_advance":0,"y_offset":33600},{"cluster":86,"glyph_id":81,"x_advance":10523,"x_offset":23294,"y_advance":0,"y_offset":33600},{"cluster":87,"glyph_id":83,"x_advance":6843,"x_offset":33817,"y_advance":0,"y_offset":33600},{"cluster":88,"glyph_id":82,"x_advance":6626,"x_offset":40660,"y_advance":0,"y_offset":33600},{"cluster":89,"glyph_id":87,"x_advance":6193,"x_offset":47286,"y_advance":0,"y_offset":33600},{"cluster":90,"glyph_id":88,"x_advance":3925,"x_offset":53479,"y_advance":0,"y_offset":33600},{"cluster":91,"glyph_id":86,"x_advance":3832,"x_offset":57404,"y_advance":0,"y_offset":33600},{"cluster":92,"glyph_id":69,"x_advance":6527,"x_offset":61236,"y_advance":0,"y_offset":33600},{"cluster":93,"glyph_id":88,"x_advance":3925,"x_offset":67763,"y_advance":0,"y_offset":33600},{"cluster":94,"glyph_id":73,"x_advance":6363,"x_offset":71688,"y_advance":0,"y_offset":33600},{"cluster":95,"glyph_id":87,"x_advance":6193,"x_offset":78051,"y_advance":0,"y_offset":33600},{"cluster":96,"glyph_id":4,"x_advance":2976,"x_offset":84244,"y_advance":0,"y_offset":33600},{"cluster":97,"glyph_id":88,"x_advance":3925,"x_offset":87220,"y_advance":0,"y_offset":33600},{"cluster":98,"glyph_id":76,"x_advance":6609,"x_offset":91145,"y_advance":0,"y_offset":33600},{"cluster":99,"glyph_id":73,"x_advance":6363,"x_offset":97754,"y_advance":0,"y_offset":33600},{"cluster":100,"glyph_id":4,"x_advance":2976,"x_offset":104117,"y_advance":0,"y_offset":33600},{"cluster":101,"glyph_id":72,"x_advance":6767,"x_offset":107093,"y_advance":0,"y_offset":33600},{"cluster":102,"glyph_id":73,"x_advance":6363,"x_offset":113860,"y_advance":0,"y_offset":33600},{"cluster":103,"glyph_id":74,"x_advance":4171,"x_offset":120223,"y_advance":0,"y_offset":33600},{"cluster":104,"glyph_id":69,"x_advance":6527,"x_offset":124394,"y_advance":0,"y_offset":33600},{"cluster":105,"glyph_id":89,"x_advance":6615,"x_offset":130921,"y_advance":0,"y_offset":33600},{"cluster":106,"glyph_id":80,"x_advance":2917,"x_offset":137536,"y_advance":0,"y_offset":33600},{"cluster":107,"glyph_id":88,"x_advance":3925,"x_offset":140453,"y_advance":0,"y_offset":33600},{"cluster":108,"glyph_id":4,"x_advance":2976,"x_offset":144378,"y_advance":0,"y_offset":33600},{"cluster":109,"glyph_id":70,"x_advance":6738,"x_offset":147354,"y_advance":0,"y_offset":33600},{"cluster":110,"glyph_id":73,"x_advance":6363,"x_offset":154092,"y_advance":0,"y_offset":33600},{"cluster":111,"glyph_id":76,"x_advance":6609,"x_offset":160455,"y_advance":0,"y_offset":33600},{"cluster":112,"glyph_id":69,"x_advance":6439,"x_offset":167064,"y_advance":0,"y_offset":33600},{"cluster":113,"glyph_id":90,"x_advance":5812,"x_offset":173503,"y_advance":0,"y_offset":33600},{"cluster":114,"glyph_id":77,"x_advance":2917,"x_offset":179315,"y_advance":0,"y_offset":33600},{"cluster":115,"glyph_id":83,"x_advance":6843,"x_offset":182232,"y_advance":0,"y_offset":33600},{"cluster":116,"glyph_id":86,"x_advance":3345,"x_offset":189075,"y_advance":0,"y_offset":33600},{"cluster":117,"glyph_id":18,"x_advance":3164,"x_offset":192420,"y_advance":0,"y_offset":33600}],"height":50400,"id":"txt_start","text_runs":[{"glyph_range":[0,18],"style":{"bold":false,"color":"black","font_family":"default","font_size":12000,"italic":false,"strikethrough":false,"underline":false}},{"glyph_range":[18,79],"style":{"bold":false,"color":"black","font_family":"default","font_size":12000,"italic":false,"strikethrough":false,"underline":false}},{"glyph_range":[79,116],"style":{"bold":false,"color":"black","font_family":"default","font_size":12000,"italic":false,"strikethrough":false,"underline":false}}],"width":523000,"x":36000,"y":36000},{"children":[],"glyphs":[{"cluster":0,"glyph_id":39,"x_advance":7810,"x_offset":209459,"y_advance":0,"y_offset":0},{"cluster":1,"glyph_id":73,"x_advance":6363,"x_offset":217269,"y_advance":0,"y_offset":0},{"cluster":2,"glyph_id":82,"x_advance":6626,"x_offset":223632,"y_advance":0,"y_offset":0},{"cluster":3,"glyph_id":88,"x_advance":3925,"x_offset":230258,"y_advance":0,"y_offset":0},{"cluster":4,"glyph_id":73,"x_advance":6363,"x_offset":234183,"y_advance":0,"y_offset":0},{"cluster":5,"glyph_id":86,"x_advance":4066,"x_offset":240546,"y_advance":0,"y_offset":0},{"cluster":6,"glyph_id":4,"x_advance":2976,"x_offset":244612,"y_advance":0,"y_offset":0},{"cluster":7,"glyph_id":37,"x_advance":7828,"x_offset":247588,"y_advance":0,"y_offset":0},{"cluster":8,"glyph_id":80,"x_advance":2917,"x_offset":255416,"y_advance":0,"y_offset":0},{"cluster":9,"glyph_id":77,"x_advance":2917,"x_offset":258333,"y_advance":0,"y_offset":0},{"cluster":10,"glyph_id":75,"x_advance":6738,"x_offset":261250,"y_advance":0,"y_offset":0},{"cluster":11,"glyph_id":82,"x_advance":6626,"x_offset":267988,"y_advance":0,"y_offset":0},{"cluster":12,"glyph_id":73,"x_advance":6363,"x_offset":274614,"y_advance":0,"y_offset":0},{"cluster":13,"glyph_id":72,"x_advance":6767,"x_offset":280977,"y_advance":0,"y_offset":0},{"cluster":14,"glyph_id":4,"x_advance":2742,"x_offset":287744,"y_advance":0,"y_offset":0},{"cluster":15,"glyph_id":56,"x_advance":6580,"x_offset":290486,"y_advance":0,"y_offset":0},{"cluster":16,"glyph_id":73,"x_advance":6363,"x_offset":297066,"y_advance":0,"y_offset":0},{"cluster":17,"glyph_id":92,"x_advance":5953,"x_offset":303429,"y_advance":0,"y_offset":0},{"cluster":18,"glyph_id":88,"x_advance":3925,"x_offset":309382,"y_advance":0,"y_offset":0},{"cluster":20,"glyph_id":56,"x_advance":7160,"x_offset":167648,"y_advance":0,"y_offset":16800},{"cluster":21,"glyph_id":76,"x_advance":6609,"x_offset":174808,"y_advance":0,"y_offset":16800},{"cluster":22,"glyph_id":77,"x_advance":2917,"x_offset":181417,"y_advance":0,"y_offset":16800},{"cluster":23,"glyph_id":87,"x_advance":6193,"x_offset":184334,"y_advance":0,"y_offset":16800},{"cluster":24,"glyph_id":4,"x_advance":2976,"x_offset":190527,"y_advance":0,"y_offset":16800},{"cluster":25,"glyph_id":84,"x_advance":6738,"x_offset":193503,"y_advance":0,"y_offset":16800},{"cluster":26,"glyph_id":69,"x_advance":6527,"x_offset":200241,"y_advance":0,"y_offset":16800},{"cluster":27,"glyph_id":86,"x_advance":3832,"x_offset":206768,"y_advance":0,"y_offset":16800},{"cluster":28,"glyph_id":69,"x_advance":6527,"x_offset":210600,"y_advance":0,"y_offset":16800},{"cluster":29,"glyph_id":75,"x_advance":6738,"x_offset":217127,"y_advance":0,"y_offset":16800},{"cluster":30,"glyph_id":86,"x_advance":3832,"x_offset":223865,"y_advance":0,"y_offset":16800},{"cluster":31,"glyph_id":69,"x_advance":6527,"x_offset":227697,"y_advance":0,"y_offset":16800},{"cluster":32,"glyph_id":84,"x_advance":6738,"x_offset":234224,"y_advance":0,"y_offset":16800},{"cluster":33,"glyph_id":76,"x_advance":6609,"x_offset":240962,"y_advance":0,"y_offset":16800},{"cluster":34,"glyph_id":4,"x_advance":2976,"x_offset":247571,"y_advance":0,"y_offset":16800},{"cluster":35,"glyph_id":87,"x_advance":6193,"x_offset":250547,"y_advance":0,"y_offset":16800},{"cluster":36,"glyph_id":76,"x_advance":6609,"x_offset":256740,"y_advance":0,"y_offset":16800},{"cluster":37,"glyph_id":83,"x_advance":6843,"x_offset":263349,"y_advance":0,"y_offset":16800},{"cluster":38,"glyph_id":89,"x_advance":6615,"x_offset":270192,"y_advance":0,"y_offset":16800},{"cluster":39,"glyph_id":80,"x_advance":2917,"x_offset":276807,"y_advance":0,"y_offset":16800},{"cluster":40,"glyph_id":72,"x_advance":6767,"x_offset":279724,"y_advance":0,"y_offset":16800},{"cluster":41,"glyph_id":4,"x_advance":2976,"x_offset":286491,"y_advance":0,"y_offset":16800},{"cluster":42,"glyph_id":70,"x_advance":6738,"x_offset":289467,"y_advance":0,"y_offset":16800},{"cluster":43,"glyph_id":73,"x_advance":6363,"x_offset":296205,"y_advance":0,"y_offset":16800},{"cluster":44,"glyph_id":4,"x_advance":2976,"x_offset":302568,"y_advance":0,"y_offset":16800},{"cluster":45,"glyph_id":71,"x_advance":6281,"x_offset":305544,"y_advance":0,"y_offset":16800},{"cluster":46,"glyph_id":73,"x_advance":6363,"x_offset":311825,"y_advance":0,"y_offset":16800},{"cluster":47,"glyph_id":82,"x_advance":6626,"x_offset":318188,"y_advance":0,"y_offset":16800},{"cluster":48,"glyph_id":88,"x_advance":3925,"x_offset":324814,"y_advance":0,"y_offset":16800},{"cluster":49,"glyph_id":73,"x_advance":6363,"x_offset":328739,"y_advance":0,"y_offset":16800},{"cluster":50,"glyph_id":86,"x_advance":3955,"x_offset":335102,"y_advance":0,"y_offset":16800},{"cluster":51,"glyph_id":73,"x_advance":6363,"x_offset":339057,"y_advance":0,"y_offset":16800},{"cluster":52,"glyph_id":72,"x_advance":6767,"x_offset":345420,"y_advance":0,"y_offset":16800},{"cluster":53,"glyph_id":18,"x_advance":3164,"x_offset":352187,"y_advance":0,"y_offset":16800},{"cluster":55,"glyph_id":50,"x_advance":8560,"x_offset":134997,"y_advance":0,"y_offset":33600},{"cluster":56,"glyph_id":83,"x_advance":6843,"x_offset":143557,"y_advance":0,"y_offset":33600},{"cluster":57,"glyph_id":88,"x_advance":3925,"x_offset":150400,"y_advance":0,"y_offset":33600},{"cluster":58,"glyph_id":77,"x_advance":2917,"x_offset":154325,"y_advance":0,"y_offset":33600},{"cluster":59,"glyph_id":71,"x_advance":6281,"x_offset":157242,"y_advance":0,"y_offset":33600},{"cluster":60,"glyph_id":73,"x_advance":6363,"x_offset":163523,"y_advance":0,"y_offset":33600},{"cluster":61,"glyph_id":4,"x_advance":2976,"x_offset":169886,"y_advance":0,"y_offset":33600},{"cluster":62,"glyph_id":76,"x_advance":6609,"x_offset":172862,"y_advance":0,"y_offset":33600},{"cluster":63,"glyph_id":83,"x_advance":6843,"x_offset":179471,"y_advance":0,"y_offset":33600},{"cluster":64,"glyph_id":91,"x_advance":9017,"x_offset":186314,"y_advance":0,"y_offset":33600},{"cluster":65,"glyph_id":4,"x_advance":2976,"x_offset":195331,"y_advance":0,"y_offset":33600},{"cluster":66,"glyph_id":73,"x_advance":6363,"x_offset":198307,"y_advance":0,"y_offset":33600},{"cluster":67,"glyph_id":69,"x_advance":6527,"x_offset":204670,"y_advance":0,"y_offset":33600},{"cluster":68,"glyph_id":71,"x_advance":6281,"x_offset":211197,"y_advance":0,"y_offset":33600},{"cluster":69,"glyph_id":76,"x_advance":6609,"x_offset":217478,"y_advance":0,"y_offset":33600},{"cluster":70,"glyph_id":4,"x_advance":2976,"x_offset":224087,"y_advance":0,"y_offset":33600},{"cluster":71,"glyph_id":80,"x_advance":2917,"x_offset":227063,"y_advance":0,"y_offset":33600},{"cluster":72,"glyph_id":77,"x_advance":2917,"x_offset":229980,"y_advance":0,"y_offset":33600},{"cluster":73,"glyph_id":82,"x_advance":6626,"x_offset":232897,"y_advance":0,"y_offset":33600},{"cluster":74,"glyph_id":73,"x_advance":6363,"x_offset":239523,"y_advance":0,"y_offset":33600},{"cluster":75,"glyph_id":4,"x_advance":2976,"x_offset":245886,"y_advance":0,"y_offset":33600},{"cluster":76,"glyph_id":77,"x_advance":2917,"x_offset":248862,"y_advance":0,"y_offset":33600},{"cluster":77,"glyph_id":87,"x_advance":6193,"x_offset":251779,"y_advance":0,"y_offset":33600},{"cluster":78,"glyph_id":4,"x_advance":2976,"x_offset":257972,"y_advance":0,"y_offset":33600},{"cluster":79,"glyph_id":71,"x_advance":6281,"x_offset":260948,"y_advance":0,"y_offset":33600},{"cluster":80,"glyph_id":73,"x_advance":6363,"x_offset":267229,"y_advance":0,"y_offset":33600},{"cluster":81,"glyph_id":82,"x_advance":6626,"x_offset":273592,"y_advance":0,"y_offset":33600},{"cluster":82,"glyph_id":88,"x_advance":3925,"x_offset":280218,"y_advance":0,"y_offset":33600},{"cluster":83,"glyph_id":73,"x_advance":6363,"x_offset":284143,"y_advance":0,"y_offset":33600},{"cluster":84,"glyph_id":86,"x_advance":3955,"x_offset":290506,"y_advance":0,"y_offset":33600},{"cluster":85,"glyph_id":73,"x_advance":6363,"x_offset":294461,"y_advance":0,"y_offset":33600},{"cluster":86,"glyph_id":72,"x_advance":6767,"x_offset":300824,"y_advance":0,"y_offset":33600},{"cluster":87,"glyph_id":4,"x_advance":2976,"x_offset":307591,"y_advance":0,"y_offset":33600},{"cluster":88,"glyph_id":91,"x_advance":9017,"x_offset":310567,"y_advance":0,"y_offset":33600},{"cluster":89,"glyph_id":77,"x_advance":2917,"x_offset":319584,"y_advance":0,"y_offset":33600},{"cluster":90,"glyph_id":88,"x_advance":3925,"x_offset":322501,"y_advance":0,"y_offset":33600},{"cluster":91,"glyph_id":76,"x_advance":6609,"x_offset":326426,"y_advance":0,"y_offset":33600},{"cluster":92,"glyph_id":77,"x_advance":2917,"x_offset":333035,"y_advance":0,"y_offset":33600},{"cluster":93,"glyph_id":82,"x_advance":6626,"x_offset":335952,"y_advance":0,"y_offset":33600},{"cluster":94,"glyph_id":4,"x_advance":2976,"x_offset":342578,"y_advance":0,"y_offset":33600},{"cluster":95,"glyph_id":88,"x_advance":3925,"x_offset":345554,"y_advance":0,"y_offset":33600},{"cluster":96,"glyph_id":76,"x_advance":6609,"x_offset":349479,"y_advance":0,"y_offset":33600},{"cluster":97,"glyph_id":73,"x_advance":6363,"x_offset":356088,"y_advance":0,"y_offset":33600},{"cluster":98,"glyph_id":4,"x_advance":2976,"x_offset":362451,"y_advance":0,"y_offset":33600},{"cluster":99,"glyph_id":70,"x_advance":6738,"x_offset":365427,"y_advance":0,"y_offset":33600},{"cluster":100,"glyph_id":83,"x_advance":6720,"x_offset":372165,"y_advance":0,"y_offset":33600},{"cluster":101,"glyph_id":92,"x_advance":5953,"x_offset":378885,"y_advance":0,"y_offset":33600},{"cluster":102,"glyph_id":18,"x_advance":3164,"x_offset":384838,"y_advance":0,"y_offset":33600}],"height":50400,"id":"txt_center","text_runs":[{"glyph_range":[0,19],"style":{"bold":false,"color":"black","font_family":"default","font_size":12000,"italic":false,"strikethrough":false,"underline":false}},{"glyph_range":[19,53],"style":{"bold":false,"color":"black","font_family":"default","font_size":12000,"italic":false,"strikethrough":false,"underline":false}},{"glyph_range":[53,101],"style":{"bold":false,"color":"black","font_family":"default","font_size":12000,"italic":false,"strikethrough":false,"underline":false}}],"width":523000,"x":36000,"y":106400},{"children":[],"glyphs":[{"cluster":0,"glyph_id":41,"x_advance":6820,"x_offset":433858,"y_advance":0,"y_offset":0},{"cluster":1,"glyph_id":82,"x_advance":6626,"x_offset":440678,"y_advance":0,"y_offset":0},{"cluster":2,"glyph_id":72,"x_advance":6767,"x_offset":447304,"y_advance":0,"y_offset":0},{"cluster":3,"glyph_id":4,"x_advance":2976,"x_offset":454071,"y_advance":0,"y_offset":0},{"cluster":4,"glyph_id":37,"x_advance":7828,"x_offset":457047,"y_advance":0,"y_offset":0},{"cluster":5,"glyph_id":80,"x_advance":2917,"x_offset":464875,"y_advance":0,"y_offset":0},{"cluster":6,"glyph_id":77,"x_advance":2917,"x_offset":467792,"y_advance":0,"y_offset":0},{"cluster":7,"glyph_id":75,"x_advance":6738,"x_offset":470709,"y_advance":0,"y_offset":0},{"cluster":8,"glyph_id":82,"x_advance":6626,"x_offset":477447,"y_advance":0,"y_offset":0},{"cluster":9,"glyph_id":73,"x_advance":6363,"x_offset":484073,"y_advance":0,"y_offset":0},{"cluster":10,"glyph_id":72,"x_advance":6767,"x_offset":490436,"y_advance":0,"y_offset":0},{"cluster":11,"glyph_id":4,"x_advance":2742,"x_offset":497203,"y_advance":0,"y_offset":0},{"cluster":12,"glyph_id":56,"x_advance":6580,"x_offset":499945,"y_advance":0,"y_offset":0},{"cluster":13,"glyph_id":73,"x_advance":6363,"x_offset":506525,"y_advance":0,"y_offset":0},{"cluster":14,"glyph_id":92,"x_advance":5953,"x_offset":512888,"y_advance":0,"y_offset":0},{"cluster":15,"glyph_id":88,"x_advance":3925,"x_offset":518841,"y_advance":0,"y_offset":0},{"cluster":17,"glyph_id":56,"x_advance":7160,"x_offset":210901,"y_advance":0,"y_offset":16800},{"cluster":18,"glyph_id":76,"x_advance":6609,"x_offset":218061,"y_advance":0,"y_offset":16800},{"cluster":19,"glyph_id":77,"x_advance":2917,"x_offset":224670,"y_advance":0,"y_offset":16800},{"cluster":20,"glyph_id":87,"x_advance":6193,"x_offset":227587,"y_advance":0,"y_offset":16800},{"cluster":21,"glyph_id":4,"x_advance":2976,"x_offset":233780,"y_advance":0,"y_offset":16800},{"cluster":22,"glyph_id":84,"x_advance":6738,"x_offset":236756,"y_advance":0,"y_offset":16800},{"cluster":23,"glyph_id":69,"x_advance":6527,"x_offset":243494,"y_advance":0,"y_offset":16800},{"cluster":24,"glyph_id":86,"x_advance":3832,"x_offset":250021,"y_advance":0,"y_offset":16800},{"cluster":25,"glyph_id":69,"x_advance":6527,"x_offset":253853,"y_advance":0,"y_offset":16800},{"cluster":26,"glyph_id":75,"x_advance":6738,"x_offset":260380,"y_advance":0,"y_offset":16800},{"cluster":27,"glyph_id":86,"x_advance":3832,"x_offset":267118,"y_advance":0,"y_offset":16800},{"cluster":28,"glyph_id":69,"x_advance":6527,"x_offset":270950,"y_advance":0,"y_offset":16800},{"cluster":29,"glyph_id":84,"x_advance":6738,"x_offset":277477,"y_advance":0,"y_offset":16800},{"cluster":30,"glyph_id":76,"x_advance":6609,"x_offset":284215,"y_advance":0,"y_offset":16800},{"cluster":31,"glyph_id":4,"x_advance":2976,"x_offset":290824,"y_advance":0,"y_offset":16800},{"cluster":32,"glyph_id":87,"x_advance":6193,"x_offset":293800,"y_advance":0,"y_offset":16800},{"cluster":33,"glyph_id":76,"x_advance":6609,"x_offset":299993,"y_advance":0,"y_offset":16800},{"cluster":34,"glyph_id":83,"x_advance":6843,"x_offset":306602,"y_advance":0,"y_offset":16800},{"cluster":35,"glyph_id":89,"x_advance":6615,"x_offset":313445,"y_advance":0,"y_offset":16800},{"cluster":36,"glyph_id":80,"x_advance":2917,"x_offset":320060,"y_advance":0,"y_offset":16800},{"cluster":37,"glyph_id":72,"x_advance":6767,"x_offset":322977,"y_advance":0,"y_offset":16800},{"cluster":38,"glyph_id":4,"x_advance":2976,"x_offset":329744,"y_advance":0,"y_offset":16800},{"cluster":39,"glyph_id":70,"x_advance":6738,"x_offset":332720,"y_advance":0,"y_offset":16800},{"cluster":40,"glyph_id":73,"x_advance":6363,"x_offset":339458,"y_advance":0,"y_offset":16800},{"cluster":41,"glyph_id":4,"x_advance":2976,"x_offset":345821,"y_advance":0,"y_offset":16800},{"cluster":42,"glyph_id":69,"x_advance":6527,"x_offset":348797,"y_advance":0,"y_offset":16800},{"cluster":43,"glyph_id":80,"x_advance":2917,"x_offset":355324,"y_advance":0,"y_offset":16800},{"cluster":44,"glyph_id":77,"x_advance":2917,"x_offset":358241,"y_advance":0,"y_offset":16800},{"cluster":45,"glyph_id":75,"x_advance":6738,"x_offset":361158,"y_advance":0,"y_offset":16800},{"cluster":46,"glyph_id":82,"x_advance":6626,"x_offset":367896,"y_advance":0,"y_offset":16800},{"cluster":47,"glyph_id":73,"x_advance":6363,"x_offset":374522,"y_advance":0,"y_offset":16800},{"cluster":48,"glyph_id":72,"x_advance":6767,"x_offset":380885,"y_advance":0,"y_offset":16800},{"cluster":49,"glyph_id":4,"x_advance":2976,"x_offset":387652,"y_advance":0,"y_offset":16800},{"cluster":50,"glyph_id":88,"x_advance":3808,"x_offset":390628,"y_advance":0,"y_offset":16800},{"cluster":51,"glyph_id":83,"x_advance":6843,"x_offset":394436,"y_advance":0,"y_offset":16800},{"cluster":52,"glyph_id":4,"x_advance":2976,"x_offset":401279,"y_advance":0,"y_offset":16800},{"cluster":53,"glyph_id":88,"x_advance":3925,"x_offset":404255,"y_advance":0,"y_offset":16800},{"cluster":54,"glyph_id":76,"x_advance":6609,"x_offset":408180,"y_advance":0,"y_offset":16800},{"cluster":55,"glyph_id":73,"x_advance":6363,"x_offset":414789,"y_advance":0,"y_offset":16800},{"cluster":56,"glyph_id":4,"x_advance":2976,"x_offset":421152,"y_advance":0,"y_offset":16800},{"cluster":57,"glyph_id":73,"x_advance":6363,"x_offset":424128,"y_advance":0,"y_offset":16800},{"cluster":58,"glyph_id":82,"x_advance":6626,"x_offset":430491,"y_advance":0,"y_offset":16800},{"cluster":59,"glyph_id":72,"x_advance":6767,"x_offset":437117,"y_advance":0,"y_offset":16800},{"cluster":60,"glyph_id":4,"x_advance":2976,"x_offset":443884,"y_advance":0,"y_offset":16800},{"cluster":61,"glyph_id":12,"x_advance":4107,"x_offset":446860,"y_advance":0,"y_offset":16800},{"cluster":62,"glyph_id":86,"x_advance":4066,"x_offset":450967,"y_advance":0,"y_offset":16800},{"cluster":63,"glyph_id":77,"x_advance":2917,"x_offset":455033,"y_advance":0,"y_offset":16800},{"cluster":64,"glyph_id":75,"x_advance":6738,"x_offset":457950,"y_advance":0,"y_offset":16800},{"cluster":65,"glyph_id":76,"x_advance":6609,"x_offset":464688,"y_advance":0,"y_offset":16800},{"cluster":66,"glyph_id":88,"x_advance":3925,"x_offset":471297,"y_advance":0,"y_offset":16800},{"cluster":67,"glyph_id":4,"x_advance":2976,"x_offset":475222,"y_advance":0,"y_offset":16800},{"cluster":68,"glyph_id":74,"x_advance":4171,"x_offset":478198,"y_advance":0,"y_offset":16800},{"cluster":69,"glyph_id":83,"x_advance":6843,"x_offset":482369,"y_advance":0,"y_offset":16800},{"cluster":70,"glyph_id":86,"x_advance":4066,"x_offset":489212,"y_advance":0,"y_offset":16800},{"cluster":71,"glyph_id":4,"x_advance":2976,"x_offset":493278,"y_advance":0,"y_offset":16800},{"cluster":72,"glyph_id":48,"x_advance":4851,"x_offset":496254,"y_advance":0,"y_offset":16800},{"cluster":73,"glyph_id":56,"x_advance":7160,"x_offset":501105,"y_advance":0,"y_offset":16800},{"cluster":74,"glyph_id":54,"x_advance":7394,"x_offset":508265,"y_advance":0,"y_offset":16800},{"cluster":75,"glyph_id":13,"x_advance":4177,"x_offset":515659,"y_advance":0,"y_offset":16800},{"cluster":76,"glyph_id":18,"x_advance":3164,"x_offset":519836,"y_advance":0,"y_offset":16800},{"cluster":78,"glyph_id":39,"x_advance":7810,"x_offset":242024,"y_advance":0,"y_offset":33600},{"cluster":79,"glyph_id":83,"x_advance":6843,"x_offset":249834,"y_advance":0,"y_offset":33600},{"cluster":80,"glyph_id":81,"x_advance":10523,"x_offset":256677,"y_advance":0,"y_offset":33600},{"cluster":81,"glyph_id":81,"x_advance":10523,"x_offset":267200,"y_advance":0,"y_offset":33600},{"cluster":82,"glyph_id":83,"x_advance":6843,"x_offset":277723,"y_advance":0,"y_offset":33600},{"cluster":83,"glyph_id":82,"x_advance":6626,"x_offset":284566,"y_advance":0,"y_offset":33600},{"cluster":84,"glyph_id":80,"x_advance":2917,"x_offset":291192,"y_advance":0,"y_offset":33600},{"cluster":85,"glyph_id":93,"x_advance":5677,"x_offset":294109,"y_advance":0,"y_offset":33600},{"cluster":86,"glyph_id":4,"x_advance":2976,"x_offset":299786,"y_advance":0,"y_offset":33600},{"cluster":87,"glyph_id":89,"x_advance":6615,"x_offset":302762,"y_advance":0,"y_offset":33600},{"cluster":88,"glyph_id":87,"x_advance":6193,"x_offset":309377,"y_advance":0,"y_offset":33600},{"cluster":89,"glyph_id":73,"x_advance":6363,"x_offset":315570,"y_advance":0,"y_offset":33600},{"cluster":90,"glyph_id":72,"x_advance":6767,"x_offset":321933,"y_advance":0,"y_offset":33600},{"cluster":91,"glyph_id":4,"x_advance":2976,"x_offset":328700,"y_advance":0,"y_offset":33600},{"cluster":92,"glyph_id":74,"x_advance":4171,"x_offset":331676,"y_advance":0,"y_offset":33600},{"cluster":93,"glyph_id":83,"x_advance":6843,"x_offset":335847,"y_advance":0,"y_offset":33600},{"cluster":94,"glyph_id":86,"x_advance":4066,"x_offset":342690,"y_advance":0,"y_offset":33600},{"cluster":95,"glyph_id":4,"x_advance":2976,"x_offset":346756,"y_advance":0,"y_offset":33600},{"cluster":96,"glyph_id":82,"x_advance":6626,"x_offset":349732,"y_advance":0,"y_offset":33600},{"cluster":97,"glyph_id":89,"x_advance":6615,"x_offset":356358,"y_advance":0,"y_offset":33600},{"cluster":98,"glyph_id":81,"x_advance":10523,"x_offset":362973,"y_advance":0,"y_offset":33600},{"cluster":99,"glyph_id":73,"x_advance":6363,"x_offset":373496,"y_advance":0,"y_offset":33600},{"cluster":100,"glyph_id":86,"x_advance":4066,"x_offset":379859,"y_advance":0,"y_offset":33600},{"cluster":101,"glyph_id":77,"x_advance":2917,"x_offset":383925,"y_advance":0,"y_offset":33600},{"cluster":102,"glyph_id":71,"x_advance":6281,"x_offset":386842,"y_advance":0,"y_offset":33600},{"cluster":103,"glyph_id":4,"x_advance":2976,"x_offset":393123,"y_advance":0,"y_offset":33600},{"cluster":104,"glyph_id":72,"x_advance":6767,"x_offset":396099,"y_advance":0,"y_offset":33600},{"cluster":105,"glyph_id":69,"x_advance":6527,"x_offset":402866,"y_advance":0,"y_offset":33600},{"cluster":106,"glyph_id":88,"x_advance":3925,"x_offset":409393,"y_advance":0,"y_offset":33600},{"cluster":107,"glyph_id":69,"x_advance":6527,"x_offset":413318,"y_advance":0,"y_offset":33600},{"cluster":108,"glyph_id":4,"x_advance":2976,"x_offset":419845,"y_advance":0,"y_offset":33600},{"cluster":109,"glyph_id":83,"x_advance":6843,"x_offset":422821,"y_advance":0,"y_offset":33600},{"cluster":110,"glyph_id":86,"x_advance":4066,"x_offset":429664,"y_advance":0,"y_offset":33600},{"cluster":111,"glyph_id":4,"x_advance":2976,"x_offset":433730,"y_advance":0,"y_offset":33600},{"cluster":112,"glyph_id":87,"x_advance":6193,"x_offset":436706,"y_advance":0,"y_offset":33600},{"cluster":113,"glyph_id":84,"x_advance":6738,"x_offset":442899,"y_advance":0,"y_offset":33600},{"cluster":114,"glyph_id":73,"x_advance":6363,"x_offset":449637,"y_advance":0,"y_offset":33600},{"cluster":115,"glyph_id":71,"x_advance":6281,"x_offset":456000,"y_advance":0,"y_offset":33600},{"cluster":116,"glyph_id":77,"x_advance":2917,"x_offset":462281,"y_advance":0,"y_offset":33600},{"cluster":117,"glyph_id":69,"x_advance":6527,"x_offset":465198,"y_advance":0,"y_offset":33600},{"cluster":118,"glyph_id":80,"x_advance":2917,"x_offset":471725,"y_advance":0,"y_offset":33600},{"cluster":119,"glyph_id":4,"x_advance":2976,"x_offset":474642,"y_advance":0,"y_offset":33600},{"cluster":120,"glyph_id":71,"x_advance":6281,"x_offset":477618,"y_advance":0,"y_offset":33600},{"cluster":121,"glyph_id":69,"x_advance":6527,"x_offset":483899,"y_advance":0,"y_offset":33600},{"cluster":122,"glyph_id":80,"x_advance":2917,"x_offset":490426,"y_advance":0,"y_offset":33600},{"cluster":123,"glyph_id":80,"x_advance":2917,"x_offset":493343,"y_advance":0,"y_offset":33600},{"cluster":124,"glyph_id":83,"x_advance":6843,"x_offset":496260,"y_advance":0,"y_offset":33600},{"cluster":125,"glyph_id":89,"x_advance":6615,"x_offset":503103,"y_advance":0,"y_offset":33600},{"cluster":126,"glyph_id":88,"x_advance":3925,"x_offset":509718,"y_advance":0,"y_offset":33600},{"cluster":127,"glyph_id":87,"x_advance":6193,"x_offset":513643,"y_advance":0,"y_offset":33600},{"cluster":128,"glyph_id":18,"x_advance":3164,"x_offset":519836,"y_advance":0,"y_offset":33600}],"height":50400,"id":"txt_end","text_runs":[{"glyph_range":[0,16],"style":{"bold":false,"color":"black","font_family":"default","font_size":12000,"italic":false,"strikethrough":false,"underline":false}},{"glyph_range":[16,76],"style":{"bold":false,"color":"black","font_family":"default","font_size":12000,"italic":false,"strikethrough":false,"underline":false}},{"glyph_range":[76,127],"style":{"bold":false,"color":"black","font_family":"default","font_size":12000,"italic":false,"strikethrough":false,"underline":false}}],"width":523000,"x":36000,"y":176800}],"glyphs":[],"height":842000,"id":"root_page_0","width":595000,"x":0,"y":0},"width":595000}]},"render_plan":{"compositing":{"alpha_mode":"premultiplied","blend_mode":"source_over","color_space":"srgb"},"pages":[{"index":0,"ops":[{"decoration":{"background":{"color":"#F3F4F6","type":"solid"}},"node_id":"txt_start","rect":{"height":50400,"width":523000,"x":36000,"y":36000},"type":"draw_box"},{"node_id":"txt_start","rect":{"height":50400,"width":523000,"x":36000,"y":36000},"runs":[{"glyph_range":[0,18],"style":{"bold":false,"color":"black","font_family":"default","font_size":12000,"italic":false,"strikethrough":false,"underline":false}},{"glyph_range":[18,79],"style":{"bold":false,"color":"black","font_family":"default","font_size":12000,"italic":false,"strikethrough":false,"underline":false}},{"glyph_range":[79,116],"style":{"bold":false,"color":"black","font_family":"default","font_size":12000,"italic":false,"strikethrough":false,"underline":false}}],"type":"draw_text"},{"decoration":{"background":{"color":"#F3F4F6","type":"solid"}},"node_id":"txt_center","rect":{"height":50400,"width":523000,"x":36000,"y":106400},"type":"draw_box"},{"node_id":"txt_center","rect":{"height":50400,"width":523000,"x":36000,"y":106400},"runs":[{"glyph_range":[0,19],"style":{"bold":false,"color":"black","font_family":"default","font_size":12000,"italic":false,"strikethrough":false,"underline":false}},{"glyph_range":[19,53],"style":{"bold":false,"color":"black","font_family":"default","font_size":12000,"italic":false,"strikethrough":false,"underline":false}},{"glyph_range":[53,101],"style":{"bold":false,"color":"black","font_family":"default","font_size":12000,"italic":false,"strikethrough":false,"underline":false}}],"type":"draw_text"},{"decoration":{"background":{"color":"#F3F4F6","type":"solid"}},"node_id":"txt_end","rect":{"height":50400,"width":523000,"x":36000,"y":176800},"type":"draw_box"},{"node_id":"txt_end","rect":{"height":50400,"width":523000,"x":36000,"y":176800},"runs":[{"glyph_range":[0,16],"style":{"bold":false,"color":"black","font_family":"default","font_size":12000,"italic":false,"strikethrough":false,"underline":false}},{"glyph_range":[16,76],"style":{"bold":false,"color":"black","font_family":"default","font_size":12000,"italic":false,"strikethrough":false,"underline":false}},{"glyph_range":[76,127],"style":{"bold":false,"color":"black","font_family":"default","font_size":12000,"italic":false,"strikethrough":false,"underline":false}}],"type":"draw_text"}]}]}}