{"appearance_hash":"7c93200d3c71b33a4e21e41d1fb446497c9e69e0adbb36693f42fdfbaeacd31b","content_hash":"e3b0728613536f4c3ae7e6d59599b8cf0853f54913048399b231538963226f4f","engine_commit_sha":"UNKNOWN","engine_version":"0.1.0","geometry":{"pages":[{"height":842000,"index":0,"root":{"children":[{"children":[],"fill_rects":[{"height":480,"width":4804,"x":295098,"y":82200}],"glyphs":[{"cluster":4294967295,"glyph_id":1960,"x_advance":0,"x_offset":218022,"y_advance":0,"y_offset":-3228},{"cluster":4294967295,"glyph_id":1959,"x_advance":0,"x_offset":218022,"y_advance":0,"y_offset":5652},{"cluster":4294967295,"glyph_id":1780,"x_advance":0,"x_offset":223098,"y_advance":0,"y_offset":-6108},{"cluster":4294967295,"glyph_id":1781,"x_advance":0,"x_offset":223098,"y_advance":0,"y_offset":6372},{"cluster":4294967295,"glyph_id":1963,"x_advance":0,"x_offset":229102,"y_advance":0,"y_offset":-3228},{"cluster":4294967295,"glyph_id":1962,"x_advance":0,"x_offset":229102,"y_advance":0,"y_offset":5652}],"height":20880,"id":"eq.1","text_runs":[{"glyph_range":[0,2],"style":{"bold":false,"color":"#000000","font_family":"default","font_size":12000,"italic":false,"strikethrough":false,"underline":false}},{"glyph_range":[2,4],"style":{"bold":false,"color":"#000000","font_family":"default","font_size":8400,"italic":false,"strikethrough":false,"underline":false}},{"glyph_range":[4,6],"style":{"bold":false,"color":"#000000","font_family":"default","font_size":12000,"italic":false,"strikethrough":false,"underline":false}}],"width":451000,"x":72000,"y":72000}],"glyphs":[],"height":842000,"id":"root_page_0","width":595000,"x":0,"y":0},"width":595000}]},"render_plan":{"compositing":{"alpha_mode":"premultiplied","blend_mode":"source_over","color_space":"srgb"},"pages":[{"index":0,"ops":[{"decoration":{"background":{"color":"#000000","type":"solid"}},"node_id":"eq.1::rule_0","rect":{"height":480,"width":4804,"x":295098,"y":82200},"type":"draw_box"},{"node_id":"eq.1","rect":{"height":20880,"width":451000,"x":72000,"y":72000},"runs":[{"glyph_range":[0,2],"style":{"bold":false,"color":"#000000","font_family":"default","font_size":12000,"italic":false,"strikethrough":false,"underline":false}},{"glyph_range":[2,4],"style":{"bold":false,"color":"#000000","font_family":"default","font_size":8400,"italic":false,"strikethrough":false,"underline":false}},{"glyph_range":[4,6],"style":{"bold":false,"color":"#000000","font_family":"default","font_size":12000,"italic":false,"strikethrough":false,"underline":false}}],"type":"draw_text"}]}]}}