{"appearance_hash":"a130463d3b9e75931c56a47a595ba4c685134ae0cb3134833a7b35c855f678a2","content_hash":"ab05590fe587b9e53d3e36b89211af2597d85433901f4071819edb86bba99ac1","engine_commit_sha":"UNKNOWN","engine_version":"0.1.0","geometry":{"pages":[{"height":842000,"index":0,"root":{"children":[{"children":[],"glyphs":[],"height":349000,"id":"img_0","width":451000,"x":72000,"y":72000},{"children":[],"glyphs":[],"height":349000,"id":"img_1","width":451000,"x":72000,"y":421000}],"glyphs":[],"height":842000,"id":"root_page_0","width":595000,"x":0,"y":0},"width":595000},{"height":842000,"index":1,"root":{"children":[{"children":[],"glyphs":[],"height":349000,"id":"img_2","width":451000,"x":72000,"y":72000},{"children":[],"glyphs":[],"height":349000,"id":"img_3","width":451000,"x":72000,"y":421000}],"glyphs":[],"height":842000,"id":"root_page_1","width":595000,"x":0,"y":0},"width":595000},{"height":842000,"index":2,"root":{"children":[{"children":[],"glyphs":[],"height":349000,"id":"img_4","width":451000,"x":72000,"y":72000},{"children":[],"glyphs":[],"height":349000,"id":"img_5","width":451000,"x":72000,"y":421000}],"glyphs":[],"height":842000,"id":"root_page_2","width":595000,"x":0,"y":0},"width":595000},{"height":842000,"index":3,"root":{"children":[{"children":[],"glyphs":[],"height":349000,"id":"img_6","width":451000,"x":72000,"y":72000},{"children":[],"glyphs":[],"height":349000,"id":"img_7","width":451000,"x":72000,"y":421000}],"glyphs":[],"height":842000,"id":"root_page_3","width":595000,"x":0,"y":0},"width":595000},{"height":842000,"index":4,"root":{"children":[{"children":[],"glyphs":[],"height":349000,"id":"img_8","width":451000,"x":72000,"y":72000},{"children":[],"glyphs":[],"height":349000,"id":"img_9","width":451000,"x":72000,"y":421000}],"glyphs":[],"height":842000,"id":"root_page_4","width":595000,"x":0,"y":0},"width":595000},{"height":842000,"index":5,"root":{"children":[{"children":[],"glyphs":[],"height":349000,"id":"img_10","width":451000,"x":72000,"y":72000},{"children":[],"glyphs":[],"height":349000,"id":"img_11","width":451000,"x":72000,"y":421000}],"glyphs":[],"height":842000,"id":"root_page_5","width":595000,"x":0,"y":0},"width":595000},{"height":842000,"index":6,"root":{"children":[{"children":[],"glyphs":[],"height":349000,"id":"img_12","width":451000,"x":72000,"y":72000},{"children":[],"glyphs":[],"height":349000,"id":"img_13","width":451000,"x":72000,"y":421000}],"glyphs":[],"height":842000,"id":"root_page_6","width":595000,"x":0,"y":0},"width":595000},{"height":842000,"index":7,"root":{"children":[{"children":[],"glyphs":[],"height":349000,"id":"img_14","width":451000,"x":72000,"y":72000},{"children":[],"glyphs":[],"height":349000,"id":"img_15","width":451000,"x":72000,"y":421000}],"glyphs":[],"height":842000,"id":"root_page_7","width":595000,"x":0,"y":0},"width":595000},{"height":842000,"index":8,"root":{"children":[{"children":[],"glyphs":[],"height":349000,"id":"img_16","width":451000,"x":72000,"y":72000},{"children":[],"glyphs":[],"height":349000,"id":"img_17","width":451000,"x":72000,"y":421000}],"glyphs":[],"height":842000,"id":"root_page_8","width":595000,"x":0,"y":0},"width":595000},{"height":842000,"index":9,"root":{"children":[{"children":[],"glyphs":[],"height":349000,"id":"img_18","width":451000,"x":72000,"y":72000},{"children":[],"glyphs":[],"height":349000,"id":"img_19","width":451000,"x":72000,"y":421000}],"glyphs":[],"height":842000,"id":"root_page_9","width":595000,"x":0,"y":0},"width":595000},{"height":842000,"index":10,"root":{"children":[{"children":[],"glyphs":[],"height":349000,"id":"img_20","width":451000,"x":72000,"y":72000},{"children":[],"glyphs":[],"height":349000,"id":"img_21","width":451000,"x":72000,"y":421000}],"glyphs":[],"height":842000,"id":"root_page_10","width":595000,"x":0,"y":0},"width":595000},{"height":842000,"index":11,"root":{"children":[{"children":[],"glyphs":[],"height":349000,"id":"img_22","width":451000,"x":72000,"y":72000},{"children":[],"glyphs":[],"height":349000,"id":"img_23","width":451000,"x":72000,"y":421000}],"glyphs":[],"height":842000,"id":"root_page_11","width":595000,"x":0,"y":0},"width":595000},{"height":842000,"index":12,"root":{"children":[{"children":[],"glyphs":[],"height":349000,"id":"img_24","width":451000,"x":72000,"y":72000},{"children":[],"glyphs":[],"height":349000,"id":"img_25","width":451000,"x":72000,"y":421000}],"glyphs":[],"height":842000,"id":"root_page_12","width":595000,"x":0,"y":0},"width":595000},{"height":842000,"index":13,"root":{"children":[{"children":[],"glyphs":[],"height":349000,"id":"img_26","width":451000,"x":72000,"y":72000},{"children":[],"glyphs":[],"height":349000,"id":"img_27","width":451000,"x":72000,"y":421000}],"glyphs":[],"height":842000,"id":"root_page_13","width":595000,"x":0,"y":0},"width":595000},{"height":842000,"index":14,"root":{"children":[{"children":[],"glyphs":[],"height":349000,"id":"img_28","width":451000,"x":72000,"y":72000},{"children":[],"glyphs":[],"height":349000,"id":"img_29","width":451000,"x":72000,"y":421000}],"glyphs":[],"height":842000,"id":"root_page_14","width":595000,"x":0,"y":0},"width":595000},{"height":842000,"index":15,"root":{"children":[{"children":[],"glyphs":[],"height":349000,"id":"img_30","width":451000,"x":72000,"y":72000},{"children":[],"glyphs":[],"height":349000,"id":"img_31","width":451000,"x":72000,"y":421000}],"glyphs":[],"height":842000,"id":"root_page_15","width":595000,"x":0,"y":0},"width":595000},{"height":842000,"index":16,"root":{"children":[{"children":[],"glyphs":[],"height":349000,"id":"img_32","width":451000,"x":72000,"y":72000},{"children":[],"glyphs":[],"height":349000,"id":"img_33","width":451000,"x":72000,"y":421000}],"glyphs":[],"height":842000,"id":"root_page_16","width":595000,"x":0,"y":0},"width":595000},{"height":842000,"index":17,"root":{"children":[{"children":[],"glyphs":[],"height":349000,"id":"img_34","width":451000,"x":72000,"y":72000},{"children":[],"glyphs":[],"height":349000,"id":"img_35","width":451000,"x":72000,"y":421000}],"glyphs":[],"height":842000,"id":"root_page_17","width":595000,"x":0,"y":0},"width":595000},{"height":842000,"index":18,"root":{"children":[{"children":[],"glyphs":[],"height":349000,"id":"img_36","width":451000,"x":72000,"y":72000},{"children":[],"glyphs":[],"height":349000,"id":"img_37","width":451000,"x":72000,"y":421000}],"glyphs":[],"height":842000,"id":"root_page_18","width":595000,"x":0,"y":0},"width":595000},{"height":842000,"index":19,"root":{"children":[{"children":[],"glyphs":[],"height":349000,"id":"img_38","width":451000,"x":72000,"y":72000},{"children":[],"glyphs":[],"height":349000,"id":"img_39","width":451000,"x":72000,"y":421000}],"glyphs":[],"height":842000,"id":"root_page_19","width":595000,"x":0,"y":0},"width":595000},{"height":842000,"index":20,"root":{"children":[{"children":[],"glyphs":[],"height":349000,"id":"img_40","width":451000,"x":72000,"y":72000},{"children":[],"glyphs":[],"height":349000,"id":"img_41","width":451000,"x":72000,"y":421000}],"glyphs":[],"height":842000,"id":"root_page_20","width":595000,"x":0,"y":0},"width":595000},{"height":842000,"index":21,"root":{"children":[{"children":[],"glyphs":[],"height":349000,"id":"img_42","width":451000,"x":72000,"y":72000},{"children":[],"glyphs":[],"height":349000,"id":"img_43","width":451000,"x":72000,"y":421000}],"glyphs":[],"height":842000,"id":"root_page_21","width":595000,"x":0,"y":0},"width":595000},{"height":842000,"index":22,"root":{"children":[{"children":[],"glyphs":[],"height":349000,"id":"img_44","width":451000,"x":72000,"y":72000},{"children":[],"glyphs":[],"height":349000,"id":"img_45","width":451000,"x":72000,"y":421000}],"glyphs":[],"height":842000,"id":"root_page_22","width":595000,"x":0,"y":0},"width":595000},{"height":842000,"index":23,"root":{"children":[{"children":[],"glyphs":[],"height":349000,"id":"img_46","width":451000,"x":72000,"y":72000},{"children":[],"glyphs":[],"height":349000,"id":"img_47","width":451000,"x":72000,"y":421000}],"glyphs":[],"height":842000,"id":"root_page_23","width":595000,"x":0,"y":0},"width":595000},{"height":842000,"index":24,"root":{"children":[{"children":[],"glyphs":[],"height":349000,"id":"img_48","width":451000,"x":72000,"y":72000},{"children":[],"glyphs":[],"height":349000,"id":"img_49","width":451000,"x":72000,"y":421000}],"glyphs":[],"height":842000,"id":"root_page_24","width":595000,"x":0,"y":0},"width":595000}]},"render_plan":{"compositing":{"alpha_mode":"premultiplied","blend_mode":"source_over","color_space":"srgb"},"pages":[{"index":0,"ops":[{"node_id":"img_0","rect":{"height":349000,"width":451000,"x":72000,"y":72000},"src":"asset://img_0","type":"draw_image"},{"node_id":"img_1","rect":{"height":349000,"width":451000,"x":72000,"y":421000},"src":"asset://img_1","type":"draw_image"}]},{"index":1,"ops":[{"node_id":"img_2","rect":{"height":349000,"width":451000,"x":72000,"y":72000},"src":"asset://img_2","type":"draw_image"},{"node_id":"img_3","rect":{"height":349000,"width":451000,"x":72000,"y":421000},"src":"asset://img_3","type":"draw_image"}]},{"index":2,"ops":[{"node_id":"img_4","rect":{"height":349000,"width":451000,"x":72000,"y":72000},"src":"asset://img_4","type":"draw_image"},{"node_id":"img_5","rect":{"height":349000,"width":451000,"x":72000,"y":421000},"src":"asset://img_5","type":"draw_image"}]},{"index":3,"ops":[{"node_id":"img_6","rect":{"height":349000,"width":451000,"x":72000,"y":72000},"src":"asset://img_6","type":"draw_image"},{"node_id":"img_7","rect":{"height":349000,"width":451000,"x":72000,"y":421000},"src":"asset://img_7","type":"draw_image"}]},{"index":4,"ops":[{"node_id":"img_8","rect":{"height":349000,"width":451000,"x":72000,"y":72000},"src":"asset://img_8","type":"draw_image"},{"node_id":"img_9","rect":{"height":349000,"width":451000,"x":72000,"y":421000},"src":"asset://img_9","type":"draw_image"}]},{"index":5,"ops":[{"node_id":"img_10","rect":{"height":349000,"width":451000,"x":72000,"y":72000},"src":"asset://img_10","type":"draw_image"},{"node_id":"img_11","rect":{"height":349000,"width":451000,"x":72000,"y":421000},"src":"asset://img_11","type":"draw_image"}]},{"index":6,"ops":[{"node_id":"img_12","rect":{"height":349000,"width":451000,"x":72000,"y":72000},"src":"asset://img_12","type":"draw_image"},{"node_id":"img_13","rect":{"height":349000,"width":451000,"x":72000,"y":421000},"src":"asset://img_13","type":"draw_image"}]},{"index":7,"ops":[{"node_id":"img_14","rect":{"height":349000,"width":451000,"x":72000,"y":72000},"src":"asset://img_14","type":"draw_image"},{"node_id":"img_15","rect":{"height":349000,"width":451000,"x":72000,"y":421000},"src":"asset://img_15","type":"draw_image"}]},{"index":8,"ops":[{"node_id":"img_16","rect":{"height":349000,"width":451000,"x":72000,"y":72000},"src":"asset://img_16","type":"draw_image"},{"node_id":"img_17","rect":{"height":349000,"width":451000,"x":72000,"y":421000},"src":"asset://img_17","type":"draw_image"}]},{"index":9,"ops":[{"node_id":"img_18","rect":{"height":349000,"width":451000,"x":72000,"y":72000},"src":"asset://img_18","type":"draw_image"},{"node_id":"img_19","rect":{"height":349000,"width":451000,"x":72000,"y":421000},"src":"asset://img_19","type":"draw_image"}]},{"index":10,"ops":[{"node_id":"img_20","rect":{"height":349000,"width":451000,"x":72000,"y":72000},"src":"asset://img_20","type":"draw_image"},{"node_id":"img_21","rect":{"height":349000,"width":451000,"x":72000,"y":421000},"src":"asset://img_21","type":"draw_image"}]},{"index":11,"ops":[{"node_id":"img_22","rect":{"height":349000,"width":451000,"x":72000,"y":72000},"src":"asset://img_22","type":"draw_image"},{"node_id":"img_23","rect":{"height":349000,"width":451000,"x":72000,"y":421000},"src":"asset://img_23","type":"draw_image"}]},{"index":12,"ops":[{"node_id":"img_24","rect":{"height":349000,"width":451000,"x":72000,"y":72000},"src":"asset://img_24","type":"draw_image"},{"node_id":"img_25","rect":{"height":349000,"width":451000,"x":72000,"y":421000},"src":"asset://img_25","type":"draw_image"}]},{"index":13,"ops":[{"node_id":"img_26","rect":{"height":349000,"width":451000,"x":72000,"y":72000},"src":"asset://img_26","type":"draw_image"},{"node_id":"img_27","rect":{"height":349000,"width":451000,"x":72000,"y":421000},"src":"asset://img_27","type":"draw_image"}]},{"index":14,"ops":[{"node_id":"img_28","rect":{"height":349000,"width":451000,"x":72000,"y":72000},"src":"asset://img_28","type":"draw_image"},{"node_id":"img_29","rect":{"height":349000,"width":451000,"x":72000,"y":421000},"src":"asset://img_29","type":"draw_image"}]},{"index":15,"ops":[{"node_id":"img_30","rect":{"height":349000,"width":451000,"x":72000,"y":72000},"src":"asset://img_30","type":"draw_image"},{"node_id":"img_31","rect":{"height":349000,"width":451000,"x":72000,"y":421000},"src":"asset://img_31","type":"draw_image"}]},{"index":16,"ops":[{"node_id":"img_32","rect":{"height":349000,"width":451000,"x":72000,"y":72000},"src":"asset://img_32","type":"draw_image"},{"node_id":"img_33","rect":{"height":349000,"width":451000,"x":72000,"y":421000},"src":"asset://img_33","type":"draw_image"}]},{"index":17,"ops":[{"node_id":"img_34","rect":{"height":349000,"width":451000,"x":72000,"y":72000},"src":"asset://img_34","type":"draw_image"},{"node_id":"img_35","rect":{"height":349000,"width":451000,"x":72000,"y":421000},"src":"asset://img_35","type":"draw_image"}]},{"index":18,"ops":[{"node_id":"img_36","rect":{"height":349000,"width":451000,"x":72000,"y":72000},"src":"asset://img_36","type":"draw_image"},{"node_id":"img_37","rect":{"height":349000,"width":451000,"x":72000,"y":421000},"src":"asset://img_37","type":"draw_image"}]},{"index":19,"ops":[{"node_id":"img_38","rect":{"height":349000,"width":451000,"x":72000,"y":72000},"src":"asset://img_38","type":"draw_image"},{"node_id":"img_39","rect":{"height":349000,"width":451000,"x":72000,"y":421000},"src":"asset://img_39","type":"draw_image"}]},{"index":20,"ops":[{"node_id":"img_40","rect":{"height":349000,"width":451000,"x":72000,"y":72000},"src":"asset://img_40","type":"draw_image"},{"node_id":"img_41","rect":{"height":349000,"width":451000,"x":72000,"y":421000},"src":"asset://img_41","type":"draw_image"}]},{"index":21,"ops":[{"node_id":"img_42","rect":{"height":349000,"width":451000,"x":72000,"y":72000},"src":"asset://img_42","type":"draw_image"},{"node_id":"img_43","rect":{"height":349000,"width":451000,"x":72000,"y":421000},"src":"asset://img_43","type":"draw_image"}]},{"index":22,"ops":[{"node_id":"img_44","rect":{"height":349000,"width":451000,"x":72000,"y":72000},"src":"asset://img_44","type":"draw_image"},{"node_id":"img_45","rect":{"height":349000,"width":451000,"x":72000,"y":421000},"src":"asset://img_45","type":"draw_image"}]},{"index":23,"ops":[{"node_id":"img_46","rect":{"height":349000,"width":451000,"x":72000,"y":72000},"src":"asset://img_46","type":"draw_image"},{"node_id":"img_47","rect":{"height":349000,"width":451000,"x":72000,"y":421000},"src":"asset://img_47","type":"draw_image"}]},{"index":24,"ops":[{"node_id":"img_48","rect":{"height":349000,"width":451000,"x":72000,"y":72000},"src":"asset://img_48","type":"draw_image"},{"node_id":"img_49","rect":{"height":349000,"width":451000,"x":72000,"y":421000},"src":"asset://img_49","type":"draw_image"}]}]}}