{"appearance_hash":"17ab70671467c9e0a93fc2fb11e85b01f5af1fa445332e96df5e58c96c817e08","content_hash":"e919bb173d09bd4da0cce4f19cf70840716fb70078b32d1f56f127e9cd302747","engine_commit_sha":"UNKNOWN","engine_version":"0.1.0","geometry":{"pages":[{"height":842000,"index":0,"root":{"children":[{"children":[{"children":[],"glyphs":[{"cluster":0,"glyph_id":39,"x_advance":9112,"x_offset":0,"y_advance":0,"y_offset":0},{"cluster":1,"glyph_id":73,"x_advance":7423,"x_offset":9112,"y_advance":0,"y_offset":0},{"cluster":2,"glyph_id":82,"x_advance":7731,"x_offset":16535,"y_advance":0,"y_offset":0},{"cluster":3,"glyph_id":88,"x_advance":4580,"x_offset":24266,"y_advance":0,"y_offset":0},{"cluster":4,"glyph_id":73,"x_advance":7423,"x_offset":28846,"y_advance":0,"y_offset":0},{"cluster":5,"glyph_id":86,"x_advance":4614,"x_offset":36269,"y_advance":0,"y_offset":0},{"cluster":6,"glyph_id":73,"x_advance":7423,"x_offset":40883,"y_advance":0,"y_offset":0},{"cluster":7,"glyph_id":72,"x_advance":7895,"x_offset":48306,"y_advance":0,"y_offset":0}],"height":16800,"id":"v_text","text_runs":[{"glyph_range":[0,8],"style":{"bold":false,"color":"#111827","font_family":"default","font_size":14000,"italic":false,"strikethrough":false,"underline":false}}],"width":56201,"x":203899,"y":108600},{"children":[],"glyphs":[],"height":50000,"id":"v_img","width":90000,"x":187000,"y":135400},{"children":[],"glyphs":[],"height":40000,"id":"v_shape","width":140000,"x":162000,"y":195400}],"glyphs":[],"height":200000,"id":"v_stack","width":451000,"x":72000,"y":72000},{"children":[{"children":[],"glyphs":[],"height":30000,"id":"h_shape","width":70000,"x":216417,"y":374000},{"children":[],"glyphs":[],"height":90000,"id":"h_img","width":50000,"x":298417,"y":314000},{"children":[],"glyphs":[{"cluster":0,"glyph_id":41,"x_advance":7957,"x_offset":0,"y_advance":0,"y_offset":0},{"cluster":1,"glyph_id":82,"x_advance":7731,"x_offset":7957,"y_advance":0,"y_offset":0},{"cluster":2,"glyph_id":72,"x_advance":7895,"x_offset":15688,"y_advance":0,"y_offset":0}],"height":16800,"id":"h_text","text_runs":[{"glyph_range":[0,3],"style":{"bold":false,"color":"#111827","font_family":"default","font_size":14000,"italic":false,"strikethrough":false,"underline":false}}],"width":23583,"x":360417,"y":387200}],"glyphs":[],"height":140000,"id":"h_stack","width":451000,"x":72000,"y":272000}],"glyphs":[],"height":842000,"id":"root_page_0","width":595000,"x":0,"y":0},"width":595000}]},"render_plan":{"compositing":{"alpha_mode":"premultiplied","blend_mode":"source_over","color_space":"srgb"},"pages":[{"index":0,"ops":[{"decoration":{"background":{"color":"#EEF2FF","type":"solid"},"border":{"color":"#1F2937","width_pt":1000},"corner_radius_pt":12000},"node_id":"v_stack","rect":{"height":200000,"width":451000,"x":72000,"y":72000},"type":"draw_box"},{"node_id":"v_text","rect":{"height":16800,"width":56201,"x":203899,"y":108600},"runs":[{"glyph_range":[0,8],"style":{"bold":false,"color":"#111827","font_family":"default","font_size":14000,"italic":false,"strikethrough":false,"underline":false}}],"type":"draw_text"},{"node_id":"v_img","rect":{"height":50000,"width":90000,"x":187000,"y":135400},"src":"asset://missing_ok.png","type":"draw_image"},{"decoration":{"background":{"color":"#4F46E5","type":"solid"},"border":{"color":"#111827","width_pt":1000},"corner_radius_pt":8000},"node_id":"v_shape","rect":{"height":40000,"width":140000,"x":162000,"y":195400},"type":"draw_box"},{"decoration":{"background":{"color":"#EEF2FF","type":"solid"},"border":{"color":"#1F2937","width_pt":1000},"corner_radius_pt":12000},"node_id":"h_stack","rect":{"height":140000,"width":451000,"x":72000,"y":272000},"type":"draw_box"},{"decoration":{"background":{"color":"#4F46E5","type":"solid"},"border":{"color":"#111827","width_pt":1000},"corner_radius_pt":8000},"node_id":"h_shape","rect":{"height":30000,"width":70000,"x":216417,"y":374000},"type":"draw_box"},{"node_id":"h_img","rect":{"height":90000,"width":50000,"x":298417,"y":314000},"src":"asset://missing_ok_2.png","type":"draw_image"},{"node_id":"h_text","rect":{"height":16800,"width":23583,"x":360417,"y":387200},"runs":[{"glyph_range":[0,3],"style":{"bold":false,"color":"#111827","font_family":"default","font_size":14000,"italic":false,"strikethrough":false,"underline":false}}],"type":"draw_text"}]}]}}