{"appearance_hash":"3afdfdc791afcb1528bd991a7998c240fcd101c39ea5ece809ec5472ced6408e","content_hash":"68ddc5ac646f40c2db9e6d49f3beb432042bc8560c19eb71022ec311858011d0","engine_commit_sha":"UNKNOWN","engine_version":"0.1.0","geometry":{"pages":[{"height":842000,"index":0,"root":{"children":[{"children":[{"children":[],"glyphs":[{"cluster":0,"glyph_id":39,"x_advance":7810,"x_offset":0,"y_advance":0,"y_offset":0},{"cluster":1,"glyph_id":73,"x_advance":6363,"x_offset":7810,"y_advance":0,"y_offset":0},{"cluster":2,"glyph_id":80,"x_advance":2917,"x_offset":14173,"y_advance":0,"y_offset":0},{"cluster":3,"glyph_id":80,"x_advance":2917,"x_offset":17090,"y_advance":0,"y_offset":0},{"cluster":4,"glyph_id":12,"x_advance":4107,"x_offset":20007,"y_advance":0,"y_offset":0},{"cluster":5,"glyph_id":21,"x_advance":6744,"x_offset":24114,"y_advance":0,"y_offset":0},{"cluster":6,"glyph_id":16,"x_advance":2361,"x_offset":30858,"y_advance":0,"y_offset":0},{"cluster":7,"glyph_id":21,"x_advance":6744,"x_offset":33219,"y_advance":0,"y_offset":0},{"cluster":8,"glyph_id":13,"x_advance":4177,"x_offset":39963,"y_advance":0,"y_offset":0},{"cluster":9,"glyph_id":4,"x_advance":2976,"x_offset":44140,"y_advance":0,"y_offset":0},{"cluster":10,"glyph_id":80,"x_advance":2917,"x_offset":47116,"y_advance":0,"y_offset":0},{"cluster":11,"glyph_id":77,"x_advance":2917,"x_offset":50033,"y_advance":0,"y_offset":0},{"cluster":12,"glyph_id":82,"x_advance":6626,"x_offset":52950,"y_advance":0,"y_offset":0},{"cluster":13,"glyph_id":73,"x_advance":6363,"x_offset":59576,"y_advance":0,"y_offset":0},{"cluster":14,"glyph_id":4,"x_advance":2976,"x_offset":65939,"y_advance":0,"y_offset":0},{"cluster":15,"glyph_id":21,"x_advance":6744,"x_offset":68915,"y_advance":0,"y_offset":0}],"height":14400,"id":"c1_t1","text_runs":[{"glyph_range":[0,16],"style":{"bold":false,"color":"#000000","font_family":"default","font_size":12000,"italic":false,"strikethrough":false,"underline":false}}],"width":451000,"x":72000,"y":72000},{"children":[],"glyphs":[{"cluster":0,"glyph_id":39,"x_advance":7810,"x_offset":0,"y_advance":0,"y_offset":0},{"cluster":1,"glyph_id":73,"x_advance":6363,"x_offset":7810,"y_advance":0,"y_offset":0},{"cluster":2,"glyph_id":80,"x_advance":2917,"x_offset":14173,"y_advance":0,"y_offset":0},{"cluster":3,"glyph_id":80,"x_advance":2917,"x_offset":17090,"y_advance":0,"y_offset":0},{"cluster":4,"glyph_id":12,"x_advance":4107,"x_offset":20007,"y_advance":0,"y_offset":0},{"cluster":5,"glyph_id":21,"x_advance":6744,"x_offset":24114,"y_advance":0,"y_offset":0},{"cluster":6,"glyph_id":16,"x_advance":2361,"x_offset":30858,"y_advance":0,"y_offset":0},{"cluster":7,"glyph_id":21,"x_advance":6744,"x_offset":33219,"y_advance":0,"y_offset":0},{"cluster":8,"glyph_id":13,"x_advance":4177,"x_offset":39963,"y_advance":0,"y_offset":0},{"cluster":9,"glyph_id":4,"x_advance":2976,"x_offset":44140,"y_advance":0,"y_offset":0},{"cluster":10,"glyph_id":80,"x_advance":2917,"x_offset":47116,"y_advance":0,"y_offset":0},{"cluster":11,"glyph_id":77,"x_advance":2917,"x_offset":50033,"y_advance":0,"y_offset":0},{"cluster":12,"glyph_id":82,"x_advance":6626,"x_offset":52950,"y_advance":0,"y_offset":0},{"cluster":13,"glyph_id":73,"x_advance":6363,"x_offset":59576,"y_advance":0,"y_offset":0},{"cluster":14,"glyph_id":4,"x_advance":2976,"x_offset":65939,"y_advance":0,"y_offset":0},{"cluster":15,"glyph_id":22,"x_advance":6744,"x_offset":68915,"y_advance":0,"y_offset":0}],"height":14400,"id":"c1_t2","text_runs":[{"glyph_range":[0,16],"style":{"bold":false,"color":"#000000","font_family":"default","font_size":12000,"italic":false,"strikethrough":false,"underline":false}}],"width":451000,"x":72000,"y":90400}],"glyphs":[],"height":32800,"id":"cell_1","width":451000,"x":72000,"y":72000},{"children":[{"children":[],"glyphs":[{"cluster":0,"glyph_id":37,"x_advance":7828,"x_offset":0,"y_advance":0,"y_offset":0}],"height":14400,"id":"c2_a","text_runs":[{"glyph_range":[0,1],"style":{"bold":false,"color":"#000000","font_family":"default","font_size":12000,"italic":false,"strikethrough":false,"underline":false}}],"width":7828,"x":72000,"y":104800},{"children":[],"glyphs":[{"cluster":0,"glyph_id":38,"x_advance":7476,"x_offset":0,"y_advance":0,"y_offset":0}],"height":14400,"id":"c2_b","text_runs":[{"glyph_range":[0,1],"style":{"bold":false,"color":"#000000","font_family":"default","font_size":12000,"italic":false,"strikethrough":false,"underline":false}}],"width":7476,"x":87828,"y":104800},{"children":[],"glyphs":[{"cluster":0,"glyph_id":39,"x_advance":7810,"x_offset":0,"y_advance":0,"y_offset":0}],"height":14400,"id":"c2_c","text_runs":[{"glyph_range":[0,1],"style":{"bold":false,"color":"#000000","font_family":"default","font_size":12000,"italic":false,"strikethrough":false,"underline":false}}],"width":7810,"x":103304,"y":104800}],"glyphs":[],"height":14400,"id":"cell_2","width":451000,"x":72000,"y":104800},{"children":[{"children":[],"glyphs":[{"cluster":0,"glyph_id":50,"x_advance":8560,"x_offset":0,"y_advance":0,"y_offset":0},{"cluster":1,"glyph_id":73,"x_advance":6363,"x_offset":8560,"y_advance":0,"y_offset":0},{"cluster":2,"glyph_id":87,"x_advance":6193,"x_offset":14923,"y_advance":0,"y_offset":0},{"cluster":3,"glyph_id":88,"x_advance":3925,"x_offset":21116,"y_advance":0,"y_offset":0},{"cluster":4,"glyph_id":73,"x_advance":6363,"x_offset":25041,"y_advance":0,"y_offset":0},{"cluster":5,"glyph_id":72,"x_advance":6767,"x_offset":31404,"y_advance":0,"y_offset":0},{"cluster":6,"glyph_id":4,"x_advance":2976,"x_offset":38171,"y_advance":0,"y_offset":0},{"cluster":7,"glyph_id":87,"x_advance":6193,"x_offset":41147,"y_advance":0,"y_offset":0},{"cluster":8,"glyph_id":88,"x_advance":3925,"x_offset":47340,"y_advance":0,"y_offset":0},{"cluster":9,"glyph_id":69,"x_advance":6527,"x_offset":51265,"y_advance":0,"y_offset":0},{"cluster":10,"glyph_id":71,"x_advance":6281,"x_offset":57792,"y_advance":0,"y_offset":0},{"cluster":11,"glyph_id":79,"x_advance":6082,"x_offset":64073,"y_advance":0,"y_offset":0},{"cluster":12,"glyph_id":4,"x_advance":2976,"x_offset":70155,"y_advance":0,"y_offset":0},{"cluster":13,"glyph_id":77,"x_advance":2917,"x_offset":73131,"y_advance":0,"y_offset":0},{"cluster":14,"glyph_id":82,"x_advance":6626,"x_offset":76048,"y_advance":0,"y_offset":0},{"cluster":15,"glyph_id":87,"x_advance":6193,"x_offset":82674,"y_advance":0,"y_offset":0},{"cluster":16,"glyph_id":77,"x_advance":2917,"x_offset":88867,"y_advance":0,"y_offset":0},{"cluster":17,"glyph_id":72,"x_advance":6767,"x_offset":91784,"y_advance":0,"y_offset":0},{"cluster":18,"glyph_id":73,"x_advance":6363,"x_offset":98551,"y_advance":0,"y_offset":0},{"cluster":19,"glyph_id":4,"x_advance":2976,"x_offset":104914,"y_advance":0,"y_offset":0},{"cluster":20,"glyph_id":75,"x_advance":6738,"x_offset":107890,"y_advance":0,"y_offset":0},{"cluster":21,"glyph_id":86,"x_advance":4066,"x_offset":114628,"y_advance":0,"y_offset":0},{"cluster":22,"glyph_id":77,"x_advance":2917,"x_offset":118694,"y_advance":0,"y_offset":0},{"cluster":23,"glyph_id":72,"x_advance":6767,"x_offset":121611,"y_advance":0,"y_offset":0}],"height":14400,"id":"c3_inner","text_runs":[{"glyph_range":[0,24],"style":{"bold":false,"color":"#000000","font_family":"default","font_size":12000,"italic":false,"strikethrough":false,"underline":false}}],"width":451000,"x":72000,"y":119200}],"glyphs":[],"height":14400,"id":"cell_3","width":451000,"x":72000,"y":119200},{"children":[],"glyphs":[{"cluster":0,"glyph_id":38,"x_advance":7476,"x_offset":0,"y_advance":0,"y_offset":0},{"cluster":1,"glyph_id":83,"x_advance":6843,"x_offset":7476,"y_advance":0,"y_offset":0},{"cluster":2,"glyph_id":88,"x_advance":3925,"x_offset":14319,"y_advance":0,"y_offset":0},{"cluster":3,"glyph_id":88,"x_advance":3808,"x_offset":18244,"y_advance":0,"y_offset":0},{"cluster":4,"glyph_id":83,"x_advance":6843,"x_offset":22052,"y_advance":0,"y_offset":0},{"cluster":5,"glyph_id":81,"x_advance":10523,"x_offset":28895,"y_advance":0,"y_offset":0},{"cluster":6,"glyph_id":17,"x_advance":3316,"x_offset":39418,"y_advance":0,"y_offset":0},{"cluster":7,"glyph_id":86,"x_advance":4066,"x_offset":42734,"y_advance":0,"y_offset":0},{"cluster":8,"glyph_id":77,"x_advance":2917,"x_offset":46800,"y_advance":0,"y_offset":0},{"cluster":9,"glyph_id":75,"x_advance":6738,"x_offset":49717,"y_advance":0,"y_offset":0},{"cluster":10,"glyph_id":76,"x_advance":6609,"x_offset":56455,"y_advance":0,"y_offset":0},{"cluster":11,"glyph_id":88,"x_advance":3925,"x_offset":63064,"y_advance":0,"y_offset":0}],"height":14400,"id":"cell_4","text_runs":[{"glyph_range":[0,12],"style":{"bold":false,"color":"#000000","font_family":"default","font_size":12000,"italic":false,"strikethrough":false,"underline":false}}],"width":451000,"x":72000,"y":133600}],"glyphs":[],"height":842000,"id":"root_page_0","width":595000,"x":0,"y":0},"width":595000}]},"render_plan":{"compositing":{"alpha_mode":"premultiplied","blend_mode":"source_over","color_space":"srgb"},"pages":[{"index":0,"ops":[{"node_id":"c1_t1","rect":{"height":14400,"width":451000,"x":72000,"y":72000},"runs":[{"glyph_range":[0,16],"style":{"bold":false,"color":"#000000","font_family":"default","font_size":12000,"italic":false,"strikethrough":false,"underline":false}}],"type":"draw_text"},{"node_id":"c1_t2","rect":{"height":14400,"width":451000,"x":72000,"y":90400},"runs":[{"glyph_range":[0,16],"style":{"bold":false,"color":"#000000","font_family":"default","font_size":12000,"italic":false,"strikethrough":false,"underline":false}}],"type":"draw_text"},{"node_id":"c2_a","rect":{"height":14400,"width":7828,"x":72000,"y":104800},"runs":[{"glyph_range":[0,1],"style":{"bold":false,"color":"#000000","font_family":"default","font_size":12000,"italic":false,"strikethrough":false,"underline":false}}],"type":"draw_text"},{"node_id":"c2_b","rect":{"height":14400,"width":7476,"x":87828,"y":104800},"runs":[{"glyph_range":[0,1],"style":{"bold":false,"color":"#000000","font_family":"default","font_size":12000,"italic":false,"strikethrough":false,"underline":false}}],"type":"draw_text"},{"node_id":"c2_c","rect":{"height":14400,"width":7810,"x":103304,"y":104800},"runs":[{"glyph_range":[0,1],"style":{"bold":false,"color":"#000000","font_family":"default","font_size":12000,"italic":false,"strikethrough":false,"underline":false}}],"type":"draw_text"},{"node_id":"c3_inner","rect":{"height":14400,"width":451000,"x":72000,"y":119200},"runs":[{"glyph_range":[0,24],"style":{"bold":false,"color":"#000000","font_family":"default","font_size":12000,"italic":false,"strikethrough":false,"underline":false}}],"type":"draw_text"},{"node_id":"cell_4","rect":{"height":14400,"width":451000,"x":72000,"y":133600},"runs":[{"glyph_range":[0,12],"style":{"bold":false,"color":"#000000","font_family":"default","font_size":12000,"italic":false,"strikethrough":false,"underline":false}}],"type":"draw_text"}]}]}}