{"appearance_hash":"65fd6c2b4ea34b4c5686cc7e3275e6b2ee00e8b2b67e98d4eec7cc1cff058c49","content_hash":"5468490105e8ba85fa7878d2e9d069e83adf8efc537f1cdb70963de7b25212fa","engine_commit_sha":"UNKNOWN","engine_version":"0.1.0","geometry":{"pages":[{"height":842000,"index":0,"root":{"children":[{"children":[],"glyphs":[],"height":140000,"id":"img_missing","width":451000,"x":72000,"y":72000}],"glyphs":[],"height":842000,"id":"root_page_0","width":595000,"x":0,"y":0},"width":595000}]},"render_plan":{"compositing":{"alpha_mode":"premultiplied","blend_mode":"source_over","color_space":"srgb"},"pages":[{"index":0,"ops":[{"node_id":"img_missing","rect":{"height":140000,"width":451000,"x":72000,"y":72000},"src":"asset://this_file_does_not_exist.png","type":"draw_image"}]}]}}