{"appearance_hash":"75d3a484c6a089a347287ec5d960ddd0ae9b889a146a5f1906f9ec1dfcc8ac23","content_hash":"5c175ba284a911da2758cc2c171c39165b5682620eb51da5c1fa4f00b90aeb5e","engine_commit_sha":"UNKNOWN","engine_version":"0.1.0","geometry":{"pages":[{"height":842000,"index":0,"root":{"children":[{"children":[],"glyphs":[],"height":100000,"id":"circle_1","width":451000,"x":72000,"y":72000},{"children":[],"glyphs":[],"height":100000,"id":"pill_1","width":451000,"x":72000,"y":192000}],"glyphs":[],"height":842000,"id":"root_page_0","width":595000,"x":0,"y":0},"width":595000}]},"render_plan":{"compositing":{"alpha_mode":"premultiplied","blend_mode":"source_over","color_space":"srgb"},"pages":[{"index":0,"ops":[{"decoration":{"background":{"color":"#4F46E5","type":"solid"},"border":{"color":"#1F2937","width_pt":2000},"corner_radius_pt":50000},"node_id":"circle_1","rect":{"height":100000,"width":451000,"x":72000,"y":72000},"type":"draw_box"},{"decoration":{"background":{"color":"#4F46E5","type":"solid"},"border":{"color":"#1F2937","width_pt":2000},"corner_radius_pt":50000},"node_id":"pill_1","rect":{"height":100000,"width":451000,"x":72000,"y":192000},"type":"draw_box"}]}]}}