{"appearance_hash":"3577deb1a215c15c8a5c8d596e2a6cd9c303d6b2f201021eeca488985431c62a","content_hash":"88e179e21fd70a59816688793eb42c38c062e23e790adc05f656fc6985c4ca94","engine_commit_sha":"UNKNOWN","engine_version":"0.1.0","geometry":{"pages":[{"height":842000,"index":0,"root":{"children":[{"children":[],"glyphs":[{"cluster":0,"glyph_id":39,"x_advance":7810,"x_offset":0,"y_advance":0,"y_offset":0},{"cluster":1,"glyph_id":83,"x_advance":6843,"x_offset":7810,"y_advance":0,"y_offset":0},{"cluster":2,"glyph_id":81,"x_advance":10523,"x_offset":14653,"y_advance":0,"y_offset":0},{"cluster":3,"glyph_id":70,"x_advance":6738,"x_offset":25176,"y_advance":0,"y_offset":0},{"cluster":4,"glyph_id":77,"x_advance":2917,"x_offset":31914,"y_advance":0,"y_offset":0},{"cluster":5,"glyph_id":82,"x_advance":6626,"x_offset":34831,"y_advance":0,"y_offset":0},{"cluster":6,"glyph_id":77,"x_advance":2917,"x_offset":41457,"y_advance":0,"y_offset":0},{"cluster":7,"glyph_id":82,"x_advance":6626,"x_offset":44374,"y_advance":0,"y_offset":0},{"cluster":8,"glyph_id":75,"x_advance":6738,"x_offset":51000,"y_advance":0,"y_offset":0},{"cluster":9,"glyph_id":4,"x_advance":2976,"x_offset":57738,"y_advance":0,"y_offset":0},{"cluster":10,"glyph_id":81,"x_advance":10523,"x_offset":60714,"y_advance":0,"y_offset":0},{"cluster":11,"glyph_id":69,"x_advance":6527,"x_offset":71237,"y_advance":0,"y_offset":0},{"cluster":12,"glyph_id":86,"x_advance":4066,"x_offset":77764,"y_advance":0,"y_offset":0},{"cluster":13,"glyph_id":79,"x_advance":6082,"x_offset":81830,"y_advance":0,"y_offset":0},{"cluster":14,"glyph_id":87,"x_advance":6193,"x_offset":87912,"y_advance":0,"y_offset":0},{"cluster":15,"glyph_id":30,"x_advance":2906,"x_offset":94105,"y_advance":0,"y_offset":0},{"cluster":16,"glyph_id":4,"x_advance":2976,"x_offset":97011,"y_advance":0,"y_offset":0},{"cluster":17,"glyph_id":702,"x_advance":6363,"x_offset":99987,"y_advance":0,"y_offset":0},{"cluster":18,"glyph_id":4,"x_advance":2976,"x_offset":106350,"y_advance":0,"y_offset":0},{"cluster":19,"glyph_id":697,"x_advance":6527,"x_offset":109326,"y_advance":0,"y_offset":0},{"cluster":20,"glyph_id":4,"x_advance":2976,"x_offset":115853,"y_advance":0,"y_offset":0},{"cluster":21,"glyph_id":712,"x_advance":6843,"x_offset":118829,"y_advance":0,"y_offset":0},{"cluster":22,"glyph_id":4,"x_advance":2976,"x_offset":125672,"y_advance":0,"y_offset":0},{"cluster":23,"glyph_id":12,"x_advance":4107,"x_offset":128648,"y_advance":0,"y_offset":0},{"cluster":24,"glyph_id":69,"x_advance":6527,"x_offset":132755,"y_advance":0,"y_offset":0},{"cluster":25,"glyph_id":71,"x_advance":6281,"x_offset":139282,"y_advance":0,"y_offset":0},{"cluster":26,"glyph_id":71,"x_advance":6281,"x_offset":145563,"y_advance":0,"y_offset":0},{"cluster":27,"glyph_id":73,"x_advance":6363,"x_offset":151844,"y_advance":0,"y_offset":0},{"cluster":28,"glyph_id":82,"x_advance":6626,"x_offset":158207,"y_advance":0,"y_offset":0},{"cluster":29,"glyph_id":88,"x_advance":3925,"x_offset":164833,"y_advance":0,"y_offset":0},{"cluster":30,"glyph_id":4,"x_advance":2976,"x_offset":168758,"y_advance":0,"y_offset":0},{"cluster":31,"glyph_id":87,"x_advance":6193,"x_offset":171734,"y_advance":0,"y_offset":0},{"cluster":32,"glyph_id":73,"x_advance":6363,"x_offset":177927,"y_advance":0,"y_offset":0},{"cluster":33,"glyph_id":85,"x_advance":6820,"x_offset":184290,"y_advance":0,"y_offset":0},{"cluster":34,"glyph_id":89,"x_advance":6615,"x_offset":191110,"y_advance":0,"y_offset":0},{"cluster":35,"glyph_id":73,"x_advance":6363,"x_offset":197725,"y_advance":0,"y_offset":0},{"cluster":36,"glyph_id":82,"x_advance":6626,"x_offset":204088,"y_advance":0,"y_offset":0},{"cluster":37,"glyph_id":71,"x_advance":6281,"x_offset":210714,"y_advance":0,"y_offset":0},{"cluster":38,"glyph_id":73,"x_advance":6363,"x_offset":216995,"y_advance":0,"y_offset":0},{"cluster":39,"glyph_id":87,"x_advance":6193,"x_offset":223358,"y_advance":0,"y_offset":0},{"cluster":40,"glyph_id":13,"x_advance":4177,"x_offset":229551,"y_advance":0,"y_offset":0}],"height":14400,"id":"combining","text_runs":[{"glyph_range":[0,41],"style":{"bold":false,"color":"#000000","font_family":"default","font_size":12000,"italic":false,"strikethrough":false,"underline":false}}],"width":451000,"x":72000,"y":72000},{"children":[],"glyphs":[{"cluster":0,"glyph_id":59,"x_advance":10646,"x_offset":0,"y_advance":0,"y_offset":0},{"cluster":1,"glyph_id":76,"x_advance":6609,"x_offset":10646,"y_advance":0,"y_offset":0},{"cluster":2,"glyph_id":77,"x_advance":2917,"x_offset":17255,"y_advance":0,"y_offset":0},{"cluster":3,"glyph_id":88,"x_advance":3925,"x_offset":20172,"y_advance":0,"y_offset":0},{"cluster":4,"glyph_id":73,"x_advance":6363,"x_offset":24097,"y_advance":0,"y_offset":0},{"cluster":5,"glyph_id":87,"x_advance":6193,"x_offset":30460,"y_advance":0,"y_offset":0},{"cluster":6,"glyph_id":84,"x_advance":6738,"x_offset":36653,"y_advance":0,"y_offset":0},{"cluster":7,"glyph_id":69,"x_advance":6527,"x_offset":43391,"y_advance":0,"y_offset":0},{"cluster":8,"glyph_id":71,"x_advance":6281,"x_offset":49918,"y_advance":0,"y_offset":0},{"cluster":9,"glyph_id":73,"x_advance":6363,"x_offset":56199,"y_advance":0,"y_offset":0},{"cluster":10,"glyph_id":4,"x_advance":2976,"x_offset":62562,"y_advance":0,"y_offset":0},{"cluster":11,"glyph_id":15,"x_advance":6808,"x_offset":65538,"y_advance":0,"y_offset":0},{"cluster":12,"glyph_id":4,"x_advance":2976,"x_offset":72346,"y_advance":0,"y_offset":0},{"cluster":13,"glyph_id":82,"x_advance":6626,"x_offset":75322,"y_advance":0,"y_offset":0},{"cluster":14,"glyph_id":73,"x_advance":6363,"x_offset":81948,"y_advance":0,"y_offset":0},{"cluster":15,"glyph_id":91,"x_advance":9017,"x_offset":88311,"y_advance":0,"y_offset":0},{"cluster":16,"glyph_id":80,"x_advance":2917,"x_offset":97328,"y_advance":0,"y_offset":0},{"cluster":17,"glyph_id":77,"x_advance":2917,"x_offset":100245,"y_advance":0,"y_offset":0},{"cluster":18,"glyph_id":82,"x_advance":6626,"x_offset":103162,"y_advance":0,"y_offset":0},{"cluster":19,"glyph_id":73,"x_advance":6363,"x_offset":109788,"y_advance":0,"y_offset":0},{"cluster":20,"glyph_id":87,"x_advance":6193,"x_offset":116151,"y_advance":0,"y_offset":0},{"cluster":21,"glyph_id":30,"x_advance":2906,"x_offset":122344,"y_advance":0,"y_offset":0},{"cluster":23,"glyph_id":48,"x_advance":6462,"x_offset":0,"y_advance":0,"y_offset":14400},{"cluster":24,"glyph_id":77,"x_advance":2917,"x_offset":6462,"y_advance":0,"y_offset":14400},{"cluster":25,"glyph_id":82,"x_advance":6626,"x_offset":9379,"y_advance":0,"y_offset":14400},{"cluster":26,"glyph_id":73,"x_advance":6363,"x_offset":16005,"y_advance":0,"y_offset":14400},{"cluster":27,"glyph_id":21,"x_advance":6744,"x_offset":22368,"y_advance":0,"y_offset":14400},{"cluster":28,"glyph_id":4,"x_advance":2976,"x_offset":29112,"y_advance":0,"y_offset":14400},{"cluster":29,"glyph_id":4,"x_advance":2976,"x_offset":32088,"y_advance":0,"y_offset":14400},{"cluster":30,"glyph_id":91,"x_advance":9017,"x_offset":35064,"y_advance":0,"y_offset":14400},{"cluster":31,"glyph_id":77,"x_advance":2917,"x_offset":44081,"y_advance":0,"y_offset":14400},{"cluster":32,"glyph_id":88,"x_advance":3925,"x_offset":46998,"y_advance":0,"y_offset":14400},{"cluster":33,"glyph_id":76,"x_advance":6609,"x_offset":50923,"y_advance":0,"y_offset":14400},{"cluster":34,"glyph_id":4,"x_advance":2976,"x_offset":57532,"y_advance":0,"y_offset":14400},{"cluster":35,"glyph_id":4,"x_advance":2976,"x_offset":60508,"y_advance":0,"y_offset":14400},{"cluster":36,"glyph_id":4,"x_advance":2976,"x_offset":63484,"y_advance":0,"y_offset":14400},{"cluster":37,"glyph_id":81,"x_advance":10523,"x_offset":66460,"y_advance":0,"y_offset":14400},{"cluster":38,"glyph_id":89,"x_advance":6615,"x_offset":76983,"y_advance":0,"y_offset":14400},{"cluster":39,"glyph_id":80,"x_advance":2917,"x_offset":83598,"y_advance":0,"y_offset":14400},{"cluster":40,"glyph_id":88,"x_advance":3925,"x_offset":86515,"y_advance":0,"y_offset":14400},{"cluster":41,"glyph_id":77,"x_advance":2917,"x_offset":90440,"y_advance":0,"y_offset":14400},{"cluster":42,"glyph_id":84,"x_advance":6738,"x_offset":93357,"y_advance":0,"y_offset":14400},{"cluster":43,"glyph_id":80,"x_advance":2917,"x_offset":100095,"y_advance":0,"y_offset":14400},{"cluster":44,"glyph_id":73,"x_advance":6363,"x_offset":103012,"y_advance":0,"y_offset":14400},{"cluster":45,"glyph_id":4,"x_advance":2976,"x_offset":109375,"y_advance":0,"y_offset":14400},{"cluster":46,"glyph_id":87,"x_advance":6193,"x_offset":112351,"y_advance":0,"y_offset":14400},{"cluster":47,"glyph_id":84,"x_advance":6738,"x_offset":118544,"y_advance":0,"y_offset":14400},{"cluster":48,"glyph_id":69,"x_advance":6527,"x_offset":125282,"y_advance":0,"y_offset":14400},{"cluster":49,"glyph_id":71,"x_advance":6281,"x_offset":131809,"y_advance":0,"y_offset":14400},{"cluster":50,"glyph_id":73,"x_advance":6363,"x_offset":138090,"y_advance":0,"y_offset":14400},{"cluster":51,"glyph_id":87,"x_advance":6193,"x_offset":144453,"y_advance":0,"y_offset":14400},{"cluster":53,"glyph_id":48,"x_advance":6462,"x_offset":0,"y_advance":0,"y_offset":28800},{"cluster":54,"glyph_id":77,"x_advance":2917,"x_offset":6462,"y_advance":0,"y_offset":28800},{"cluster":55,"glyph_id":82,"x_advance":6626,"x_offset":9379,"y_advance":0,"y_offset":28800},{"cluster":56,"glyph_id":73,"x_advance":6363,"x_offset":16005,"y_advance":0,"y_offset":28800},{"cluster":57,"glyph_id":22,"x_advance":6744,"x_offset":22368,"y_advance":0,"y_offset":28800}],"height":43200,"id":"whitespace","text_runs":[{"glyph_range":[0,22],"style":{"bold":false,"color":"#000000","font_family":"default","font_size":12000,"italic":false,"strikethrough":false,"underline":false}},{"glyph_range":[22,51],"style":{"bold":false,"color":"#000000","font_family":"default","font_size":12000,"italic":false,"strikethrough":false,"underline":false}},{"glyph_range":[51,56],"style":{"bold":false,"color":"#000000","font_family":"default","font_size":12000,"italic":false,"strikethrough":false,"underline":false}}],"width":451000,"x":72000,"y":92400}],"glyphs":[],"height":842000,"id":"root_page_0","width":595000,"x":0,"y":0},"width":595000}]},"render_plan":{"compositing":{"alpha_mode":"premultiplied","blend_mode":"source_over","color_space":"srgb"},"pages":[{"index":0,"ops":[{"node_id":"combining","rect":{"height":14400,"width":451000,"x":72000,"y":72000},"runs":[{"glyph_range":[0,41],"style":{"bold":false,"color":"#000000","font_family":"default","font_size":12000,"italic":false,"strikethrough":false,"underline":false}}],"type":"draw_text"},{"node_id":"whitespace","rect":{"height":43200,"width":451000,"x":72000,"y":92400},"runs":[{"glyph_range":[0,22],"style":{"bold":false,"color":"#000000","font_family":"default","font_size":12000,"italic":false,"strikethrough":false,"underline":false}},{"glyph_range":[22,51],"style":{"bold":false,"color":"#000000","font_family":"default","font_size":12000,"italic":false,"strikethrough":false,"underline":false}},{"glyph_range":[51,56],"style":{"bold":false,"color":"#000000","font_family":"default","font_size":12000,"italic":false,"strikethrough":false,"underline":false}}],"type":"draw_text"}]}]}}