{"appearance_hash":"8648bf1858649d4ec46916273878c0be8defc3e01797879b8a57bb109ef5ea09","content_hash":"5763365af2b345403182885a0551db7121353cb31cc06d608bab19944b655d6c","engine_commit_sha":"UNKNOWN","engine_version":"0.1.0","geometry":{"pages":[{"height":842000,"index":0,"root":{"children":[{"children":[],"glyphs":[{"cluster":0,"glyph_id":55,"x_advance":7125,"x_offset":12000,"y_advance":0,"y_offset":12000},{"cluster":1,"glyph_id":83,"x_advance":6843,"x_offset":19125,"y_advance":0,"y_offset":12000},{"cluster":2,"glyph_id":80,"x_advance":2917,"x_offset":25968,"y_advance":0,"y_offset":12000},{"cluster":3,"glyph_id":77,"x_advance":2917,"x_offset":28885,"y_advance":0,"y_offset":12000},{"cluster":4,"glyph_id":72,"x_advance":6767,"x_offset":31802,"y_advance":0,"y_offset":12000},{"cluster":5,"glyph_id":4,"x_advance":2976,"x_offset":38569,"y_advance":0,"y_offset":12000},{"cluster":6,"glyph_id":38,"x_advance":7476,"x_offset":41545,"y_advance":0,"y_offset":12000},{"cluster":7,"glyph_id":80,"x_advance":2917,"x_offset":49021,"y_advance":0,"y_offset":12000},{"cluster":8,"glyph_id":89,"x_advance":6615,"x_offset":51938,"y_advance":0,"y_offset":12000},{"cluster":9,"glyph_id":73,"x_advance":6363,"x_offset":58553,"y_advance":0,"y_offset":12000},{"cluster":10,"glyph_id":4,"x_advance":2976,"x_offset":64916,"y_advance":0,"y_offset":12000},{"cluster":11,"glyph_id":38,"x_advance":7476,"x_offset":67892,"y_advance":0,"y_offset":12000},{"cluster":12,"glyph_id":69,"x_advance":6527,"x_offset":75368,"y_advance":0,"y_offset":12000},{"cluster":13,"glyph_id":71,"x_advance":6281,"x_offset":81895,"y_advance":0,"y_offset":12000},{"cluster":14,"glyph_id":79,"x_advance":5964,"x_offset":88176,"y_advance":0,"y_offset":12000},{"cluster":15,"glyph_id":75,"x_advance":6738,"x_offset":94140,"y_advance":0,"y_offset":12000},{"cluster":16,"glyph_id":86,"x_advance":3949,"x_offset":100878,"y_advance":0,"y_offset":12000},{"cluster":17,"glyph_id":83,"x_advance":6843,"x_offset":104827,"y_advance":0,"y_offset":12000},{"cluster":18,"glyph_id":89,"x_advance":6615,"x_offset":111670,"y_advance":0,"y_offset":12000},{"cluster":19,"glyph_id":82,"x_advance":6626,"x_offset":118285,"y_advance":0,"y_offset":12000},{"cluster":20,"glyph_id":72,"x_advance":6767,"x_offset":124911,"y_advance":0,"y_offset":12000}],"height":38400,"id":"solid_bg_container","text_runs":[{"glyph_range":[0,21],"style":{"bold":false,"color":"#FFFFFF","font_family":"default","font_size":12000,"italic":false,"strikethrough":false,"underline":false}}],"width":523000,"x":36000,"y":36000},{"children":[],"glyphs":[{"cluster":0,"glyph_id":48,"x_advance":6462,"x_offset":12000,"y_advance":0,"y_offset":12000},{"cluster":1,"glyph_id":77,"x_advance":2917,"x_offset":18462,"y_advance":0,"y_offset":12000},{"cluster":2,"glyph_id":82,"x_advance":6626,"x_offset":21379,"y_advance":0,"y_offset":12000},{"cluster":3,"glyph_id":73,"x_advance":6363,"x_offset":28005,"y_advance":0,"y_offset":12000},{"cluster":4,"glyph_id":69,"x_advance":6527,"x_offset":34368,"y_advance":0,"y_offset":12000},{"cluster":5,"glyph_id":86,"x_advance":4066,"x_offset":40895,"y_advance":0,"y_offset":12000},{"cluster":6,"glyph_id":4,"x_advance":2976,"x_offset":44961,"y_advance":0,"y_offset":12000},{"cluster":7,"glyph_id":43,"x_advance":8173,"x_offset":47937,"y_advance":0,"y_offset":12000},{"cluster":8,"glyph_id":86,"x_advance":3832,"x_offset":56110,"y_advance":0,"y_offset":12000},{"cluster":9,"glyph_id":69,"x_advance":6527,"x_offset":59942,"y_advance":0,"y_offset":12000},{"cluster":10,"glyph_id":72,"x_advance":6767,"x_offset":66469,"y_advance":0,"y_offset":12000},{"cluster":11,"glyph_id":77,"x_advance":2917,"x_offset":73236,"y_advance":0,"y_offset":12000},{"cluster":12,"glyph_id":73,"x_advance":6363,"x_offset":76153,"y_advance":0,"y_offset":12000},{"cluster":13,"glyph_id":82,"x_advance":6626,"x_offset":82516,"y_advance":0,"y_offset":12000},{"cluster":14,"glyph_id":88,"x_advance":3925,"x_offset":89142,"y_advance":0,"y_offset":12000},{"cluster":15,"glyph_id":4,"x_advance":2976,"x_offset":93067,"y_advance":0,"y_offset":12000},{"cluster":16,"glyph_id":38,"x_advance":7476,"x_offset":96043,"y_advance":0,"y_offset":12000},{"cluster":17,"glyph_id":69,"x_advance":6527,"x_offset":103519,"y_advance":0,"y_offset":12000},{"cluster":18,"glyph_id":71,"x_advance":6281,"x_offset":110046,"y_advance":0,"y_offset":12000},{"cluster":19,"glyph_id":79,"x_advance":5964,"x_offset":116327,"y_advance":0,"y_offset":12000},{"cluster":20,"glyph_id":75,"x_advance":6738,"x_offset":122291,"y_advance":0,"y_offset":12000},{"cluster":21,"glyph_id":86,"x_advance":3949,"x_offset":129029,"y_advance":0,"y_offset":12000},{"cluster":22,"glyph_id":83,"x_advance":6843,"x_offset":132978,"y_advance":0,"y_offset":12000},{"cluster":23,"glyph_id":89,"x_advance":6615,"x_offset":139821,"y_advance":0,"y_offset":12000},{"cluster":24,"glyph_id":82,"x_advance":6626,"x_offset":146436,"y_advance":0,"y_offset":12000},{"cluster":25,"glyph_id":72,"x_advance":6767,"x_offset":153062,"y_advance":0,"y_offset":12000}],"height":38400,"id":"gradient_bg_container","text_runs":[{"glyph_range":[0,26],"style":{"bold":false,"color":"#FFFFFF","font_family":"default","font_size":12000,"italic":false,"strikethrough":false,"underline":false}}],"width":523000,"x":36000,"y":74400}],"glyphs":[],"height":842000,"id":"root_page_0","width":595000,"x":0,"y":0},"width":595000}]},"render_plan":{"compositing":{"alpha_mode":"premultiplied","blend_mode":"source_over","color_space":"srgb"},"pages":[{"index":0,"ops":[{"decoration":{"background":{"color":"#0000FF","type":"solid"}},"node_id":"solid_bg_container","rect":{"height":38400,"width":523000,"x":36000,"y":36000},"type":"draw_box"},{"node_id":"solid_bg_container","rect":{"height":38400,"width":523000,"x":36000,"y":36000},"runs":[{"glyph_range":[0,21],"style":{"bold":false,"color":"#FFFFFF","font_family":"default","font_size":12000,"italic":false,"strikethrough":false,"underline":false}}],"type":"draw_text"},{"decoration":{"background":{"type":"linear_gradient","value":{"angle_degrees":45,"stops":[{"color":"#FFA500","pos":0},{"color":"#800080","pos":1000}],"type":"linear"}}},"node_id":"gradient_bg_container","rect":{"height":38400,"width":523000,"x":36000,"y":74400},"type":"draw_box"},{"node_id":"gradient_bg_container","rect":{"height":38400,"width":523000,"x":36000,"y":74400},"runs":[{"glyph_range":[0,26],"style":{"bold":false,"color":"#FFFFFF","font_family":"default","font_size":12000,"italic":false,"strikethrough":false,"underline":false}}],"type":"draw_text"}]}]}}