{"appearance_hash":"35e06278faafd821ee8e16f2e30c6e68c06ecf7aec14ec36d4873acb11cbebe9","content_hash":"a1d4ce8562c4a766866c51891ff057600ba072b581a2aea5316f650c31cbf9a0","engine_commit_sha":"UNKNOWN","engine_version":"0.1.0","geometry":{"pages":[{"height":842000,"index":0,"root":{"children":[{"children":[],"glyphs":[],"height":349000,"id":"img_1","width":451000,"x":72000,"y":72000},{"children":[],"glyphs":[],"height":349000,"id":"img_2","width":451000,"x":72000,"y":421000}],"glyphs":[],"height":842000,"id":"root_page_0","width":595000,"x":0,"y":0},"width":595000}]},"render_plan":{"compositing":{"alpha_mode":"premultiplied","blend_mode":"source_over","color_space":"srgb"},"pages":[{"index":0,"ops":[{"node_id":"img_1","rect":{"height":349000,"width":451000,"x":72000,"y":72000},"src":"asset://img_1","type":"draw_image"},{"node_id":"img_2","rect":{"height":349000,"width":451000,"x":72000,"y":421000},"src":"asset://img_2","type":"draw_image"}]}]}}