{"appearance_hash":"8905b0230d2edcca1e872ded94c18cdb2b7a89a78cc7ea3abb6914f81b44efa9","content_hash":"160908be5649f929984e58dd12ed401147f22fb537a4f74504879cdb4bb7b978","engine_commit_sha":"UNKNOWN","engine_version":"0.1.0","geometry":{"pages":[{"height":842000,"index":0,"root":{"children":[{"children":[],"glyphs":[{"cluster":0,"glyph_id":58,"x_advance":7382,"x_offset":0,"y_advance":0,"y_offset":0},{"cluster":1,"glyph_id":73,"x_advance":6363,"x_offset":7382,"y_advance":0,"y_offset":0},{"cluster":2,"glyph_id":86,"x_advance":4359,"x_offset":13745,"y_advance":0,"y_offset":0},{"cluster":3,"glyph_id":88,"x_advance":3925,"x_offset":18104,"y_advance":0,"y_offset":0},{"cluster":4,"glyph_id":77,"x_advance":2917,"x_offset":22029,"y_advance":0,"y_offset":0},{"cluster":5,"glyph_id":71,"x_advance":6281,"x_offset":24946,"y_advance":0,"y_offset":0},{"cluster":6,"glyph_id":69,"x_advance":6527,"x_offset":31227,"y_advance":0,"y_offset":0},{"cluster":7,"glyph_id":80,"x_advance":2917,"x_offset":37754,"y_advance":0,"y_offset":0},{"cluster":8,"glyph_id":4,"x_advance":2976,"x_offset":40671,"y_advance":0,"y_offset":0},{"cluster":9,"glyph_id":87,"x_advance":6193,"x_offset":43647,"y_advance":0,"y_offset":0},{"cluster":10,"glyph_id":88,"x_advance":3925,"x_offset":49840,"y_advance":0,"y_offset":0},{"cluster":11,"glyph_id":69,"x_advance":6527,"x_offset":53765,"y_advance":0,"y_offset":0},{"cluster":12,"glyph_id":71,"x_advance":6281,"x_offset":60292,"y_advance":0,"y_offset":0},{"cluster":13,"glyph_id":79,"x_advance":6082,"x_offset":66573,"y_advance":0,"y_offset":0},{"cluster":14,"glyph_id":16,"x_advance":2361,"x_offset":72655,"y_advance":0,"y_offset":0},{"cluster":15,"glyph_id":4,"x_advance":2976,"x_offset":75016,"y_advance":0,"y_offset":0},{"cluster":16,"glyph_id":75,"x_advance":6738,"x_offset":77992,"y_advance":0,"y_offset":0},{"cluster":17,"glyph_id":69,"x_advance":6527,"x_offset":84730,"y_advance":0,"y_offset":0},{"cluster":18,"glyph_id":84,"x_advance":6738,"x_offset":91257,"y_advance":0,"y_offset":0},{"cluster":19,"glyph_id":33,"x_advance":6585,"x_offset":97995,"y_advance":0,"y_offset":0},{"cluster":20,"glyph_id":20,"x_advance":6744,"x_offset":104580,"y_advance":0,"y_offset":0}],"height":14400,"id":"label_v0","text_runs":[{"glyph_range":[0,21],"style":{"bold":false,"color":"#000000","font_family":"default","font_size":12000,"italic":false,"strikethrough":false,"underline":false}}],"width":451000,"x":72000,"y":72000},{"children":[{"children":[],"glyphs":[],"height":40000,"id":"v0_a","width":451000,"x":72000,"y":86400},{"children":[],"glyphs":[],"height":50000,"id":"v0_b","width":451000,"x":72000,"y":126400},{"children":[],"glyphs":[],"height":60000,"id":"v0_c","width":451000,"x":72000,"y":176400}],"glyphs":[],"height":150000,"id":"v_gap_0","width":451000,"x":72000,"y":86400},{"children":[],"glyphs":[{"cluster":0,"glyph_id":58,"x_advance":7382,"x_offset":0,"y_advance":0,"y_offset":0},{"cluster":1,"glyph_id":73,"x_advance":6363,"x_offset":7382,"y_advance":0,"y_offset":0},{"cluster":2,"glyph_id":86,"x_advance":4359,"x_offset":13745,"y_advance":0,"y_offset":0},{"cluster":3,"glyph_id":88,"x_advance":3925,"x_offset":18104,"y_advance":0,"y_offset":0},{"cluster":4,"glyph_id":77,"x_advance":2917,"x_offset":22029,"y_advance":0,"y_offset":0},{"cluster":5,"glyph_id":71,"x_advance":6281,"x_offset":24946,"y_advance":0,"y_offset":0},{"cluster":6,"glyph_id":69,"x_advance":6527,"x_offset":31227,"y_advance":0,"y_offset":0},{"cluster":7,"glyph_id":80,"x_advance":2917,"x_offset":37754,"y_advance":0,"y_offset":0},{"cluster":8,"glyph_id":4,"x_advance":2976,"x_offset":40671,"y_advance":0,"y_offset":0},{"cluster":9,"glyph_id":87,"x_advance":6193,"x_offset":43647,"y_advance":0,"y_offset":0},{"cluster":10,"glyph_id":88,"x_advance":3925,"x_offset":49840,"y_advance":0,"y_offset":0},{"cluster":11,"glyph_id":69,"x_advance":6527,"x_offset":53765,"y_advance":0,"y_offset":0},{"cluster":12,"glyph_id":71,"x_advance":6281,"x_offset":60292,"y_advance":0,"y_offset":0},{"cluster":13,"glyph_id":79,"x_advance":6082,"x_offset":66573,"y_advance":0,"y_offset":0},{"cluster":14,"glyph_id":16,"x_advance":2361,"x_offset":72655,"y_advance":0,"y_offset":0},{"cluster":15,"glyph_id":4,"x_advance":2976,"x_offset":75016,"y_advance":0,"y_offset":0},{"cluster":16,"glyph_id":75,"x_advance":6738,"x_offset":77992,"y_advance":0,"y_offset":0},{"cluster":17,"glyph_id":69,"x_advance":6527,"x_offset":84730,"y_advance":0,"y_offset":0},{"cluster":18,"glyph_id":84,"x_advance":6738,"x_offset":91257,"y_advance":0,"y_offset":0},{"cluster":19,"glyph_id":33,"x_advance":6585,"x_offset":97995,"y_advance":0,"y_offset":0},{"cluster":20,"glyph_id":21,"x_advance":6744,"x_offset":104580,"y_advance":0,"y_offset":0},{"cluster":21,"glyph_id":22,"x_advance":6744,"x_offset":111324,"y_advance":0,"y_offset":0},{"cluster":22,"glyph_id":84,"x_advance":6738,"x_offset":118068,"y_advance":0,"y_offset":0},{"cluster":23,"glyph_id":88,"x_advance":3925,"x_offset":124806,"y_advance":0,"y_offset":0}],"height":14400,"id":"label_v12","text_runs":[{"glyph_range":[0,24],"style":{"bold":false,"color":"#000000","font_family":"default","font_size":12000,"italic":false,"strikethrough":false,"underline":false}}],"width":451000,"x":72000,"y":236400},{"children":[{"children":[],"glyphs":[],"height":40000,"id":"v12_a","width":451000,"x":72000,"y":250800},{"children":[],"glyphs":[],"height":50000,"id":"v12_b","width":451000,"x":72000,"y":302800},{"children":[],"glyphs":[],"height":60000,"id":"v12_c","width":451000,"x":72000,"y":364800}],"glyphs":[],"height":174000,"id":"v_gap_12pt","width":451000,"x":72000,"y":250800},{"children":[],"glyphs":[{"cluster":0,"glyph_id":44,"x_advance":8560,"x_offset":0,"y_advance":0,"y_offset":0},{"cluster":1,"glyph_id":83,"x_advance":6843,"x_offset":8560,"y_advance":0,"y_offset":0},{"cluster":2,"glyph_id":86,"x_advance":4066,"x_offset":15403,"y_advance":0,"y_offset":0},{"cluster":3,"glyph_id":77,"x_advance":2917,"x_offset":19469,"y_advance":0,"y_offset":0},{"cluster":4,"glyph_id":94,"x_advance":5859,"x_offset":22386,"y_advance":0,"y_offset":0},{"cluster":5,"glyph_id":83,"x_advance":6843,"x_offset":28245,"y_advance":0,"y_offset":0},{"cluster":6,"glyph_id":82,"x_advance":6626,"x_offset":35088,"y_advance":0,"y_offset":0},{"cluster":7,"glyph_id":88,"x_advance":3925,"x_offset":41714,"y_advance":0,"y_offset":0},{"cluster":8,"glyph_id":69,"x_advance":6527,"x_offset":45639,"y_advance":0,"y_offset":0},{"cluster":9,"glyph_id":80,"x_advance":2917,"x_offset":52166,"y_advance":0,"y_offset":0},{"cluster":10,"glyph_id":4,"x_advance":2976,"x_offset":55083,"y_advance":0,"y_offset":0},{"cluster":11,"glyph_id":87,"x_advance":6193,"x_offset":58059,"y_advance":0,"y_offset":0},{"cluster":12,"glyph_id":88,"x_advance":3925,"x_offset":64252,"y_advance":0,"y_offset":0},{"cluster":13,"glyph_id":69,"x_advance":6527,"x_offset":68177,"y_advance":0,"y_offset":0},{"cluster":14,"glyph_id":71,"x_advance":6281,"x_offset":74704,"y_advance":0,"y_offset":0},{"cluster":15,"glyph_id":79,"x_advance":6082,"x_offset":80985,"y_advance":0,"y_offset":0},{"cluster":16,"glyph_id":16,"x_advance":2361,"x_offset":87067,"y_advance":0,"y_offset":0},{"cluster":17,"glyph_id":4,"x_advance":2976,"x_offset":89428,"y_advance":0,"y_offset":0},{"cluster":18,"glyph_id":75,"x_advance":6738,"x_offset":92404,"y_advance":0,"y_offset":0},{"cluster":19,"glyph_id":69,"x_advance":6527,"x_offset":99142,"y_advance":0,"y_offset":0},{"cluster":20,"glyph_id":84,"x_advance":6738,"x_offset":105669,"y_advance":0,"y_offset":0},{"cluster":21,"glyph_id":33,"x_advance":6585,"x_offset":112407,"y_advance":0,"y_offset":0},{"cluster":22,"glyph_id":20,"x_advance":6744,"x_offset":118992,"y_advance":0,"y_offset":0}],"height":14400,"id":"label_h0","text_runs":[{"glyph_range":[0,23],"style":{"bold":false,"color":"#000000","font_family":"default","font_size":12000,"italic":false,"strikethrough":false,"underline":false}}],"width":451000,"x":72000,"y":424800},{"children":[{"children":[],"glyphs":[],"height":60000,"id":"h0_a","width":80000,"x":72000,"y":439200},{"children":[],"glyphs":[],"height":60000,"id":"h0_b","width":90000,"x":152000,"y":439200},{"children":[],"glyphs":[],"height":60000,"id":"h0_c","width":70000,"x":242000,"y":439200}],"glyphs":[],"height":60000,"id":"h_gap_0","width":451000,"x":72000,"y":439200},{"children":[],"glyphs":[{"cluster":0,"glyph_id":44,"x_advance":8560,"x_offset":0,"y_advance":0,"y_offset":0},{"cluster":1,"glyph_id":83,"x_advance":6843,"x_offset":8560,"y_advance":0,"y_offset":0},{"cluster":2,"glyph_id":86,"x_advance":4066,"x_offset":15403,"y_advance":0,"y_offset":0},{"cluster":3,"glyph_id":77,"x_advance":2917,"x_offset":19469,"y_advance":0,"y_offset":0},{"cluster":4,"glyph_id":94,"x_advance":5859,"x_offset":22386,"y_advance":0,"y_offset":0},{"cluster":5,"glyph_id":83,"x_advance":6843,"x_offset":28245,"y_advance":0,"y_offset":0},{"cluster":6,"glyph_id":82,"x_advance":6626,"x_offset":35088,"y_advance":0,"y_offset":0},{"cluster":7,"glyph_id":88,"x_advance":3925,"x_offset":41714,"y_advance":0,"y_offset":0},{"cluster":8,"glyph_id":69,"x_advance":6527,"x_offset":45639,"y_advance":0,"y_offset":0},{"cluster":9,"glyph_id":80,"x_advance":2917,"x_offset":52166,"y_advance":0,"y_offset":0},{"cluster":10,"glyph_id":4,"x_advance":2976,"x_offset":55083,"y_advance":0,"y_offset":0},{"cluster":11,"glyph_id":87,"x_advance":6193,"x_offset":58059,"y_advance":0,"y_offset":0},{"cluster":12,"glyph_id":88,"x_advance":3925,"x_offset":64252,"y_advance":0,"y_offset":0},{"cluster":13,"glyph_id":69,"x_advance":6527,"x_offset":68177,"y_advance":0,"y_offset":0},{"cluster":14,"glyph_id":71,"x_advance":6281,"x_offset":74704,"y_advance":0,"y_offset":0},{"cluster":15,"glyph_id":79,"x_advance":6082,"x_offset":80985,"y_advance":0,"y_offset":0},{"cluster":16,"glyph_id":16,"x_advance":2361,"x_offset":87067,"y_advance":0,"y_offset":0},{"cluster":17,"glyph_id":4,"x_advance":2976,"x_offset":89428,"y_advance":0,"y_offset":0},{"cluster":18,"glyph_id":75,"x_advance":6738,"x_offset":92404,"y_advance":0,"y_offset":0},{"cluster":19,"glyph_id":69,"x_advance":6527,"x_offset":99142,"y_advance":0,"y_offset":0},{"cluster":20,"glyph_id":84,"x_advance":6738,"x_offset":105669,"y_advance":0,"y_offset":0},{"cluster":21,"glyph_id":33,"x_advance":6585,"x_offset":112407,"y_advance":0,"y_offset":0},{"cluster":22,"glyph_id":28,"x_advance":6744,"x_offset":118992,"y_advance":0,"y_offset":0},{"cluster":23,"glyph_id":84,"x_advance":6738,"x_offset":125736,"y_advance":0,"y_offset":0},{"cluster":24,"glyph_id":88,"x_advance":3925,"x_offset":132474,"y_advance":0,"y_offset":0}],"height":14400,"id":"label_h8","text_runs":[{"glyph_range":[0,25],"style":{"bold":false,"color":"#000000","font_family":"default","font_size":12000,"italic":false,"strikethrough":false,"underline":false}}],"width":451000,"x":72000,"y":499200},{"children":[{"children":[],"glyphs":[],"height":60000,"id":"h8_a","width":80000,"x":72000,"y":513600},{"children":[],"glyphs":[],"height":60000,"id":"h8_b","width":90000,"x":160000,"y":513600},{"children":[],"glyphs":[],"height":60000,"id":"h8_c","width":70000,"x":258000,"y":513600}],"glyphs":[],"height":60000,"id":"h_gap_8pt","width":451000,"x":72000,"y":513600}],"glyphs":[],"height":842000,"id":"root_page_0","width":595000,"x":0,"y":0},"width":595000}]},"render_plan":{"compositing":{"alpha_mode":"premultiplied","blend_mode":"source_over","color_space":"srgb"},"pages":[{"index":0,"ops":[{"node_id":"label_v0","rect":{"height":14400,"width":451000,"x":72000,"y":72000},"runs":[{"glyph_range":[0,21],"style":{"bold":false,"color":"#000000","font_family":"default","font_size":12000,"italic":false,"strikethrough":false,"underline":false}}],"type":"draw_text"},{"node_id":"v0_a","rect":{"height":40000,"width":451000,"x":72000,"y":86400},"src":"asset://v0_a","type":"draw_image"},{"node_id":"v0_b","rect":{"height":50000,"width":451000,"x":72000,"y":126400},"src":"asset://v0_b","type":"draw_image"},{"node_id":"v0_c","rect":{"height":60000,"width":451000,"x":72000,"y":176400},"src":"asset://v0_c","type":"draw_image"},{"node_id":"label_v12","rect":{"height":14400,"width":451000,"x":72000,"y":236400},"runs":[{"glyph_range":[0,24],"style":{"bold":false,"color":"#000000","font_family":"default","font_size":12000,"italic":false,"strikethrough":false,"underline":false}}],"type":"draw_text"},{"node_id":"v12_a","rect":{"height":40000,"width":451000,"x":72000,"y":250800},"src":"asset://v12_a","type":"draw_image"},{"node_id":"v12_b","rect":{"height":50000,"width":451000,"x":72000,"y":302800},"src":"asset://v12_b","type":"draw_image"},{"node_id":"v12_c","rect":{"height":60000,"width":451000,"x":72000,"y":364800},"src":"asset://v12_c","type":"draw_image"},{"node_id":"label_h0","rect":{"height":14400,"width":451000,"x":72000,"y":424800},"runs":[{"glyph_range":[0,23],"style":{"bold":false,"color":"#000000","font_family":"default","font_size":12000,"italic":false,"strikethrough":false,"underline":false}}],"type":"draw_text"},{"node_id":"h0_a","rect":{"height":60000,"width":80000,"x":72000,"y":439200},"src":"asset://h0_a","type":"draw_image"},{"node_id":"h0_b","rect":{"height":60000,"width":90000,"x":152000,"y":439200},"src":"asset://h0_b","type":"draw_image"},{"node_id":"h0_c","rect":{"height":60000,"width":70000,"x":242000,"y":439200},"src":"asset://h0_c","type":"draw_image"},{"node_id":"label_h8","rect":{"height":14400,"width":451000,"x":72000,"y":499200},"runs":[{"glyph_range":[0,25],"style":{"bold":false,"color":"#000000","font_family":"default","font_size":12000,"italic":false,"strikethrough":false,"underline":false}}],"type":"draw_text"},{"node_id":"h8_a","rect":{"height":60000,"width":80000,"x":72000,"y":513600},"src":"asset://h8_a","type":"draw_image"},{"node_id":"h8_b","rect":{"height":60000,"width":90000,"x":160000,"y":513600},"src":"asset://h8_b","type":"draw_image"},{"node_id":"h8_c","rect":{"height":60000,"width":70000,"x":258000,"y":513600},"src":"asset://h8_c","type":"draw_image"}]}]}}