{"appearance_hash":"f8374c2ca0379a7e2cb7f3ca984e2299cf6ef9542ba63e65cd26acb50ca1a233","content_hash":"dd42750349d2e15ff6745371aa8404881ba833f34ef82595305ba447e6358863","engine_commit_sha":"UNKNOWN","engine_version":"0.1.0","geometry":{"pages":[{"height":842000,"index":0,"root":{"children":[{"children":[],"glyphs":[{"cluster":0,"glyph_id":44,"x_advance":8560,"x_offset":0,"y_advance":0,"y_offset":0},{"cluster":1,"glyph_id":73,"x_advance":6363,"x_offset":8560,"y_advance":0,"y_offset":0},{"cluster":2,"glyph_id":80,"x_advance":2917,"x_offset":14923,"y_advance":0,"y_offset":0},{"cluster":3,"glyph_id":80,"x_advance":2917,"x_offset":17840,"y_advance":0,"y_offset":0},{"cluster":4,"glyph_id":83,"x_advance":6843,"x_offset":20757,"y_advance":0,"y_offset":0},{"cluster":5,"glyph_id":4,"x_advance":2976,"x_offset":27600,"y_advance":0,"y_offset":0},{"cluster":6,"glyph_id":43,"x_advance":8173,"x_offset":30576,"y_advance":0,"y_offset":0},{"cluster":7,"glyph_id":83,"x_advance":6843,"x_offset":38749,"y_advance":0,"y_offset":0},{"cluster":8,"glyph_id":80,"x_advance":2917,"x_offset":45592,"y_advance":0,"y_offset":0},{"cluster":9,"glyph_id":72,"x_advance":6767,"x_offset":48509,"y_advance":0,"y_offset":0},{"cluster":10,"glyph_id":73,"x_advance":6363,"x_offset":55276,"y_advance":0,"y_offset":0},{"cluster":11,"glyph_id":82,"x_advance":6626,"x_offset":61639,"y_advance":0,"y_offset":0},{"cluster":12,"glyph_id":4,"x_advance":2976,"x_offset":68265,"y_advance":0,"y_offset":0},{"cluster":13,"glyph_id":59,"x_advance":10464,"x_offset":71241,"y_advance":0,"y_offset":0},{"cluster":14,"glyph_id":83,"x_advance":6843,"x_offset":81705,"y_advance":0,"y_offset":0},{"cluster":15,"glyph_id":86,"x_advance":4066,"x_offset":88548,"y_advance":0,"y_offset":0},{"cluster":16,"glyph_id":80,"x_advance":2917,"x_offset":92614,"y_advance":0,"y_offset":0},{"cluster":17,"glyph_id":72,"x_advance":6767,"x_offset":95531,"y_advance":0,"y_offset":0}],"height":14400,"id":"root","text_runs":[{"glyph_range":[0,18],"style":{"bold":false,"color":"black","font_family":"default","font_size":12000,"italic":false,"strikethrough":false,"underline":false}}],"width":451000,"x":72000,"y":72000}],"glyphs":[],"height":842000,"id":"root_page_0","width":595000,"x":0,"y":0},"width":595000}]},"render_plan":{"compositing":{"alpha_mode":"premultiplied","blend_mode":"source_over","color_space":"srgb"},"pages":[{"index":0,"ops":[{"node_id":"root","rect":{"height":14400,"width":451000,"x":72000,"y":72000},"runs":[{"glyph_range":[0,18],"style":{"bold":false,"color":"black","font_family":"default","font_size":12000,"italic":false,"strikethrough":false,"underline":false}}],"type":"draw_text"}]}]}}