{"appearance_hash":"f028098c0913de53200b63d32833848df7e4e1f0fed58a26a0e54fc836945045","content_hash":"84d7ef60ab019ac74bc4d23f73ab951e128cbb9946a17a56b6dc9f11ee5fafaa","engine_commit_sha":"UNKNOWN","engine_version":"0.1.0","geometry":{"pages":[{"height":842000,"index":0,"root":{"children":[{"children":[{"children":[],"glyphs":[{"cluster":0,"glyph_id":51,"x_advance":12383,"x_offset":0,"y_advance":0,"y_offset":0},{"cluster":1,"glyph_id":90,"x_advance":8604,"x_offset":12383,"y_advance":0,"y_offset":0},{"cluster":2,"glyph_id":73,"x_advance":9544,"x_offset":20987,"y_advance":0,"y_offset":0},{"cluster":3,"glyph_id":86,"x_advance":6099,"x_offset":30531,"y_advance":0,"y_offset":0},{"cluster":4,"glyph_id":80,"x_advance":4376,"x_offset":36630,"y_advance":0,"y_offset":0},{"cluster":5,"glyph_id":69,"x_advance":9659,"x_offset":41006,"y_advance":0,"y_offset":0},{"cluster":6,"glyph_id":93,"x_advance":8516,"x_offset":50665,"y_advance":0,"y_offset":0},{"cluster":7,"glyph_id":4,"x_advance":4464,"x_offset":59181,"y_advance":0,"y_offset":0},{"cluster":8,"glyph_id":88,"x_advance":5888,"x_offset":63645,"y_advance":0,"y_offset":0},{"cluster":9,"glyph_id":77,"x_advance":4376,"x_offset":69533,"y_advance":0,"y_offset":0},{"cluster":10,"glyph_id":88,"x_advance":5888,"x_offset":73909,"y_advance":0,"y_offset":0},{"cluster":11,"glyph_id":80,"x_advance":4376,"x_offset":79797,"y_advance":0,"y_offset":0},{"cluster":12,"glyph_id":73,"x_advance":9544,"x_offset":84173,"y_advance":0,"y_offset":0}],"height":21600,"id":"title","text_runs":[{"glyph_range":[0,13],"style":{"bold":false,"color":"#000000","font_family":"default","font_size":18000,"italic":false,"strikethrough":false,"underline":false}}],"width":93717,"x":177500,"y":72000},{"children":[],"glyphs":[{"cluster":0,"glyph_id":51,"x_advance":8255,"x_offset":0,"y_advance":0,"y_offset":0},{"cluster":1,"glyph_id":90,"x_advance":5736,"x_offset":8255,"y_advance":0,"y_offset":0},{"cluster":2,"glyph_id":73,"x_advance":6363,"x_offset":13991,"y_advance":0,"y_offset":0},{"cluster":3,"glyph_id":86,"x_advance":4066,"x_offset":20354,"y_advance":0,"y_offset":0},{"cluster":4,"glyph_id":80,"x_advance":2917,"x_offset":24420,"y_advance":0,"y_offset":0},{"cluster":5,"glyph_id":69,"x_advance":6439,"x_offset":27337,"y_advance":0,"y_offset":0},{"cluster":6,"glyph_id":93,"x_advance":5677,"x_offset":33776,"y_advance":0,"y_offset":0},{"cluster":7,"glyph_id":4,"x_advance":2976,"x_offset":39453,"y_advance":0,"y_offset":0},{"cluster":8,"glyph_id":87,"x_advance":6193,"x_offset":42429,"y_advance":0,"y_offset":0},{"cluster":9,"glyph_id":89,"x_advance":6615,"x_offset":48622,"y_advance":0,"y_offset":0},{"cluster":10,"glyph_id":70,"x_advance":6738,"x_offset":55237,"y_advance":0,"y_offset":0},{"cluster":11,"glyph_id":88,"x_advance":3925,"x_offset":61975,"y_advance":0,"y_offset":0},{"cluster":12,"glyph_id":77,"x_advance":2917,"x_offset":65900,"y_advance":0,"y_offset":0},{"cluster":13,"glyph_id":88,"x_advance":3925,"x_offset":68817,"y_advance":0,"y_offset":0},{"cluster":14,"glyph_id":80,"x_advance":2917,"x_offset":72742,"y_advance":0,"y_offset":0},{"cluster":15,"glyph_id":73,"x_advance":6363,"x_offset":75659,"y_advance":0,"y_offset":0}],"height":16800,"id":"subtitle","text_runs":[{"glyph_range":[0,16],"style":{"bold":false,"color":"#000000","font_family":"default","font_size":12000,"italic":false,"strikethrough":false,"underline":false}}],"width":82022,"x":177500,"y":72000}],"glyphs":[],"height":90000,"id":"overlay_card","width":240000,"x":177500,"y":72000},{"children":[{"children":[],"glyphs":[{"cluster":0,"glyph_id":37,"x_advance":7828,"x_offset":0,"y_advance":0,"y_offset":0}],"height":16800,"id":"cell_a","text_runs":[{"glyph_range":[0,1],"style":{"bold":false,"color":"#000000","font_family":"default","font_size":12000,"italic":false,"strikethrough":false,"underline":false}}],"width":7828,"x":286672,"y":196600},{"children":[],"glyphs":[{"cluster":0,"glyph_id":38,"x_advance":7476,"x_offset":0,"y_advance":0,"y_offset":0}],"height":16800,"id":"cell_b","text_runs":[{"glyph_range":[0,1],"style":{"bold":false,"color":"#000000","font_family":"default","font_size":12000,"italic":false,"strikethrough":false,"underline":false}}],"width":7476,"x":515524,"y":196600}],"glyphs":[],"height":70000,"id":"grid_demo","width":451000,"x":72000,"y":170000}],"glyphs":[],"height":842000,"id":"root_page_0","width":595000,"x":0,"y":0},"width":595000}]},"render_plan":{"compositing":{"alpha_mode":"premultiplied","blend_mode":"source_over","color_space":"srgb"},"pages":[{"index":0,"ops":[{"node_id":"title","rect":{"height":21600,"width":93717,"x":177500,"y":72000},"runs":[{"glyph_range":[0,13],"style":{"bold":false,"color":"#000000","font_family":"default","font_size":18000,"italic":false,"strikethrough":false,"underline":false}}],"type":"draw_text"},{"node_id":"subtitle","rect":{"height":16800,"width":82022,"x":177500,"y":72000},"runs":[{"glyph_range":[0,16],"style":{"bold":false,"color":"#000000","font_family":"default","font_size":12000,"italic":false,"strikethrough":false,"underline":false}}],"type":"draw_text"},{"node_id":"cell_a","rect":{"height":16800,"width":7828,"x":286672,"y":196600},"runs":[{"glyph_range":[0,1],"style":{"bold":false,"color":"#000000","font_family":"default","font_size":12000,"italic":false,"strikethrough":false,"underline":false}}],"type":"draw_text"},{"node_id":"cell_b","rect":{"height":16800,"width":7476,"x":515524,"y":196600},"runs":[{"glyph_range":[0,1],"style":{"bold":false,"color":"#000000","font_family":"default","font_size":12000,"italic":false,"strikethrough":false,"underline":false}}],"type":"draw_text"}]}]}}