{"appearance_hash":"07d55aab7bb75a67e305b1d3a31013116906affcd13aafd233fbbd4ff302095a","content_hash":"b0c0dc5f4b8d402942ae6964627790714131d48e02e082dcbf9d962d042a63c8","engine_commit_sha":"UNKNOWN","engine_version":"0.1.0","geometry":{"pages":[{"height":842000,"index":0,"root":{"children":[{"children":[],"glyphs":[{"cluster":0,"glyph_id":74,"x_advance":4171,"x_offset":6000,"y_advance":0,"y_offset":6000},{"cluster":1,"glyph_id":82,"x_advance":6626,"x_offset":10171,"y_advance":0,"y_offset":6000},{"cluster":2,"glyph_id":4,"x_advance":2976,"x_offset":16797,"y_advance":0,"y_offset":6000},{"cluster":3,"glyph_id":81,"x_advance":10523,"x_offset":19773,"y_advance":0,"y_offset":6000},{"cluster":4,"glyph_id":69,"x_advance":6527,"x_offset":30296,"y_advance":0,"y_offset":6000},{"cluster":5,"glyph_id":77,"x_advance":2917,"x_offset":36823,"y_advance":0,"y_offset":6000},{"cluster":6,"glyph_id":82,"x_advance":6626,"x_offset":39740,"y_advance":0,"y_offset":6000},{"cluster":7,"glyph_id":12,"x_advance":4107,"x_offset":46366,"y_advance":0,"y_offset":6000},{"cluster":8,"glyph_id":13,"x_advance":4177,"x_offset":50473,"y_advance":0,"y_offset":6000},{"cluster":9,"glyph_id":4,"x_advance":2976,"x_offset":54650,"y_advance":0,"y_offset":6000},{"cluster":10,"glyph_id":95,"x_advance":4060,"x_offset":57626,"y_advance":0,"y_offset":6000},{"cluster":12,"glyph_id":4,"x_advance":2976,"x_offset":6000,"y_advance":0,"y_offset":20400},{"cluster":13,"glyph_id":4,"x_advance":2976,"x_offset":8976,"y_advance":0,"y_offset":20400},{"cluster":14,"glyph_id":4,"x_advance":2976,"x_offset":11952,"y_advance":0,"y_offset":20400},{"cluster":15,"glyph_id":4,"x_advance":2976,"x_offset":14928,"y_advance":0,"y_offset":20400},{"cluster":16,"glyph_id":84,"x_advance":6738,"x_offset":17904,"y_advance":0,"y_offset":20400},{"cluster":17,"glyph_id":86,"x_advance":4066,"x_offset":24642,"y_advance":0,"y_offset":20400},{"cluster":18,"glyph_id":77,"x_advance":2917,"x_offset":28708,"y_advance":0,"y_offset":20400},{"cluster":19,"glyph_id":82,"x_advance":6626,"x_offset":31625,"y_advance":0,"y_offset":20400},{"cluster":20,"glyph_id":88,"x_advance":3925,"x_offset":38251,"y_advance":0,"y_offset":20400},{"cluster":21,"glyph_id":80,"x_advance":2917,"x_offset":42176,"y_advance":0,"y_offset":20400},{"cluster":22,"glyph_id":82,"x_advance":6626,"x_offset":45093,"y_advance":0,"y_offset":20400},{"cluster":23,"glyph_id":5,"x_advance":3093,"x_offset":51719,"y_advance":0,"y_offset":20400},{"cluster":24,"glyph_id":12,"x_advance":4107,"x_offset":54812,"y_advance":0,"y_offset":20400},{"cluster":25,"glyph_id":6,"x_advance":3843,"x_offset":58919,"y_advance":0,"y_offset":20400},{"cluster":26,"glyph_id":76,"x_advance":6609,"x_offset":62762,"y_advance":0,"y_offset":20400},{"cluster":27,"glyph_id":77,"x_advance":2917,"x_offset":69371,"y_advance":0,"y_offset":20400},{"cluster":28,"glyph_id":6,"x_advance":3843,"x_offset":72288,"y_advance":0,"y_offset":20400},{"cluster":29,"glyph_id":13,"x_advance":4177,"x_offset":76131,"y_advance":0,"y_offset":20400},{"cluster":30,"glyph_id":31,"x_advance":2537,"x_offset":80308,"y_advance":0,"y_offset":20400},{"cluster":31,"glyph_id":4,"x_advance":2976,"x_offset":82845,"y_advance":0,"y_offset":20400},{"cluster":32,"glyph_id":4,"x_advance":2976,"x_offset":85821,"y_advance":0,"y_offset":20400},{"cluster":35,"glyph_id":97,"x_advance":4060,"x_offset":6000,"y_advance":0,"y_offset":49200}],"height":84000,"id":"code.basic","text_runs":[{"glyph_range":[0,11],"style":{"bold":false,"color":"#000000","font_family":"default","font_size":12000,"italic":false,"strikethrough":false,"underline":false}},{"glyph_range":[11,32],"style":{"bold":false,"color":"#000000","font_family":"default","font_size":12000,"italic":false,"strikethrough":false,"underline":false}},{"glyph_range":[32,33],"style":{"bold":false,"color":"#000000","font_family":"default","font_size":12000,"italic":false,"strikethrough":false,"underline":false}}],"width":451000,"x":72000,"y":72000}],"glyphs":[],"height":842000,"id":"root_page_0","width":595000,"x":0,"y":0},"width":595000}]},"render_plan":{"compositing":{"alpha_mode":"premultiplied","blend_mode":"source_over","color_space":"srgb"},"pages":[{"index":0,"ops":[{"decoration":{"background":{"color":"#F6F8FA","type":"solid"},"border":{"color":"#00000014","width_pt":1000},"corner_radius_pt":6000},"node_id":"code.basic","rect":{"height":84000,"width":451000,"x":72000,"y":72000},"type":"draw_box"},{"node_id":"code.basic","rect":{"height":84000,"width":451000,"x":72000,"y":72000},"runs":[{"glyph_range":[0,11],"style":{"bold":false,"color":"#000000","font_family":"default","font_size":12000,"italic":false,"strikethrough":false,"underline":false}},{"glyph_range":[11,32],"style":{"bold":false,"color":"#000000","font_family":"default","font_size":12000,"italic":false,"strikethrough":false,"underline":false}},{"glyph_range":[32,33],"style":{"bold":false,"color":"#000000","font_family":"default","font_size":12000,"italic":false,"strikethrough":false,"underline":false}}],"type":"draw_text"}]}]}}