{"appearance_hash":"d15bceeef5f4c6289d2dbbf91b0d924cab72210bade29ff30c60e5b801760a18","content_hash":"b7ac2269813aa64e2cfd3917128f1079a775987abc79d5c66684cee1e80dcace","engine_commit_sha":"UNKNOWN","engine_version":"0.1.0","geometry":{"pages":[{"height":842000,"index":0,"root":{"children":[{"children":[],"glyphs":[{"cluster":0,"glyph_id":49,"x_advance":10476,"x_offset":0,"y_advance":0,"y_offset":0},{"cluster":1,"glyph_id":77,"x_advance":2917,"x_offset":10476,"y_advance":0,"y_offset":0},{"cluster":2,"glyph_id":82,"x_advance":6626,"x_offset":13393,"y_advance":0,"y_offset":0},{"cluster":3,"glyph_id":77,"x_advance":2917,"x_offset":20019,"y_advance":0,"y_offset":0},{"cluster":4,"glyph_id":81,"x_advance":10523,"x_offset":22936,"y_advance":0,"y_offset":0},{"cluster":5,"glyph_id":69,"x_advance":6527,"x_offset":33459,"y_advance":0,"y_offset":0},{"cluster":6,"glyph_id":80,"x_advance":2917,"x_offset":39986,"y_advance":0,"y_offset":0},{"cluster":7,"glyph_id":4,"x_advance":2976,"x_offset":42903,"y_advance":0,"y_offset":0},{"cluster":8,"glyph_id":81,"x_advance":10523,"x_offset":45879,"y_advance":0,"y_offset":0},{"cluster":9,"glyph_id":69,"x_advance":6527,"x_offset":56402,"y_advance":0,"y_offset":0},{"cluster":10,"glyph_id":86,"x_advance":3955,"x_offset":62929,"y_advance":0,"y_offset":0},{"cluster":11,"glyph_id":75,"x_advance":6738,"x_offset":66884,"y_advance":0,"y_offset":0},{"cluster":12,"glyph_id":77,"x_advance":2917,"x_offset":73622,"y_advance":0,"y_offset":0},{"cluster":13,"glyph_id":82,"x_advance":6626,"x_offset":76539,"y_advance":0,"y_offset":0},{"cluster":14,"glyph_id":87,"x_advance":6193,"x_offset":83165,"y_advance":0,"y_offset":0},{"cluster":15,"glyph_id":4,"x_advance":2976,"x_offset":89358,"y_advance":0,"y_offset":0},{"cluster":16,"glyph_id":12,"x_advance":4107,"x_offset":92334,"y_advance":0,"y_offset":0},{"cluster":17,"glyph_id":21,"x_advance":6744,"x_offset":96441,"y_advance":0,"y_offset":0},{"cluster":18,"glyph_id":4,"x_advance":2976,"x_offset":103185,"y_advance":0,"y_offset":0},{"cluster":19,"glyph_id":89,"x_advance":6615,"x_offset":106161,"y_advance":0,"y_offset":0},{"cluster":20,"glyph_id":82,"x_advance":6626,"x_offset":112776,"y_advance":0,"y_offset":0},{"cluster":21,"glyph_id":77,"x_advance":2917,"x_offset":119402,"y_advance":0,"y_offset":0},{"cluster":22,"glyph_id":88,"x_advance":3925,"x_offset":122319,"y_advance":0,"y_offset":0},{"cluster":23,"glyph_id":4,"x_advance":2976,"x_offset":126244,"y_advance":0,"y_offset":0},{"cluster":24,"glyph_id":73,"x_advance":6363,"x_offset":129220,"y_advance":0,"y_offset":0},{"cluster":25,"glyph_id":69,"x_advance":6527,"x_offset":135583,"y_advance":0,"y_offset":0},{"cluster":26,"glyph_id":71,"x_advance":6281,"x_offset":142110,"y_advance":0,"y_offset":0},{"cluster":27,"glyph_id":76,"x_advance":6609,"x_offset":148391,"y_advance":0,"y_offset":0},{"cluster":28,"glyph_id":13,"x_advance":4177,"x_offset":155000,"y_advance":0,"y_offset":0},{"cluster":29,"glyph_id":30,"x_advance":2906,"x_offset":159177,"y_advance":0,"y_offset":0},{"cluster":30,"glyph_id":4,"x_advance":2976,"x_offset":162083,"y_advance":0,"y_offset":0},{"cluster":31,"glyph_id":71,"x_advance":6281,"x_offset":165059,"y_advance":0,"y_offset":0},{"cluster":32,"glyph_id":83,"x_advance":6843,"x_offset":171340,"y_advance":0,"y_offset":0},{"cluster":33,"glyph_id":82,"x_advance":6626,"x_offset":178183,"y_advance":0,"y_offset":0},{"cluster":34,"glyph_id":88,"x_advance":3925,"x_offset":184809,"y_advance":0,"y_offset":0},{"cluster":35,"glyph_id":73,"x_advance":6363,"x_offset":188734,"y_advance":0,"y_offset":0},{"cluster":36,"glyph_id":82,"x_advance":6626,"x_offset":195097,"y_advance":0,"y_offset":0},{"cluster":37,"glyph_id":88,"x_advance":3925,"x_offset":201723,"y_advance":0,"y_offset":0},{"cluster":38,"glyph_id":4,"x_advance":2976,"x_offset":205648,"y_advance":0,"y_offset":0},{"cluster":39,"glyph_id":69,"x_advance":6527,"x_offset":208624,"y_advance":0,"y_offset":0},{"cluster":40,"glyph_id":86,"x_advance":3955,"x_offset":215151,"y_advance":0,"y_offset":0},{"cluster":41,"glyph_id":73,"x_advance":6363,"x_offset":219106,"y_advance":0,"y_offset":0},{"cluster":42,"glyph_id":69,"x_advance":6527,"x_offset":225469,"y_advance":0,"y_offset":0},{"cluster":43,"glyph_id":4,"x_advance":2976,"x_offset":231996,"y_advance":0,"y_offset":0},{"cluster":44,"glyph_id":87,"x_advance":6193,"x_offset":234972,"y_advance":0,"y_offset":0},{"cluster":45,"glyph_id":76,"x_advance":6609,"x_offset":241165,"y_advance":0,"y_offset":0},{"cluster":46,"glyph_id":83,"x_advance":6843,"x_offset":247774,"y_advance":0,"y_offset":0},{"cluster":47,"glyph_id":89,"x_advance":6615,"x_offset":254617,"y_advance":0,"y_offset":0},{"cluster":48,"glyph_id":80,"x_advance":2917,"x_offset":261232,"y_advance":0,"y_offset":0},{"cluster":49,"glyph_id":72,"x_advance":6767,"x_offset":264149,"y_advance":0,"y_offset":0},{"cluster":50,"glyph_id":4,"x_advance":2976,"x_offset":270916,"y_advance":0,"y_offset":0},{"cluster":51,"glyph_id":70,"x_advance":6738,"x_offset":273892,"y_advance":0,"y_offset":0},{"cluster":52,"glyph_id":73,"x_advance":6363,"x_offset":280630,"y_advance":0,"y_offset":0},{"cluster":53,"glyph_id":4,"x_advance":2976,"x_offset":286993,"y_advance":0,"y_offset":0},{"cluster":54,"glyph_id":82,"x_advance":6626,"x_offset":289969,"y_advance":0,"y_offset":0},{"cluster":55,"glyph_id":73,"x_advance":6363,"x_offset":296595,"y_advance":0,"y_offset":0},{"cluster":56,"glyph_id":69,"x_advance":6527,"x_offset":302958,"y_advance":0,"y_offset":0},{"cluster":57,"glyph_id":86,"x_advance":4066,"x_offset":309485,"y_advance":0,"y_offset":0},{"cluster":58,"glyph_id":80,"x_advance":2917,"x_offset":313551,"y_advance":0,"y_offset":0},{"cluster":59,"glyph_id":93,"x_advance":5677,"x_offset":316468,"y_advance":0,"y_offset":0},{"cluster":60,"glyph_id":4,"x_advance":2976,"x_offset":322145,"y_advance":0,"y_offset":0},{"cluster":61,"glyph_id":74,"x_advance":4171,"x_offset":325121,"y_advance":0,"y_offset":0},{"cluster":62,"glyph_id":89,"x_advance":6615,"x_offset":329292,"y_advance":0,"y_offset":0},{"cluster":63,"glyph_id":80,"x_advance":2917,"x_offset":335907,"y_advance":0,"y_offset":0},{"cluster":64,"glyph_id":80,"x_advance":2917,"x_offset":338824,"y_advance":0,"y_offset":0},{"cluster":65,"glyph_id":4,"x_advance":2976,"x_offset":341741,"y_advance":0,"y_offset":0},{"cluster":66,"glyph_id":84,"x_advance":6738,"x_offset":344717,"y_advance":0,"y_offset":0},{"cluster":67,"glyph_id":69,"x_advance":6527,"x_offset":351455,"y_advance":0,"y_offset":0},{"cluster":68,"glyph_id":75,"x_advance":6738,"x_offset":357982,"y_advance":0,"y_offset":0},{"cluster":69,"glyph_id":73,"x_advance":6363,"x_offset":364720,"y_advance":0,"y_offset":0},{"cluster":70,"glyph_id":18,"x_advance":3164,"x_offset":371083,"y_advance":0,"y_offset":0}],"height":14400,"id":"t1","text_runs":[{"glyph_range":[0,71],"style":{"bold":false,"color":"#000000","font_family":"default","font_size":12000,"italic":false,"strikethrough":false,"underline":false}}],"width":594998,"x":1,"y":1},{"children":[],"glyphs":[],"height":120000,"id":"img","width":594998,"x":1,"y":14401},{"children":[],"glyphs":[{"cluster":0,"glyph_id":55,"x_advance":7125,"x_offset":0,"y_advance":0,"y_offset":0},{"cluster":1,"glyph_id":73,"x_advance":6363,"x_offset":7125,"y_advance":0,"y_offset":0},{"cluster":2,"glyph_id":71,"x_advance":6281,"x_offset":13488,"y_advance":0,"y_offset":0},{"cluster":3,"glyph_id":83,"x_advance":6843,"x_offset":19769,"y_advance":0,"y_offset":0},{"cluster":4,"glyph_id":82,"x_advance":6626,"x_offset":26612,"y_advance":0,"y_offset":0},{"cluster":5,"glyph_id":72,"x_advance":6767,"x_offset":33238,"y_advance":0,"y_offset":0},{"cluster":6,"glyph_id":4,"x_advance":2976,"x_offset":40005,"y_advance":0,"y_offset":0},{"cluster":7,"glyph_id":70,"x_advance":6738,"x_offset":42981,"y_advance":0,"y_offset":0},{"cluster":8,"glyph_id":80,"x_advance":2917,"x_offset":49719,"y_advance":0,"y_offset":0},{"cluster":9,"glyph_id":83,"x_advance":6843,"x_offset":52636,"y_advance":0,"y_offset":0},{"cluster":10,"glyph_id":71,"x_advance":6281,"x_offset":59479,"y_advance":0,"y_offset":0},{"cluster":11,"glyph_id":79,"x_advance":6082,"x_offset":65760,"y_advance":0,"y_offset":0},{"cluster":12,"glyph_id":4,"x_advance":2976,"x_offset":71842,"y_advance":0,"y_offset":0},{"cluster":13,"glyph_id":69,"x_advance":6527,"x_offset":74818,"y_advance":0,"y_offset":0},{"cluster":14,"glyph_id":74,"x_advance":4171,"x_offset":81345,"y_advance":0,"y_offset":0},{"cluster":15,"glyph_id":88,"x_advance":3925,"x_offset":85516,"y_advance":0,"y_offset":0},{"cluster":16,"glyph_id":73,"x_advance":6363,"x_offset":89441,"y_advance":0,"y_offset":0},{"cluster":17,"glyph_id":86,"x_advance":4066,"x_offset":95804,"y_advance":0,"y_offset":0},{"cluster":18,"glyph_id":4,"x_advance":2976,"x_offset":99870,"y_advance":0,"y_offset":0},{"cluster":19,"glyph_id":77,"x_advance":2917,"x_offset":102846,"y_advance":0,"y_offset":0},{"cluster":20,"glyph_id":81,"x_advance":10523,"x_offset":105763,"y_advance":0,"y_offset":0},{"cluster":21,"glyph_id":69,"x_advance":6527,"x_offset":116286,"y_advance":0,"y_offset":0},{"cluster":22,"glyph_id":75,"x_advance":6738,"x_offset":122813,"y_advance":0,"y_offset":0},{"cluster":23,"glyph_id":73,"x_advance":6363,"x_offset":129551,"y_advance":0,"y_offset":0},{"cluster":24,"glyph_id":18,"x_advance":3164,"x_offset":135914,"y_advance":0,"y_offset":0}],"height":14400,"id":"t2","text_runs":[{"glyph_range":[0,25],"style":{"bold":false,"color":"#000000","font_family":"default","font_size":12000,"italic":false,"strikethrough":false,"underline":false}}],"width":594998,"x":1,"y":134401}],"glyphs":[],"height":842000,"id":"root_page_0","width":595000,"x":0,"y":0},"width":595000}]},"render_plan":{"compositing":{"alpha_mode":"premultiplied","blend_mode":"source_over","color_space":"srgb"},"pages":[{"index":0,"ops":[{"node_id":"t1","rect":{"height":14400,"width":594998,"x":1,"y":1},"runs":[{"glyph_range":[0,71],"style":{"bold":false,"color":"#000000","font_family":"default","font_size":12000,"italic":false,"strikethrough":false,"underline":false}}],"type":"draw_text"},{"node_id":"img","rect":{"height":120000,"width":594998,"x":1,"y":14401},"src":"asset://img","type":"draw_image"},{"node_id":"t2","rect":{"height":14400,"width":594998,"x":1,"y":134401},"runs":[{"glyph_range":[0,25],"style":{"bold":false,"color":"#000000","font_family":"default","font_size":12000,"italic":false,"strikethrough":false,"underline":false}}],"type":"draw_text"}]}]}}