{"appearance_hash":"3680c737e98e1ff6368f8084d0770e6d8de7810c957b1771548683ee6a303461","content_hash":"cfe9707b0fd94afbd818c590e9bfcae212010577d94a110f3cda938a96d7ce03","engine_commit_sha":"UNKNOWN","engine_version":"0.1.0","geometry":{"pages":[{"height":842000,"index":0,"root":{"children":[{"children":[{"children":[],"glyphs":[{"cluster":0,"glyph_id":42,"x_advance":6632,"x_offset":0,"y_advance":0,"y_offset":52800},{"cluster":1,"glyph_id":77,"x_advance":2917,"x_offset":6632,"y_advance":0,"y_offset":52800},{"cluster":2,"glyph_id":92,"x_advance":5835,"x_offset":9549,"y_advance":0,"y_offset":52800},{"cluster":3,"glyph_id":73,"x_advance":6363,"x_offset":15384,"y_advance":0,"y_offset":52800},{"cluster":4,"glyph_id":72,"x_advance":6767,"x_offset":21747,"y_advance":0,"y_offset":52800},{"cluster":5,"glyph_id":4,"x_advance":2976,"x_offset":28514,"y_advance":0,"y_offset":52800},{"cluster":6,"glyph_id":24,"x_advance":6744,"x_offset":31490,"y_advance":0,"y_offset":52800},{"cluster":7,"glyph_id":20,"x_advance":6744,"x_offset":38234,"y_advance":0,"y_offset":52800},{"cluster":8,"glyph_id":20,"x_advance":6744,"x_offset":44978,"y_advance":0,"y_offset":52800},{"cluster":9,"glyph_id":84,"x_advance":6738,"x_offset":51722,"y_advance":0,"y_offset":52800},{"cluster":10,"glyph_id":88,"x_advance":3925,"x_offset":58460,"y_advance":0,"y_offset":52800},{"cluster":11,"glyph_id":17,"x_advance":3316,"x_offset":62385,"y_advance":0,"y_offset":52800},{"cluster":12,"glyph_id":77,"x_advance":2917,"x_offset":65701,"y_advance":0,"y_offset":52800},{"cluster":13,"glyph_id":87,"x_advance":6193,"x_offset":68618,"y_advance":0,"y_offset":52800},{"cluster":14,"glyph_id":76,"x_advance":6609,"x_offset":74811,"y_advance":0,"y_offset":52800},{"cluster":15,"glyph_id":4,"x_advance":2976,"x_offset":81420,"y_advance":0,"y_offset":52800},{"cluster":16,"glyph_id":71,"x_advance":6281,"x_offset":84396,"y_advance":0,"y_offset":52800},{"cluster":17,"glyph_id":83,"x_advance":6843,"x_offset":90677,"y_advance":0,"y_offset":52800},{"cluster":18,"glyph_id":80,"x_advance":2917,"x_offset":97520,"y_advance":0,"y_offset":52800},{"cluster":19,"glyph_id":89,"x_advance":6615,"x_offset":100437,"y_advance":0,"y_offset":52800},{"cluster":20,"glyph_id":81,"x_advance":10523,"x_offset":107052,"y_advance":0,"y_offset":52800},{"cluster":21,"glyph_id":82,"x_advance":6626,"x_offset":117575,"y_advance":0,"y_offset":52800}],"height":120000,"id":"left","text_runs":[{"glyph_range":[0,22],"style":{"bold":false,"color":"#000000","font_family":"default","font_size":12000,"italic":false,"strikethrough":false,"underline":false}}],"width":400000,"x":72000,"y":72000},{"children":[],"glyphs":[{"cluster":0,"glyph_id":42,"x_advance":6632,"x_offset":0,"y_advance":0,"y_offset":45600},{"cluster":1,"glyph_id":77,"x_advance":2917,"x_offset":6632,"y_advance":0,"y_offset":45600},{"cluster":2,"glyph_id":92,"x_advance":5835,"x_offset":9549,"y_advance":0,"y_offset":45600},{"cluster":3,"glyph_id":73,"x_advance":6363,"x_offset":15384,"y_advance":0,"y_offset":45600},{"cluster":4,"glyph_id":72,"x_advance":6767,"x_offset":21747,"y_advance":0,"y_offset":45600},{"cluster":5,"glyph_id":4,"x_advance":2976,"x_offset":28514,"y_advance":0,"y_offset":45600},{"cluster":6,"glyph_id":22,"x_advance":6744,"x_offset":31490,"y_advance":0,"y_offset":45600},{"cluster":7,"glyph_id":25,"x_advance":6744,"x_offset":38234,"y_advance":0,"y_offset":45600},{"cluster":8,"glyph_id":20,"x_advance":6744,"x_offset":44978,"y_advance":0,"y_offset":45600},{"cluster":9,"glyph_id":84,"x_advance":6738,"x_offset":51722,"y_advance":0,"y_offset":45600},{"cluster":10,"glyph_id":88,"x_advance":3925,"x_offset":58460,"y_advance":0,"y_offset":45600},{"cluster":11,"glyph_id":17,"x_advance":3316,"x_offset":62385,"y_advance":0,"y_offset":45600},{"cluster":12,"glyph_id":77,"x_advance":2917,"x_offset":65701,"y_advance":0,"y_offset":45600},{"cluster":13,"glyph_id":87,"x_advance":6193,"x_offset":68618,"y_advance":0,"y_offset":45600},{"cluster":14,"glyph_id":76,"x_advance":6609,"x_offset":74811,"y_advance":0,"y_offset":45600},{"cluster":15,"glyph_id":4,"x_advance":2976,"x_offset":81420,"y_advance":0,"y_offset":45600},{"cluster":16,"glyph_id":71,"x_advance":6281,"x_offset":84396,"y_advance":0,"y_offset":45600},{"cluster":17,"glyph_id":83,"x_advance":6843,"x_offset":90677,"y_advance":0,"y_offset":45600},{"cluster":18,"glyph_id":80,"x_advance":2917,"x_offset":97520,"y_advance":0,"y_offset":45600},{"cluster":19,"glyph_id":89,"x_advance":6615,"x_offset":100437,"y_advance":0,"y_offset":45600},{"cluster":20,"glyph_id":81,"x_advance":10523,"x_offset":107052,"y_advance":0,"y_offset":45600},{"cluster":21,"glyph_id":82,"x_advance":6626,"x_offset":117575,"y_advance":0,"y_offset":45600},{"cluster":22,"glyph_id":4,"x_advance":2976,"x_offset":124201,"y_advance":0,"y_offset":45600},{"cluster":23,"glyph_id":12,"x_advance":4107,"x_offset":127177,"y_advance":0,"y_offset":45600},{"cluster":24,"glyph_id":81,"x_advance":10523,"x_offset":131284,"y_advance":0,"y_offset":45600},{"cluster":25,"glyph_id":69,"x_advance":6439,"x_offset":141807,"y_advance":0,"y_offset":45600},{"cluster":26,"glyph_id":93,"x_advance":5677,"x_offset":148246,"y_advance":0,"y_offset":45600},{"cluster":27,"glyph_id":4,"x_advance":2976,"x_offset":153923,"y_advance":0,"y_offset":45600},{"cluster":28,"glyph_id":83,"x_advance":6755,"x_offset":156899,"y_advance":0,"y_offset":45600},{"cluster":29,"glyph_id":90,"x_advance":5736,"x_offset":163654,"y_advance":0,"y_offset":45600},{"cluster":30,"glyph_id":73,"x_advance":6363,"x_offset":169390,"y_advance":0,"y_offset":45600},{"cluster":31,"glyph_id":86,"x_advance":4066,"x_offset":175753,"y_advance":0,"y_offset":45600},{"cluster":32,"glyph_id":471,"x_advance":6814,"x_offset":179819,"y_advance":0,"y_offset":45600},{"cluster":34,"glyph_id":83,"x_advance":6843,"x_offset":186633,"y_advance":0,"y_offset":45600},{"cluster":35,"glyph_id":91,"x_advance":9017,"x_offset":193476,"y_advance":0,"y_offset":45600},{"cluster":36,"glyph_id":4,"x_advance":2976,"x_offset":202493,"y_advance":0,"y_offset":45600},{"cluster":37,"glyph_id":71,"x_advance":6281,"x_offset":205469,"y_advance":0,"y_offset":45600},{"cluster":38,"glyph_id":83,"x_advance":6843,"x_offset":211750,"y_advance":0,"y_offset":45600},{"cluster":39,"glyph_id":82,"x_advance":6626,"x_offset":218593,"y_advance":0,"y_offset":45600},{"cluster":40,"glyph_id":88,"x_advance":3925,"x_offset":225219,"y_advance":0,"y_offset":45600},{"cluster":41,"glyph_id":73,"x_advance":6363,"x_offset":229144,"y_advance":0,"y_offset":45600},{"cluster":42,"glyph_id":82,"x_advance":6626,"x_offset":235507,"y_advance":0,"y_offset":45600},{"cluster":43,"glyph_id":88,"x_advance":3925,"x_offset":242133,"y_advance":0,"y_offset":45600},{"cluster":45,"glyph_id":91,"x_advance":9017,"x_offset":0,"y_advance":0,"y_offset":60000},{"cluster":46,"glyph_id":77,"x_advance":2917,"x_offset":9017,"y_advance":0,"y_offset":60000},{"cluster":47,"glyph_id":72,"x_advance":6767,"x_offset":11934,"y_advance":0,"y_offset":60000},{"cluster":48,"glyph_id":88,"x_advance":3925,"x_offset":18701,"y_advance":0,"y_offset":60000},{"cluster":49,"glyph_id":76,"x_advance":6609,"x_offset":22626,"y_advance":0,"y_offset":60000},{"cluster":50,"glyph_id":13,"x_advance":4177,"x_offset":29235,"y_advance":0,"y_offset":60000}],"height":120000,"id":"right","text_runs":[{"glyph_range":[0,43],"style":{"bold":false,"color":"#000000","font_family":"default","font_size":12000,"italic":false,"strikethrough":false,"underline":false}},{"glyph_range":[43,49],"style":{"bold":false,"color":"#000000","font_family":"default","font_size":12000,"italic":false,"strikethrough":false,"underline":false}}],"width":250000,"x":484000,"y":72000}],"glyphs":[],"height":120000,"id":"grid","width":451000,"x":72000,"y":72000}],"glyphs":[],"height":842000,"id":"root_page_0","width":595000,"x":0,"y":0},"width":595000}]},"render_plan":{"compositing":{"alpha_mode":"premultiplied","blend_mode":"source_over","color_space":"srgb"},"pages":[{"index":0,"ops":[{"node_id":"left","rect":{"height":120000,"width":400000,"x":72000,"y":72000},"runs":[{"glyph_range":[0,22],"style":{"bold":false,"color":"#000000","font_family":"default","font_size":12000,"italic":false,"strikethrough":false,"underline":false}}],"type":"draw_text"},{"node_id":"right","rect":{"height":120000,"width":250000,"x":484000,"y":72000},"runs":[{"glyph_range":[0,43],"style":{"bold":false,"color":"#000000","font_family":"default","font_size":12000,"italic":false,"strikethrough":false,"underline":false}},{"glyph_range":[43,49],"style":{"bold":false,"color":"#000000","font_family":"default","font_size":12000,"italic":false,"strikethrough":false,"underline":false}}],"type":"draw_text"}]}]}}