{"appearance_hash":"638e23a907cfa5b08752506685354695cb2f24506c702e5d9cd30053340633b0","content_hash":"b90f9740b7c3f075fdb67090c6fc98e9f3fa747adb2a6cd669b99f40e09f3369","engine_commit_sha":"UNKNOWN","engine_version":"0.1.0","geometry":{"pages":[{"height":842000,"index":0,"root":{"children":[{"children":[{"children":[],"glyphs":[{"cluster":0,"glyph_id":43,"x_advance":8173,"x_offset":12000,"y_advance":0,"y_offset":12000},{"cluster":1,"glyph_id":80,"x_advance":2917,"x_offset":20173,"y_advance":0,"y_offset":12000},{"cluster":2,"glyph_id":69,"x_advance":6527,"x_offset":23090,"y_advance":0,"y_offset":12000},{"cluster":3,"glyph_id":87,"x_advance":6193,"x_offset":29617,"y_advance":0,"y_offset":12000},{"cluster":4,"glyph_id":87,"x_advance":6193,"x_offset":35810,"y_advance":0,"y_offset":12000},{"cluster":5,"glyph_id":4,"x_advance":2976,"x_offset":42003,"y_advance":0,"y_offset":12000},{"cluster":6,"glyph_id":51,"x_advance":8255,"x_offset":44979,"y_advance":0,"y_offset":12000},{"cluster":7,"glyph_id":90,"x_advance":5736,"x_offset":53234,"y_advance":0,"y_offset":12000},{"cluster":8,"glyph_id":73,"x_advance":6363,"x_offset":58970,"y_advance":0,"y_offset":12000},{"cluster":9,"glyph_id":86,"x_advance":4066,"x_offset":65333,"y_advance":0,"y_offset":12000},{"cluster":10,"glyph_id":80,"x_advance":2917,"x_offset":69399,"y_advance":0,"y_offset":12000},{"cluster":11,"glyph_id":69,"x_advance":6439,"x_offset":72316,"y_advance":0,"y_offset":12000},{"cluster":12,"glyph_id":93,"x_advance":5677,"x_offset":78755,"y_advance":0,"y_offset":12000}],"height":38400,"id":"overlay_layer","text_runs":[{"glyph_range":[0,13],"style":{"bold":false,"color":"#000000","font_family":"default","font_size":12000,"italic":false,"strikethrough":false,"underline":false}}],"width":483000,"x":56000,"y":56000}],"glyphs":[],"height":78400,"id":"base_layer","width":523000,"x":36000,"y":36000}],"glyphs":[],"height":842000,"id":"root_page_0","width":595000,"x":0,"y":0},"width":595000}]},"render_plan":{"compositing":{"alpha_mode":"premultiplied","blend_mode":"source_over","color_space":"srgb"},"pages":[{"index":0,"ops":[{"decoration":{"background":{"color":"#0000FF","type":"solid"}},"node_id":"base_layer","rect":{"height":78400,"width":523000,"x":36000,"y":36000},"type":"draw_box"},{"corner_radius_pt":8000,"node_id":"overlay_layer","radius_pt":8000,"rect":{"height":38400,"width":483000,"x":56000,"y":56000},"type":"backdrop_blur"},{"decoration":{"background":{"color":"#FFFFFF80","type":"solid"},"corner_radius_pt":8000},"node_id":"overlay_layer","rect":{"height":38400,"width":483000,"x":56000,"y":56000},"type":"draw_box"},{"node_id":"overlay_layer","rect":{"height":38400,"width":483000,"x":56000,"y":56000},"runs":[{"glyph_range":[0,13],"style":{"bold":false,"color":"#000000","font_family":"default","font_size":12000,"italic":false,"strikethrough":false,"underline":false}}],"type":"draw_text"}]}]}}