{"appearance_hash":"1e1f5bf5a6527a08f7c34324e0d7d6c942bc1f97120e698743bf161f0f692318","content_hash":"c09d91c361dcb681d44e2782e8a50f599c8aa331f1b18e2f1a5f030c3ca656da","engine_commit_sha":"UNKNOWN","engine_version":"0.1.0","geometry":{"pages":[{"height":842000,"index":0,"root":{"children":[{"children":[],"glyphs":[{"cluster":0,"glyph_id":41,"x_advance":6820,"x_offset":10000,"y_advance":0,"y_offset":10000},{"cluster":1,"glyph_id":80,"x_advance":2917,"x_offset":16820,"y_advance":0,"y_offset":10000},{"cluster":2,"glyph_id":73,"x_advance":6287,"x_offset":19737,"y_advance":0,"y_offset":10000},{"cluster":3,"glyph_id":90,"x_advance":5724,"x_offset":26024,"y_advance":0,"y_offset":10000},{"cluster":4,"glyph_id":69,"x_advance":6527,"x_offset":31748,"y_advance":0,"y_offset":10000},{"cluster":5,"glyph_id":88,"x_advance":3925,"x_offset":38275,"y_advance":0,"y_offset":10000},{"cluster":6,"glyph_id":77,"x_advance":2917,"x_offset":42200,"y_advance":0,"y_offset":10000},{"cluster":7,"glyph_id":83,"x_advance":6843,"x_offset":45117,"y_advance":0,"y_offset":10000},{"cluster":8,"glyph_id":82,"x_advance":6626,"x_offset":51960,"y_advance":0,"y_offset":10000},{"cluster":9,"glyph_id":4,"x_advance":2976,"x_offset":58586,"y_advance":0,"y_offset":10000},{"cluster":10,"glyph_id":48,"x_advance":6462,"x_offset":61562,"y_advance":0,"y_offset":10000},{"cluster":11,"glyph_id":83,"x_advance":6843,"x_offset":68024,"y_advance":0,"y_offset":10000},{"cluster":12,"glyph_id":91,"x_advance":9017,"x_offset":74867,"y_advance":0,"y_offset":10000}],"height":34400,"id":"shadow_low_box","text_runs":[{"glyph_range":[0,13],"style":{"bold":false,"color":"#000000","font_family":"default","font_size":12000,"italic":false,"strikethrough":false,"underline":false}}],"width":523000,"x":36000,"y":36000},{"children":[],"glyphs":[{"cluster":0,"glyph_id":41,"x_advance":6820,"x_offset":10000,"y_advance":0,"y_offset":10000},{"cluster":1,"glyph_id":80,"x_advance":2917,"x_offset":16820,"y_advance":0,"y_offset":10000},{"cluster":2,"glyph_id":73,"x_advance":6287,"x_offset":19737,"y_advance":0,"y_offset":10000},{"cluster":3,"glyph_id":90,"x_advance":5724,"x_offset":26024,"y_advance":0,"y_offset":10000},{"cluster":4,"glyph_id":69,"x_advance":6527,"x_offset":31748,"y_advance":0,"y_offset":10000},{"cluster":5,"glyph_id":88,"x_advance":3925,"x_offset":38275,"y_advance":0,"y_offset":10000},{"cluster":6,"glyph_id":77,"x_advance":2917,"x_offset":42200,"y_advance":0,"y_offset":10000},{"cluster":7,"glyph_id":83,"x_advance":6843,"x_offset":45117,"y_advance":0,"y_offset":10000},{"cluster":8,"glyph_id":82,"x_advance":6626,"x_offset":51960,"y_advance":0,"y_offset":10000},{"cluster":9,"glyph_id":4,"x_advance":2976,"x_offset":58586,"y_advance":0,"y_offset":10000},{"cluster":10,"glyph_id":49,"x_advance":10476,"x_offset":61562,"y_advance":0,"y_offset":10000},{"cluster":11,"glyph_id":73,"x_advance":6363,"x_offset":72038,"y_advance":0,"y_offset":10000},{"cluster":12,"glyph_id":72,"x_advance":6767,"x_offset":78401,"y_advance":0,"y_offset":10000},{"cluster":13,"glyph_id":77,"x_advance":2917,"x_offset":85168,"y_advance":0,"y_offset":10000},{"cluster":14,"glyph_id":89,"x_advance":6615,"x_offset":88085,"y_advance":0,"y_offset":10000},{"cluster":15,"glyph_id":81,"x_advance":10523,"x_offset":94700,"y_advance":0,"y_offset":10000}],"height":34400,"id":"shadow_medium_box","text_runs":[{"glyph_range":[0,16],"style":{"bold":false,"color":"#000000","font_family":"default","font_size":12000,"italic":false,"strikethrough":false,"underline":false}}],"width":523000,"x":36000,"y":70400},{"children":[],"glyphs":[{"cluster":0,"glyph_id":41,"x_advance":6820,"x_offset":10000,"y_advance":0,"y_offset":10000},{"cluster":1,"glyph_id":80,"x_advance":2917,"x_offset":16820,"y_advance":0,"y_offset":10000},{"cluster":2,"glyph_id":73,"x_advance":6287,"x_offset":19737,"y_advance":0,"y_offset":10000},{"cluster":3,"glyph_id":90,"x_advance":5724,"x_offset":26024,"y_advance":0,"y_offset":10000},{"cluster":4,"glyph_id":69,"x_advance":6527,"x_offset":31748,"y_advance":0,"y_offset":10000},{"cluster":5,"glyph_id":88,"x_advance":3925,"x_offset":38275,"y_advance":0,"y_offset":10000},{"cluster":6,"glyph_id":77,"x_advance":2917,"x_offset":42200,"y_advance":0,"y_offset":10000},{"cluster":7,"glyph_id":83,"x_advance":6843,"x_offset":45117,"y_advance":0,"y_offset":10000},{"cluster":8,"glyph_id":82,"x_advance":6626,"x_offset":51960,"y_advance":0,"y_offset":10000},{"cluster":9,"glyph_id":4,"x_advance":2976,"x_offset":58586,"y_advance":0,"y_offset":10000},{"cluster":10,"glyph_id":44,"x_advance":8560,"x_offset":61562,"y_advance":0,"y_offset":10000},{"cluster":11,"glyph_id":77,"x_advance":2917,"x_offset":70122,"y_advance":0,"y_offset":10000},{"cluster":12,"glyph_id":75,"x_advance":6738,"x_offset":73039,"y_advance":0,"y_offset":10000},{"cluster":13,"glyph_id":76,"x_advance":6609,"x_offset":79777,"y_advance":0,"y_offset":10000}],"height":34400,"id":"shadow_high_box","text_runs":[{"glyph_range":[0,14],"style":{"bold":false,"color":"#000000","font_family":"default","font_size":12000,"italic":false,"strikethrough":false,"underline":false}}],"width":523000,"x":36000,"y":104800}],"glyphs":[],"height":842000,"id":"root_page_0","width":595000,"x":0,"y":0},"width":595000}]},"render_plan":{"compositing":{"alpha_mode":"premultiplied","blend_mode":"source_over","color_space":"srgb"},"pages":[{"index":0,"ops":[{"decoration":{"background":{"color":"#FFFFFF","type":"solid"},"shadow":{"layers":[{"blur_radius_pt":4000,"color":"#0000001A","offset_x_pt":0,"offset_y_pt":2000,"spread_radius_pt":0}]}},"node_id":"shadow_low_box","rect":{"height":34400,"width":523000,"x":36000,"y":36000},"type":"draw_box"},{"node_id":"shadow_low_box","rect":{"height":34400,"width":523000,"x":36000,"y":36000},"runs":[{"glyph_range":[0,13],"style":{"bold":false,"color":"#000000","font_family":"default","font_size":12000,"italic":false,"strikethrough":false,"underline":false}}],"type":"draw_text"},{"decoration":{"background":{"color":"#FFFFFF","type":"solid"},"shadow":{"layers":[{"blur_radius_pt":8000,"color":"#0000001F","offset_x_pt":0,"offset_y_pt":4000,"spread_radius_pt":0}]}},"node_id":"shadow_medium_box","rect":{"height":34400,"width":523000,"x":36000,"y":70400},"type":"draw_box"},{"node_id":"shadow_medium_box","rect":{"height":34400,"width":523000,"x":36000,"y":70400},"runs":[{"glyph_range":[0,16],"style":{"bold":false,"color":"#000000","font_family":"default","font_size":12000,"italic":false,"strikethrough":false,"underline":false}}],"type":"draw_text"},{"decoration":{"background":{"color":"#FFFFFF","type":"solid"},"shadow":{"layers":[{"blur_radius_pt":16000,"color":"#00000026","offset_x_pt":0,"offset_y_pt":8000,"spread_radius_pt":2000}]}},"node_id":"shadow_high_box","rect":{"height":34400,"width":523000,"x":36000,"y":104800},"type":"draw_box"},{"node_id":"shadow_high_box","rect":{"height":34400,"width":523000,"x":36000,"y":104800},"runs":[{"glyph_range":[0,14],"style":{"bold":false,"color":"#000000","font_family":"default","font_size":12000,"italic":false,"strikethrough":false,"underline":false}}],"type":"draw_text"}]}]}}