{"appearance_hash":"9596c4960f8ef19b9bf07db8f5e33ce17ce241203a7b682ceeb4f1dfe06687f3","content_hash":"370386ef4439ff64abf32e21c7ec1b44cbe7491a6e6b6201a3483d4b784927a7","engine_commit_sha":"UNKNOWN","engine_version":"0.1.0","geometry":{"pages":[{"height":842000,"index":0,"root":{"children":[{"children":[],"glyphs":[],"height":349000,"id":"img_1","width":451000,"x":72000,"y":72000},{"children":[],"glyphs":[{"cluster":0,"glyph_id":52,"x_advance":6254,"x_offset":0,"y_advance":0,"y_offset":0},{"cluster":1,"glyph_id":69,"x_advance":5439,"x_offset":6254,"y_advance":0,"y_offset":0},{"cluster":2,"glyph_id":75,"x_advance":5615,"x_offset":11693,"y_advance":0,"y_offset":0},{"cluster":3,"glyph_id":73,"x_advance":5302,"x_offset":17308,"y_advance":0,"y_offset":0},{"cluster":4,"glyph_id":4,"x_advance":2480,"x_offset":22610,"y_advance":0,"y_offset":0},{"cluster":5,"glyph_id":21,"x_advance":5620,"x_offset":25090,"y_advance":0,"y_offset":0},{"cluster":6,"glyph_id":4,"x_advance":2480,"x_offset":30710,"y_advance":0,"y_offset":0},{"cluster":7,"glyph_id":83,"x_advance":5703,"x_offset":33190,"y_advance":0,"y_offset":0},{"cluster":8,"glyph_id":74,"x_advance":3476,"x_offset":38893,"y_advance":0,"y_offset":0},{"cluster":9,"glyph_id":4,"x_advance":2480,"x_offset":42369,"y_advance":0,"y_offset":0},{"cluster":10,"glyph_id":22,"x_advance":5620,"x_offset":44849,"y_advance":0,"y_offset":0}],"height":12000,"id":"running.footer.page_numbers","text_runs":[{"glyph_range":[0,11],"style":{"bold":false,"color":"#000000","font_family":"default","font_size":10000,"italic":false,"strikethrough":false,"underline":false}}],"width":50469,"x":272265,"y":770000}],"glyphs":[],"height":842000,"id":"root_page_0","width":595000,"x":0,"y":0},"width":595000},{"height":842000,"index":1,"root":{"children":[{"children":[],"glyphs":[],"height":349001,"id":"img_2","width":451000,"x":72000,"y":72000},{"children":[],"glyphs":[{"cluster":0,"glyph_id":52,"x_advance":6254,"x_offset":0,"y_advance":0,"y_offset":0},{"cluster":1,"glyph_id":69,"x_advance":5439,"x_offset":6254,"y_advance":0,"y_offset":0},{"cluster":2,"glyph_id":75,"x_advance":5615,"x_offset":11693,"y_advance":0,"y_offset":0},{"cluster":3,"glyph_id":73,"x_advance":5302,"x_offset":17308,"y_advance":0,"y_offset":0},{"cluster":4,"glyph_id":4,"x_advance":2480,"x_offset":22610,"y_advance":0,"y_offset":0},{"cluster":5,"glyph_id":22,"x_advance":5620,"x_offset":25090,"y_advance":0,"y_offset":0},{"cluster":6,"glyph_id":4,"x_advance":2480,"x_offset":30710,"y_advance":0,"y_offset":0},{"cluster":7,"glyph_id":83,"x_advance":5703,"x_offset":33190,"y_advance":0,"y_offset":0},{"cluster":8,"glyph_id":74,"x_advance":3476,"x_offset":38893,"y_advance":0,"y_offset":0},{"cluster":9,"glyph_id":4,"x_advance":2480,"x_offset":42369,"y_advance":0,"y_offset":0},{"cluster":10,"glyph_id":22,"x_advance":5620,"x_offset":44849,"y_advance":0,"y_offset":0}],"height":12000,"id":"running.footer.page_numbers","text_runs":[{"glyph_range":[0,11],"style":{"bold":false,"color":"#000000","font_family":"default","font_size":10000,"italic":false,"strikethrough":false,"underline":false}}],"width":50469,"x":272265,"y":770000}],"glyphs":[],"height":842000,"id":"root_page_1","width":595000,"x":0,"y":0},"width":595000}]},"render_plan":{"compositing":{"alpha_mode":"premultiplied","blend_mode":"source_over","color_space":"srgb"},"pages":[{"index":0,"ops":[{"node_id":"img_1","rect":{"height":349000,"width":451000,"x":72000,"y":72000},"src":"asset://img_1","type":"draw_image"},{"node_id":"running.footer.page_numbers","rect":{"height":12000,"width":50469,"x":272265,"y":770000},"runs":[{"glyph_range":[0,11],"style":{"bold":false,"color":"#000000","font_family":"default","font_size":10000,"italic":false,"strikethrough":false,"underline":false}}],"type":"draw_text"}]},{"index":1,"ops":[{"node_id":"img_2","rect":{"height":349001,"width":451000,"x":72000,"y":72000},"src":"asset://img_2","type":"draw_image"},{"node_id":"running.footer.page_numbers","rect":{"height":12000,"width":50469,"x":272265,"y":770000},"runs":[{"glyph_range":[0,11],"style":{"bold":false,"color":"#000000","font_family":"default","font_size":10000,"italic":false,"strikethrough":false,"underline":false}}],"type":"draw_text"}]}]}}