{"appearance_hash":"ec3ba367cfba0ee185540551c8f156e418b2ca00bf6cd04e1f267b3673c7eb61","content_hash":"ec0c8d880b9e728cfb9577fe60dd474e2b5d5ba7168b4dbc55ecd8a4cf903d95","engine_commit_sha":"UNKNOWN","engine_version":"0.1.0","geometry":{"pages":[{"height":842000,"index":0,"root":{"children":[{"children":[],"glyphs":[{"cluster":4294967295,"glyph_id":21,"x_advance":6744,"x_offset":8092,"y_advance":0,"y_offset":0},{"cluster":4294967295,"glyph_id":18,"x_advance":3164,"x_offset":14836,"y_advance":0,"y_offset":0},{"cluster":0,"glyph_id":45,"x_advance":3263,"x_offset":22000,"y_advance":0,"y_offset":0},{"cluster":1,"glyph_id":82,"x_advance":6626,"x_offset":25263,"y_advance":0,"y_offset":0},{"cluster":2,"glyph_id":87,"x_advance":6193,"x_offset":31889,"y_advance":0,"y_offset":0},{"cluster":3,"glyph_id":88,"x_advance":3925,"x_offset":38082,"y_advance":0,"y_offset":0},{"cluster":4,"glyph_id":69,"x_advance":6527,"x_offset":42007,"y_advance":0,"y_offset":0},{"cluster":5,"glyph_id":80,"x_advance":2917,"x_offset":48534,"y_advance":0,"y_offset":0},{"cluster":6,"glyph_id":80,"x_advance":2917,"x_offset":51451,"y_advance":0,"y_offset":0},{"cluster":7,"glyph_id":4,"x_advance":2976,"x_offset":54368,"y_advance":0,"y_offset":0},{"cluster":8,"glyph_id":54,"x_advance":7394,"x_offset":57344,"y_advance":0,"y_offset":0},{"cluster":9,"glyph_id":89,"x_advance":6615,"x_offset":64738,"y_advance":0,"y_offset":0},{"cluster":10,"glyph_id":87,"x_advance":6193,"x_offset":71353,"y_advance":0,"y_offset":0},{"cluster":11,"glyph_id":88,"x_advance":3925,"x_offset":77546,"y_advance":0,"y_offset":0}],"height":14400,"id":"steps.1","text_runs":[{"glyph_range":[0,2],"style":{"bold":false,"color":"#000000","font_family":"default","font_size":12000,"italic":false,"strikethrough":false,"underline":false}},{"glyph_range":[2,14],"style":{"bold":false,"color":"#000000","font_family":"default","font_size":12000,"italic":false,"strikethrough":false,"underline":false}}],"width":451000,"x":72000,"y":72000},{"children":[],"glyphs":[{"cluster":4294967295,"glyph_id":21,"x_advance":6744,"x_offset":26092,"y_advance":0,"y_offset":0},{"cluster":4294967295,"glyph_id":18,"x_advance":3164,"x_offset":32836,"y_advance":0,"y_offset":0},{"cluster":0,"glyph_id":45,"x_advance":3263,"x_offset":40000,"y_advance":0,"y_offset":0},{"cluster":1,"glyph_id":82,"x_advance":6626,"x_offset":43263,"y_advance":0,"y_offset":0},{"cluster":2,"glyph_id":87,"x_advance":6193,"x_offset":49889,"y_advance":0,"y_offset":0},{"cluster":3,"glyph_id":88,"x_advance":3925,"x_offset":56082,"y_advance":0,"y_offset":0},{"cluster":4,"glyph_id":69,"x_advance":6527,"x_offset":60007,"y_advance":0,"y_offset":0},{"cluster":5,"glyph_id":80,"x_advance":2917,"x_offset":66534,"y_advance":0,"y_offset":0},{"cluster":6,"glyph_id":80,"x_advance":2917,"x_offset":69451,"y_advance":0,"y_offset":0},{"cluster":7,"glyph_id":4,"x_advance":2976,"x_offset":72368,"y_advance":0,"y_offset":0},{"cluster":8,"glyph_id":91,"x_advance":9017,"x_offset":75344,"y_advance":0,"y_offset":0},{"cluster":9,"glyph_id":69,"x_advance":6527,"x_offset":84361,"y_advance":0,"y_offset":0},{"cluster":10,"glyph_id":87,"x_advance":6193,"x_offset":90888,"y_advance":0,"y_offset":0},{"cluster":11,"glyph_id":81,"x_advance":10523,"x_offset":97081,"y_advance":0,"y_offset":0},{"cluster":12,"glyph_id":17,"x_advance":3316,"x_offset":107604,"y_advance":0,"y_offset":0},{"cluster":13,"glyph_id":84,"x_advance":6738,"x_offset":110920,"y_advance":0,"y_offset":0},{"cluster":14,"glyph_id":69,"x_advance":6527,"x_offset":117658,"y_advance":0,"y_offset":0},{"cluster":15,"glyph_id":71,"x_advance":6281,"x_offset":124185,"y_advance":0,"y_offset":0},{"cluster":16,"glyph_id":79,"x_advance":6082,"x_offset":130466,"y_advance":0,"y_offset":0}],"height":14400,"id":"steps.2","text_runs":[{"glyph_range":[0,2],"style":{"bold":false,"color":"#000000","font_family":"default","font_size":12000,"italic":false,"strikethrough":false,"underline":false}},{"glyph_range":[2,19],"style":{"bold":false,"color":"#000000","font_family":"default","font_size":12000,"italic":false,"strikethrough":false,"underline":false}}],"width":451000,"x":72000,"y":86400},{"children":[],"glyphs":[{"cluster":4294967295,"glyph_id":22,"x_advance":6744,"x_offset":26092,"y_advance":0,"y_offset":0},{"cluster":4294967295,"glyph_id":18,"x_advance":3164,"x_offset":32836,"y_advance":0,"y_offset":0},{"cluster":0,"glyph_id":38,"x_advance":7476,"x_offset":40000,"y_advance":0,"y_offset":0},{"cluster":1,"glyph_id":89,"x_advance":6615,"x_offset":47476,"y_advance":0,"y_offset":0},{"cluster":2,"glyph_id":77,"x_advance":2917,"x_offset":54091,"y_advance":0,"y_offset":0},{"cluster":3,"glyph_id":80,"x_advance":2917,"x_offset":57008,"y_advance":0,"y_offset":0},{"cluster":4,"glyph_id":72,"x_advance":6767,"x_offset":59925,"y_advance":0,"y_offset":0},{"cluster":5,"glyph_id":4,"x_advance":2976,"x_offset":66692,"y_advance":0,"y_offset":0},{"cluster":6,"glyph_id":88,"x_advance":3925,"x_offset":69668,"y_advance":0,"y_offset":0},{"cluster":7,"glyph_id":76,"x_advance":6609,"x_offset":73593,"y_advance":0,"y_offset":0},{"cluster":8,"glyph_id":73,"x_advance":6363,"x_offset":80202,"y_advance":0,"y_offset":0},{"cluster":9,"glyph_id":4,"x_advance":2976,"x_offset":86565,"y_advance":0,"y_offset":0},{"cluster":10,"glyph_id":84,"x_advance":6738,"x_offset":89541,"y_advance":0,"y_offset":0},{"cluster":11,"glyph_id":86,"x_advance":3949,"x_offset":96279,"y_advance":0,"y_offset":0},{"cluster":12,"glyph_id":83,"x_advance":6843,"x_offset":100228,"y_advance":0,"y_offset":0},{"cluster":13,"glyph_id":78,"x_advance":2871,"x_offset":107071,"y_advance":0,"y_offset":0},{"cluster":14,"glyph_id":73,"x_advance":6363,"x_offset":109942,"y_advance":0,"y_offset":0},{"cluster":15,"glyph_id":71,"x_advance":6281,"x_offset":116305,"y_advance":0,"y_offset":0},{"cluster":16,"glyph_id":88,"x_advance":3925,"x_offset":122586,"y_advance":0,"y_offset":0}],"height":14400,"id":"steps.3","text_runs":[{"glyph_range":[0,2],"style":{"bold":false,"color":"#000000","font_family":"default","font_size":12000,"italic":false,"strikethrough":false,"underline":false}},{"glyph_range":[2,19],"style":{"bold":false,"color":"#000000","font_family":"default","font_size":12000,"italic":false,"strikethrough":false,"underline":false}}],"width":451000,"x":72000,"y":100800},{"children":[],"glyphs":[{"cluster":4294967295,"glyph_id":22,"x_advance":6744,"x_offset":8092,"y_advance":0,"y_offset":0},{"cluster":4294967295,"glyph_id":18,"x_advance":3164,"x_offset":14836,"y_advance":0,"y_offset":0},{"cluster":0,"glyph_id":54,"x_advance":7394,"x_offset":22000,"y_advance":0,"y_offset":0},{"cluster":1,"glyph_id":89,"x_advance":6615,"x_offset":29394,"y_advance":0,"y_offset":0},{"cluster":2,"glyph_id":82,"x_advance":6626,"x_offset":36009,"y_advance":0,"y_offset":0},{"cluster":3,"glyph_id":4,"x_advance":2976,"x_offset":42635,"y_advance":0,"y_offset":0},{"cluster":4,"glyph_id":88,"x_advance":3925,"x_offset":45611,"y_advance":0,"y_offset":0},{"cluster":5,"glyph_id":73,"x_advance":6363,"x_offset":49536,"y_advance":0,"y_offset":0},{"cluster":6,"glyph_id":87,"x_advance":6193,"x_offset":55899,"y_advance":0,"y_offset":0},{"cluster":7,"glyph_id":88,"x_advance":3925,"x_offset":62092,"y_advance":0,"y_offset":0},{"cluster":8,"glyph_id":87,"x_advance":6193,"x_offset":66017,"y_advance":0,"y_offset":0}],"height":14400,"id":"steps.4","text_runs":[{"glyph_range":[0,2],"style":{"bold":false,"color":"#000000","font_family":"default","font_size":12000,"italic":false,"strikethrough":false,"underline":false}},{"glyph_range":[2,11],"style":{"bold":false,"color":"#000000","font_family":"default","font_size":12000,"italic":false,"strikethrough":false,"underline":false}}],"width":451000,"x":72000,"y":115200}],"glyphs":[],"height":842000,"id":"root_page_0","width":595000,"x":0,"y":0},"width":595000}]},"render_plan":{"compositing":{"alpha_mode":"premultiplied","blend_mode":"source_over","color_space":"srgb"},"pages":[{"index":0,"ops":[{"node_id":"steps.1","rect":{"height":14400,"width":451000,"x":72000,"y":72000},"runs":[{"glyph_range":[0,2],"style":{"bold":false,"color":"#000000","font_family":"default","font_size":12000,"italic":false,"strikethrough":false,"underline":false}},{"glyph_range":[2,14],"style":{"bold":false,"color":"#000000","font_family":"default","font_size":12000,"italic":false,"strikethrough":false,"underline":false}}],"type":"draw_text"},{"node_id":"steps.2","rect":{"height":14400,"width":451000,"x":72000,"y":86400},"runs":[{"glyph_range":[0,2],"style":{"bold":false,"color":"#000000","font_family":"default","font_size":12000,"italic":false,"strikethrough":false,"underline":false}},{"glyph_range":[2,19],"style":{"bold":false,"color":"#000000","font_family":"default","font_size":12000,"italic":false,"strikethrough":false,"underline":false}}],"type":"draw_text"},{"node_id":"steps.3","rect":{"height":14400,"width":451000,"x":72000,"y":100800},"runs":[{"glyph_range":[0,2],"style":{"bold":false,"color":"#000000","font_family":"default","font_size":12000,"italic":false,"strikethrough":false,"underline":false}},{"glyph_range":[2,19],"style":{"bold":false,"color":"#000000","font_family":"default","font_size":12000,"italic":false,"strikethrough":false,"underline":false}}],"type":"draw_text"},{"node_id":"steps.4","rect":{"height":14400,"width":451000,"x":72000,"y":115200},"runs":[{"glyph_range":[0,2],"style":{"bold":false,"color":"#000000","font_family":"default","font_size":12000,"italic":false,"strikethrough":false,"underline":false}},{"glyph_range":[2,11],"style":{"bold":false,"color":"#000000","font_family":"default","font_size":12000,"italic":false,"strikethrough":false,"underline":false}}],"type":"draw_text"}]}]}}